{
  "version": 4,
  "terraform_version": "1.1.5",
  "serial": 636,
  "lineage": "e0942655-e87a-0c24-c2ab-10e64ca884b0",
  "outputs": {
    "cluster_endpoint": {
      "value": "https://7F70A5AEF4084B42E598550A2078977E.gr7.eu-central-1.eks.amazonaws.com",
      "type": "string"
    },
    "cluster_id": {
      "value": "deploy-lamp",
      "type": "string"
    },
    "cluster_name": {
      "value": "deploy-lamp",
      "type": "string"
    },
    "cluster_security_group_id": {
      "value": "sg-0a7ac13fff16b6351",
      "type": "string"
    },
    "config_map_aws_auth": {
      "value": [
        {
          "binary_data": {},
          "data": {
            "mapAccounts": "[]\n",
            "mapRoles": "- \"groups\":\n  - \"system:bootstrappers\"\n  - \"system:nodes\"\n  \"rolearn\": \"arn:aws:iam::819902507912:role/deploy-lamp2022021915065507530000000e\"\n  \"username\": \"system:node:{{EC2PrivateDNSName}}\"\n",
            "mapUsers": "[]\n"
          },
          "id": "kube-system/aws-auth",
          "metadata": [
            {
              "annotations": {},
              "generate_name": "",
              "generation": 0,
              "labels": {
                "app.kubernetes.io/managed-by": "Terraform",
                "terraform.io/module": "terraform-aws-modules.eks.aws"
              },
              "name": "aws-auth",
              "namespace": "kube-system",
              "resource_version": "83903",
              "uid": "3944d2b5-5b4b-4fdb-b1a3-e109d36315fe"
            }
          ]
        }
      ],
      "type": [
        "tuple",
        [
          [
            "object",
            {
              "binary_data": [
                "map",
                "string"
              ],
              "data": [
                "map",
                "string"
              ],
              "id": "string",
              "metadata": [
                "list",
                [
                  "object",
                  {
                    "annotations": [
                      "map",
                      "string"
                    ],
                    "generate_name": "string",
                    "generation": "number",
                    "labels": [
                      "map",
                      "string"
                    ],
                    "name": "string",
                    "namespace": "string",
                    "resource_version": "string",
                    "uid": "string"
                  }
                ]
              ]
            }
          ]
        ]
      ]
    },
    "kubectl_config": {
      "value": "apiVersion: v1\npreferences: {}\nkind: Config\n\nclusters:\n- cluster:\n    server: https://7F70A5AEF4084B42E598550A2078977E.gr7.eu-central-1.eks.amazonaws.com\n    certificate-authority-data: LS0tLS1CRUdJTiBDRVJUSUZJQ0FURS0tLS0tCk1JSUM1ekNDQWMrZ0F3SUJBZ0lCQURBTkJna3Foa2lHOXcwQkFRc0ZBREFWTVJNd0VRWURWUVFERXdwcmRXSmwKY201bGRHVnpNQjRYRFRJeU1ESXhPVEUxTURJeE9Gb1hEVE15TURJeE56RTFNREl4T0Zvd0ZURVRNQkVHQTFVRQpBeE1LYTNWaVpYSnVaWFJsY3pDQ0FTSXdEUVlKS29aSWh2Y05BUUVCQlFBRGdnRVBBRENDQVFvQ2dnRUJBTTNkCkNHNUpOc3lqS0tGWm1abEpVNlo1a3E1cEtjQVY2WVNYSTdqOHhXNlJLYzUzUFVGSkJBdUUvRnVsalAzbUhkSXIKOS8vTWdIZUV0K0pIaHJKSE0vbGU1ZUZrZ3gwd0tCelJieklvbXMrQitHeTYvVVgveHN1a1krclB4RUhGSm44UQo1UGpIbkZtWTRsa28rdzBSSHdLQVFGa05TMjZpa0JwVDlyZ01CZzJ6K3VoQk9oSCtsbG9GUEtQWFhpL0pBNHpHCnE0TjVFZzkraVdraXNWZkxTNmpKMFlhbCtHZGtTNjNpK3RNazJtUVhuK2x1S0FyZmkwN0ZqMU5mVDQ3VHRsRGEKdXc4Q3FaTlhjUGVxZHd3Ky9hblZoS1RqR25SN0x0SEhIR2o2djZmS0hEWGx3Zko4MDRuQWhvcG5FcFRxQjN6SgpTZ1BRWTBUanl4b2VsMThpQyswQ0F3RUFBYU5DTUVBd0RnWURWUjBQQVFIL0JBUURBZ0trTUE4R0ExVWRFd0VCCi93UUZNQU1CQWY4d0hRWURWUjBPQkJZRUZNc1lNOFVHR0hwMlpscnFyckd5SWcvbjBPSkhNQTBHQ1NxR1NJYjMKRFFFQkN3VUFBNElCQVFEQkZKTjZCMmJVMkZqaTd3OFNzaFNQbGJ3ZnNQcVF1U3pIUURaM09FeHVyUVhqU3RMOQptTzk4RkhleVBQN1RQYUsvNTdHdVg2NHNlNFBNWGtPRndlbXc2RHdDalRVOU9xTEszZURoRHBtc0huOUpyUHhaCms3SWUxdjVDc0lWYTBJMmhZTjM0NDgvOWhQcFJuNERiU3c3NXh0TE1yUFlSOStYNGZGbklCSWZ3NnpmbmJGbUUKRkd4MFRIcVVkRk85VllpbzAxeStrR2tjT1lhbVo4QkVZSzQzN1FjeFNkTkZIVmFXcGo2Q1U0L1NvbWN0UXZTZgpENzB3RWF4ZWZvdElveXAvMkVYOXVPRThtc0JSa05UYWhOTHkyUHdTN0tXNnQ3OHVwMHdRbGR0ZnpmTG1zOWFOCjBtK1ozZXJoNDZCVWtYNUJNR0dDbW9MV2NTSEJpRzFsb3pycAotLS0tLUVORCBDRVJUSUZJQ0FURS0tLS0tCg==\n  name: eks_deploy-lamp\n\ncontexts:\n- context:\n    cluster: eks_deploy-lamp\n    user: eks_deploy-lamp\n  name: eks_deploy-lamp\n\ncurrent-context: eks_deploy-lamp\n\nusers:\n- name: eks_deploy-lamp\n  user:\n    exec:\n      apiVersion: client.authentication.k8s.io/v1alpha1\n      command: aws-iam-authenticator\n      args:\n        - \"token\"\n        - \"-i\"\n        - \"deploy-lamp\"\n",
      "type": "string"
    },
    "region": {
      "value": "eu-central-1",
      "type": "string"
    }
  },
  "resources": [
    {
      "mode": "data",
      "type": "aws_availability_zones",
      "name": "available",
      "provider": "provider[\"registry.terraform.io/hashicorp/aws\"]",
      "instances": [
        {
          "schema_version": 0,
          "attributes": {
            "all_availability_zones": null,
            "exclude_names": null,
            "exclude_zone_ids": null,
            "filter": null,
            "group_names": [
              "eu-central-1"
            ],
            "id": "eu-central-1",
            "names": [
              "eu-central-1a",
              "eu-central-1b",
              "eu-central-1c"
            ],
            "state": null,
            "zone_ids": [
              "euc1-az2",
              "euc1-az3",
              "euc1-az1"
            ]
          },
          "sensitive_attributes": []
        }
      ]
    },
    {
      "mode": "data",
      "type": "aws_eks_cluster",
      "name": "cluster",
      "provider": "provider[\"registry.terraform.io/hashicorp/aws\"]",
      "instances": [
        {
          "schema_version": 0,
          "attributes": {
            "arn": "arn:aws:eks:eu-central-1:819902507912:cluster/deploy-lamp",
            "certificate_authority": [
              {
                "data": "LS0tLS1CRUdJTiBDRVJUSUZJQ0FURS0tLS0tCk1JSUM1ekNDQWMrZ0F3SUJBZ0lCQURBTkJna3Foa2lHOXcwQkFRc0ZBREFWTVJNd0VRWURWUVFERXdwcmRXSmwKY201bGRHVnpNQjRYRFRJeU1ESXhPVEUxTURJeE9Gb1hEVE15TURJeE56RTFNREl4T0Zvd0ZURVRNQkVHQTFVRQpBeE1LYTNWaVpYSnVaWFJsY3pDQ0FTSXdEUVlKS29aSWh2Y05BUUVCQlFBRGdnRVBBRENDQVFvQ2dnRUJBTTNkCkNHNUpOc3lqS0tGWm1abEpVNlo1a3E1cEtjQVY2WVNYSTdqOHhXNlJLYzUzUFVGSkJBdUUvRnVsalAzbUhkSXIKOS8vTWdIZUV0K0pIaHJKSE0vbGU1ZUZrZ3gwd0tCelJieklvbXMrQitHeTYvVVgveHN1a1krclB4RUhGSm44UQo1UGpIbkZtWTRsa28rdzBSSHdLQVFGa05TMjZpa0JwVDlyZ01CZzJ6K3VoQk9oSCtsbG9GUEtQWFhpL0pBNHpHCnE0TjVFZzkraVdraXNWZkxTNmpKMFlhbCtHZGtTNjNpK3RNazJtUVhuK2x1S0FyZmkwN0ZqMU5mVDQ3VHRsRGEKdXc4Q3FaTlhjUGVxZHd3Ky9hblZoS1RqR25SN0x0SEhIR2o2djZmS0hEWGx3Zko4MDRuQWhvcG5FcFRxQjN6SgpTZ1BRWTBUanl4b2VsMThpQyswQ0F3RUFBYU5DTUVBd0RnWURWUjBQQVFIL0JBUURBZ0trTUE4R0ExVWRFd0VCCi93UUZNQU1CQWY4d0hRWURWUjBPQkJZRUZNc1lNOFVHR0hwMlpscnFyckd5SWcvbjBPSkhNQTBHQ1NxR1NJYjMKRFFFQkN3VUFBNElCQVFEQkZKTjZCMmJVMkZqaTd3OFNzaFNQbGJ3ZnNQcVF1U3pIUURaM09FeHVyUVhqU3RMOQptTzk4RkhleVBQN1RQYUsvNTdHdVg2NHNlNFBNWGtPRndlbXc2RHdDalRVOU9xTEszZURoRHBtc0huOUpyUHhaCms3SWUxdjVDc0lWYTBJMmhZTjM0NDgvOWhQcFJuNERiU3c3NXh0TE1yUFlSOStYNGZGbklCSWZ3NnpmbmJGbUUKRkd4MFRIcVVkRk85VllpbzAxeStrR2tjT1lhbVo4QkVZSzQzN1FjeFNkTkZIVmFXcGo2Q1U0L1NvbWN0UXZTZgpENzB3RWF4ZWZvdElveXAvMkVYOXVPRThtc0JSa05UYWhOTHkyUHdTN0tXNnQ3OHVwMHdRbGR0ZnpmTG1zOWFOCjBtK1ozZXJoNDZCVWtYNUJNR0dDbW9MV2NTSEJpRzFsb3pycAotLS0tLUVORCBDRVJUSUZJQ0FURS0tLS0tCg=="
              }
            ],
            "created_at": "2022-02-19 14:55:33.242 +0000 UTC",
            "enabled_cluster_log_types": [],
            "endpoint": "https://7F70A5AEF4084B42E598550A2078977E.gr7.eu-central-1.eks.amazonaws.com",
            "id": "deploy-lamp",
            "identity": [
              {
                "oidc": [
                  {
                    "issuer": "https://oidc.eks.eu-central-1.amazonaws.com/id/7F70A5AEF4084B42E598550A2078977E"
                  }
                ]
              }
            ],
            "kubernetes_network_config": [
              {
                "service_ipv4_cidr": "172.20.0.0/16"
              }
            ],
            "name": "deploy-lamp",
            "platform_version": "eks.3",
            "role_arn": "arn:aws:iam::819902507912:role/deploy-lamp20220219145504626900000003",
            "status": "ACTIVE",
            "tags": {},
            "version": "1.20",
            "vpc_config": [
              {
                "cluster_security_group_id": "sg-05428e6de33170c42",
                "endpoint_private_access": false,
                "endpoint_public_access": true,
                "public_access_cidrs": [
                  "0.0.0.0/0"
                ],
                "security_group_ids": [
                  "sg-0a7ac13fff16b6351"
                ],
                "subnet_ids": [
                  "subnet-0308ec7bc2622664a",
                  "subnet-08d8ebc7c923ecf7e",
                  "subnet-0dbd772a806ecfca0"
                ],
                "vpc_id": "vpc-0caf5c5dff24e0822"
              }
            ]
          },
          "sensitive_attributes": []
        }
      ]
    },
    {
      "mode": "data",
      "type": "aws_eks_cluster_auth",
      "name": "cluster",
      "provider": "provider[\"registry.terraform.io/hashicorp/aws\"]",
      "instances": [
        {
          "schema_version": 0,
          "attributes": {
            "id": "deploy-lamp",
            "name": "deploy-lamp",
            "token": "k8s-aws-v1.aHR0cHM6Ly9zdHMuYW1hem9uYXdzLmNvbS8_QWN0aW9uPUdldENhbGxlcklkZW50aXR5JlZlcnNpb249MjAxMS0wNi0xNSZYLUFtei1BbGdvcml0aG09QVdTNC1ITUFDLVNIQTI1NiZYLUFtei1DcmVkZW50aWFsPUFLSUEzNVpQN05PRUQ1Mk9IRkhOJTJGMjAyMjAyMjAlMkZ1cy1lYXN0LTElMkZzdHMlMkZhd3M0X3JlcXVlc3QmWC1BbXotRGF0ZT0yMDIyMDIyMFQwODQ2MzhaJlgtQW16LUV4cGlyZXM9MCZYLUFtei1TaWduZWRIZWFkZXJzPWhvc3QlM0J4LWs4cy1hd3MtaWQmWC1BbXotU2lnbmF0dXJlPWEzZjA4MjVkM2IwYWVjYmRjOWI0YzkxZjM1YjJmOGEwMTg1ZjE1OTkxMzNkZmZiZWIzMWE1OGFhMmZjNWNiMjM"
          },
          "sensitive_attributes": []
        }
      ]
    },
    {
      "mode": "managed",
      "type": "aws_security_group",
      "name": "all_worker_mgmt",
      "provider": "provider[\"registry.terraform.io/hashicorp/aws\"]",
      "instances": [
        {
          "schema_version": 1,
          "attributes": {
            "arn": "arn:aws:ec2:eu-central-1:819902507912:security-group/sg-04c723e861406dafc",
            "description": "Managed by Terraform",
            "egress": [],
            "id": "sg-04c723e861406dafc",
            "ingress": [
              {
                "cidr_blocks": [
                  "10.0.0.0/8",
                  "172.16.0.0/12",
                  "192.168.0.0/16"
                ],
                "description": "",
                "from_port": 22,
                "ipv6_cidr_blocks": [],
                "prefix_list_ids": [],
                "protocol": "tcp",
                "security_groups": [],
                "self": false,
                "to_port": 22
              }
            ],
            "name": "all_worker_management20220220041942648000000003",
            "name_prefix": "all_worker_management",
            "owner_id": "819902507912",
            "revoke_rules_on_delete": false,
            "tags": {},
            "tags_all": {},
            "timeouts": null,
            "vpc_id": "vpc-0caf5c5dff24e0822"
          },
          "sensitive_attributes": [],
          "private": "eyJlMmJmYjczMC1lY2FhLTExZTYtOGY4OC0zNDM2M2JjN2M0YzAiOnsiY3JlYXRlIjo2MDAwMDAwMDAwMDAsImRlbGV0ZSI6OTAwMDAwMDAwMDAwfSwic2NoZW1hX3ZlcnNpb24iOiIxIn0=",
          "dependencies": [
            "module.vpc.aws_vpc.this"
          ]
        }
      ]
    },
    {
      "mode": "managed",
      "type": "aws_security_group",
      "name": "worker_group_mgmt_one",
      "provider": "provider[\"registry.terraform.io/hashicorp/aws\"]",
      "instances": [
        {
          "schema_version": 1,
          "attributes": {
            "arn": "arn:aws:ec2:eu-central-1:819902507912:security-group/sg-0311aa5d0d924f725",
            "description": "Managed by Terraform",
            "egress": [],
            "id": "sg-0311aa5d0d924f725",
            "ingress": [
              {
                "cidr_blocks": [
                  "10.0.0.0/8"
                ],
                "description": "",
                "from_port": 22,
                "ipv6_cidr_blocks": [],
                "prefix_list_ids": [],
                "protocol": "tcp",
                "security_groups": [],
                "self": false,
                "to_port": 22
              }
            ],
            "name": "worker_group_mgmt_one2022021914552285900000000a",
            "name_prefix": "worker_group_mgmt_one",
            "owner_id": "819902507912",
            "revoke_rules_on_delete": false,
            "tags": {},
            "tags_all": {},
            "timeouts": null,
            "vpc_id": "vpc-0caf5c5dff24e0822"
          },
          "sensitive_attributes": [],
          "private": "eyJlMmJmYjczMC1lY2FhLTExZTYtOGY4OC0zNDM2M2JjN2M0YzAiOnsiY3JlYXRlIjo2MDAwMDAwMDAwMDAsImRlbGV0ZSI6OTAwMDAwMDAwMDAwfSwic2NoZW1hX3ZlcnNpb24iOiIxIn0=",
          "dependencies": [
            "module.vpc.aws_vpc.this"
          ],
          "create_before_destroy": true
        }
      ]
    },
    {
      "mode": "managed",
      "type": "aws_security_group",
      "name": "worker_group_mgmt_two",
      "provider": "provider[\"registry.terraform.io/hashicorp/aws\"]",
      "instances": [
        {
          "schema_version": 1,
          "attributes": {
            "arn": "arn:aws:ec2:eu-central-1:819902507912:security-group/sg-0bbbe170e5c692279",
            "description": "Managed by Terraform",
            "egress": [],
            "id": "sg-0bbbe170e5c692279",
            "ingress": [
              {
                "cidr_blocks": [
                  "192.168.0.0/16"
                ],
                "description": "",
                "from_port": 22,
                "ipv6_cidr_blocks": [],
                "prefix_list_ids": [],
                "protocol": "tcp",
                "security_groups": [],
                "self": false,
                "to_port": 22
              }
            ],
            "name": "worker_group_mgmt_two2022021914552356900000000b",
            "name_prefix": "worker_group_mgmt_two",
            "owner_id": "819902507912",
            "revoke_rules_on_delete": false,
            "tags": {},
            "tags_all": {},
            "timeouts": null,
            "vpc_id": "vpc-0caf5c5dff24e0822"
          },
          "sensitive_attributes": [],
          "private": "eyJlMmJmYjczMC1lY2FhLTExZTYtOGY4OC0zNDM2M2JjN2M0YzAiOnsiY3JlYXRlIjo2MDAwMDAwMDAwMDAsImRlbGV0ZSI6OTAwMDAwMDAwMDAwfSwic2NoZW1hX3ZlcnNpb24iOiIxIn0=",
          "dependencies": [
            "module.vpc.aws_vpc.this"
          ],
          "create_before_destroy": true
        }
      ]
    },
    {
      "module": "module.eks",
      "mode": "data",
      "type": "aws_ami",
      "name": "eks_worker",
      "provider": "provider[\"registry.terraform.io/hashicorp/aws\"]",
      "instances": [
        {
          "index_key": 0,
          "schema_version": 0,
          "attributes": {
            "architecture": "x86_64",
            "arn": "arn:aws:ec2:eu-central-1::image/ami-04be4b2e08f425d5c",
            "block_device_mappings": [
              {
                "device_name": "/dev/xvda",
                "ebs": {
                  "delete_on_termination": "true",
                  "encrypted": "false",
                  "iops": "0",
                  "snapshot_id": "snap-0d97a6b5f70dcd01c",
                  "throughput": "0",
                  "volume_size": "20",
                  "volume_type": "gp2"
                },
                "no_device": "",
                "virtual_name": ""
              }
            ],
            "creation_date": "2022-02-17T01:09:40.000Z",
            "description": "EKS Kubernetes Worker AMI with AmazonLinux2 image, (k8s: 1.20.11, docker: 20.10.7-5.amzn2, containerd: 1.4.6-7.amzn2)",
            "ena_support": true,
            "executable_users": null,
            "filter": [
              {
                "name": "name",
                "values": [
                  "amazon-eks-node-1.20-v*"
                ]
              }
            ],
            "hypervisor": "xen",
            "id": "ami-04be4b2e08f425d5c",
            "image_id": "ami-04be4b2e08f425d5c",
            "image_location": "amazon/amazon-eks-node-1.20-v20220216",
            "image_owner_alias": "amazon",
            "image_type": "machine",
            "kernel_id": null,
            "most_recent": true,
            "name": "amazon-eks-node-1.20-v20220216",
            "name_regex": null,
            "owner_id": "602401143452",
            "owners": [
              "amazon"
            ],
            "platform": null,
            "platform_details": "Linux/UNIX",
            "product_codes": [],
            "public": true,
            "ramdisk_id": null,
            "root_device_name": "/dev/xvda",
            "root_device_type": "ebs",
            "root_snapshot_id": "snap-0d97a6b5f70dcd01c",
            "sriov_net_support": "simple",
            "state": "available",
            "state_reason": {
              "code": "UNSET",
              "message": "UNSET"
            },
            "tags": {},
            "usage_operation": "RunInstances",
            "virtualization_type": "hvm"
          },
          "sensitive_attributes": []
        }
      ]
    },
    {
      "module": "module.eks",
      "mode": "data",
      "type": "aws_caller_identity",
      "name": "current",
      "provider": "provider[\"registry.terraform.io/hashicorp/aws\"]",
      "instances": [
        {
          "schema_version": 0,
          "attributes": {
            "account_id": "819902507912",
            "arn": "arn:aws:iam::819902507912:user/lamp",
            "id": "819902507912",
            "user_id": "AIDA35ZP7NOEJ3534F22V"
          },
          "sensitive_attributes": []
        }
      ]
    },
    {
      "module": "module.eks",
      "mode": "data",
      "type": "aws_iam_policy_document",
      "name": "cluster_assume_role_policy",
      "provider": "provider[\"registry.terraform.io/hashicorp/aws\"]",
      "instances": [
        {
          "schema_version": 0,
          "attributes": {
            "id": "2764486067",
            "json": "{\n  \"Version\": \"2012-10-17\",\n  \"Statement\": [\n    {\n      \"Sid\": \"EKSClusterAssumeRole\",\n      \"Effect\": \"Allow\",\n      \"Action\": \"sts:AssumeRole\",\n      \"Principal\": {\n        \"Service\": \"eks.amazonaws.com\"\n      }\n    }\n  ]\n}",
            "override_json": null,
            "override_policy_documents": null,
            "policy_id": null,
            "source_json": null,
            "source_policy_documents": null,
            "statement": [
              {
                "actions": [
                  "sts:AssumeRole"
                ],
                "condition": [],
                "effect": "Allow",
                "not_actions": [],
                "not_principals": [],
                "not_resources": [],
                "principals": [
                  {
                    "identifiers": [
                      "eks.amazonaws.com"
                    ],
                    "type": "Service"
                  }
                ],
                "resources": [],
                "sid": "EKSClusterAssumeRole"
              }
            ],
            "version": "2012-10-17"
          },
          "sensitive_attributes": []
        }
      ]
    },
    {
      "module": "module.eks",
      "mode": "data",
      "type": "aws_iam_policy_document",
      "name": "cluster_deny_log_group",
      "provider": "provider[\"registry.terraform.io/hashicorp/aws\"]",
      "instances": [
        {
          "index_key": 0,
          "schema_version": 0,
          "attributes": {
            "id": "2675893060",
            "json": "{\n  \"Version\": \"2012-10-17\",\n  \"Statement\": [\n    {\n      \"Sid\": \"\",\n      \"Effect\": \"Deny\",\n      \"Action\": \"logs:CreateLogGroup\",\n      \"Resource\": \"*\"\n    }\n  ]\n}",
            "override_json": null,
            "override_policy_documents": null,
            "policy_id": null,
            "source_json": null,
            "source_policy_documents": null,
            "statement": [
              {
                "actions": [
                  "logs:CreateLogGroup"
                ],
                "condition": [],
                "effect": "Deny",
                "not_actions": [],
                "not_principals": [],
                "not_resources": [],
                "principals": [],
                "resources": [
                  "*"
                ],
                "sid": ""
              }
            ],
            "version": "2012-10-17"
          },
          "sensitive_attributes": []
        }
      ]
    },
    {
      "module": "module.eks",
      "mode": "data",
      "type": "aws_iam_policy_document",
      "name": "cluster_elb_sl_role_creation",
      "provider": "provider[\"registry.terraform.io/hashicorp/aws\"]",
      "instances": [
        {
          "index_key": 0,
          "schema_version": 0,
          "attributes": {
            "id": "3709839417",
            "json": "{\n  \"Version\": \"2012-10-17\",\n  \"Statement\": [\n    {\n      \"Sid\": \"\",\n      \"Effect\": \"Allow\",\n      \"Action\": [\n        \"ec2:DescribeInternetGateways\",\n        \"ec2:DescribeAddresses\",\n        \"ec2:DescribeAccountAttributes\"\n      ],\n      \"Resource\": \"*\"\n    }\n  ]\n}",
            "override_json": null,
            "override_policy_documents": null,
            "policy_id": null,
            "source_json": null,
            "source_policy_documents": null,
            "statement": [
              {
                "actions": [
                  "ec2:DescribeAccountAttributes",
                  "ec2:DescribeAddresses",
                  "ec2:DescribeInternetGateways"
                ],
                "condition": [],
                "effect": "Allow",
                "not_actions": [],
                "not_principals": [],
                "not_resources": [],
                "principals": [],
                "resources": [
                  "*"
                ],
                "sid": ""
              }
            ],
            "version": "2012-10-17"
          },
          "sensitive_attributes": []
        }
      ]
    },
    {
      "module": "module.eks",
      "mode": "data",
      "type": "aws_iam_policy_document",
      "name": "workers_assume_role_policy",
      "provider": "provider[\"registry.terraform.io/hashicorp/aws\"]",
      "instances": [
        {
          "schema_version": 0,
          "attributes": {
            "id": "3778018924",
            "json": "{\n  \"Version\": \"2012-10-17\",\n  \"Statement\": [\n    {\n      \"Sid\": \"EKSWorkerAssumeRole\",\n      \"Effect\": \"Allow\",\n      \"Action\": \"sts:AssumeRole\",\n      \"Principal\": {\n        \"Service\": \"ec2.amazonaws.com\"\n      }\n    }\n  ]\n}",
            "override_json": null,
            "override_policy_documents": null,
            "policy_id": null,
            "source_json": null,
            "source_policy_documents": null,
            "statement": [
              {
                "actions": [
                  "sts:AssumeRole"
                ],
                "condition": [],
                "effect": "Allow",
                "not_actions": [],
                "not_principals": [],
                "not_resources": [],
                "principals": [
                  {
                    "identifiers": [
                      "ec2.amazonaws.com"
                    ],
                    "type": "Service"
                  }
                ],
                "resources": [],
                "sid": "EKSWorkerAssumeRole"
              }
            ],
            "version": "2012-10-17"
          },
          "sensitive_attributes": []
        }
      ]
    },
    {
      "module": "module.eks",
      "mode": "data",
      "type": "aws_partition",
      "name": "current",
      "provider": "provider[\"registry.terraform.io/hashicorp/aws\"]",
      "instances": [
        {
          "schema_version": 0,
          "attributes": {
            "dns_suffix": "amazonaws.com",
            "id": "aws",
            "partition": "aws",
            "reverse_dns_prefix": "com.amazonaws"
          },
          "sensitive_attributes": []
        }
      ]
    },
    {
      "module": "module.eks",
      "mode": "data",
      "type": "http",
      "name": "wait_for_cluster",
      "provider": "provider[\"registry.terraform.io/terraform-aws-modules/http\"]",
      "instances": [
        {
          "index_key": 0,
          "schema_version": 0,
          "attributes": {
            "body": "ok",
            "ca_certificate": "-----BEGIN CERTIFICATE-----\nMIIC5zCCAc+gAwIBAgIBADANBgkqhkiG9w0BAQsFADAVMRMwEQYDVQQDEwprdWJl\ncm5ldGVzMB4XDTIyMDIxOTE1MDIxOFoXDTMyMDIxNzE1MDIxOFowFTETMBEGA1UE\nAxMKa3ViZXJuZXRlczCCASIwDQYJKoZIhvcNAQEBBQADggEPADCCAQoCggEBAM3d\nCG5JNsyjKKFZmZlJU6Z5kq5pKcAV6YSXI7j8xW6RKc53PUFJBAuE/FuljP3mHdIr\n9//MgHeEt+JHhrJHM/le5eFkgx0wKBzRbzIoms+B+Gy6/UX/xsukY+rPxEHFJn8Q\n5PjHnFmY4lko+w0RHwKAQFkNS26ikBpT9rgMBg2z+uhBOhH+lloFPKPXXi/JA4zG\nq4N5Eg9+iWkisVfLS6jJ0Yal+GdkS63i+tMk2mQXn+luKArfi07Fj1NfT47TtlDa\nuw8CqZNXcPeqdww+/anVhKTjGnR7LtHHHGj6v6fKHDXlwfJ804nAhopnEpTqB3zJ\nSgPQY0Tjyxoel18iC+0CAwEAAaNCMEAwDgYDVR0PAQH/BAQDAgKkMA8GA1UdEwEB\n/wQFMAMBAf8wHQYDVR0OBBYEFMsYM8UGGHp2ZlrqrrGyIg/n0OJHMA0GCSqGSIb3\nDQEBCwUAA4IBAQDBFJN6B2bU2Fji7w8SshSPlbwfsPqQuSzHQDZ3OExurQXjStL9\nmO98FHeyPP7TPaK/57GuX64se4PMXkOFwemw6DwCjTU9OqLK3eDhDpmsHn9JrPxZ\nk7Ie1v5CsIVa0I2hYN3448/9hPpRn4DbSw75xtLMrPYR9+X4fFnIBIfw6zfnbFmE\nFGx0THqUdFO9VYio01y+kGkcOYamZ8BEYK437QcxSdNFHVaWpj6CU4/SomctQvSf\nD70wEaxefotIoyp/2EX9uOE8msBRkNTahNLy2PwS7KW6t78up0wQldtfzfLms9aN\n0m+Z3erh46BUkX5BMGGCmoLWcSHBiG1lozrp\n-----END CERTIFICATE-----\n",
            "id": "https://7F70A5AEF4084B42E598550A2078977E.gr7.eu-central-1.eks.amazonaws.com/healthz",
            "insecure": false,
            "request_headers": null,
            "response_headers": {
              "Cache-Control": "no-cache, private",
              "Content-Length": "2",
              "Content-Type": "text/plain; charset=utf-8",
              "Date": "Sun, 20 Feb 2022 08:46:38 GMT",
              "X-Content-Type-Options": "nosniff",
              "X-Kubernetes-Pf-Flowschema-Uid": "07c286a2-b069-46e0-b309-e93a35f06311",
              "X-Kubernetes-Pf-Prioritylevel-Uid": "c6be0140-d3a3-4c03-86c9-19835b2985d9"
            },
            "timeout": 300,
            "url": "https://7F70A5AEF4084B42E598550A2078977E.gr7.eu-central-1.eks.amazonaws.com/healthz"
          },
          "sensitive_attributes": []
        }
      ]
    },
    {
      "module": "module.eks",
      "mode": "managed",
      "type": "aws_autoscaling_group",
      "name": "workers",
      "provider": "provider[\"registry.terraform.io/hashicorp/aws\"]",
      "instances": [
        {
          "index_key": 0,
          "schema_version": 0,
          "attributes": {
            "arn": "arn:aws:autoscaling:eu-central-1:819902507912:autoScalingGroup:b74e81b3-932b-40dd-8bd3-3ddcb383a287:autoScalingGroupName/deploy-lamp-worker-group-120220220041942665400000004",
            "availability_zones": [
              "eu-central-1a",
              "eu-central-1b",
              "eu-central-1c"
            ],
            "capacity_rebalance": false,
            "default_cooldown": 300,
            "desired_capacity": 1,
            "enabled_metrics": [],
            "force_delete": false,
            "force_delete_warm_pool": false,
            "health_check_grace_period": 300,
            "health_check_type": "EC2",
            "id": "deploy-lamp-worker-group-120220220041942665400000004",
            "initial_lifecycle_hook": [],
            "instance_refresh": [],
            "launch_configuration": "deploy-lamp-worker-group-120220219150704381600000017",
            "launch_template": [],
            "load_balancers": [],
            "max_instance_lifetime": 0,
            "max_size": 3,
            "metrics_granularity": "1Minute",
            "min_elb_capacity": null,
            "min_size": 1,
            "mixed_instances_policy": [],
            "name": "deploy-lamp-worker-group-120220220041942665400000004",
            "name_prefix": "deploy-lamp-worker-group-1",
            "placement_group": "",
            "protect_from_scale_in": false,
            "service_linked_role_arn": "arn:aws:iam::819902507912:role/aws-service-role/autoscaling.amazonaws.com/AWSServiceRoleForAutoScaling",
            "suspended_processes": [
              "AZRebalance"
            ],
            "tag": [
              {
                "key": "Name",
                "propagate_at_launch": true,
                "value": "deploy-lamp-worker-group-1-eks_asg"
              },
              {
                "key": "k8s.io/cluster/deploy-lamp",
                "propagate_at_launch": true,
                "value": "owned"
              },
              {
                "key": "kubernetes.io/cluster/deploy-lamp",
                "propagate_at_launch": true,
                "value": "owned"
              }
            ],
            "tags": null,
            "target_group_arns": [],
            "termination_policies": [],
            "timeouts": null,
            "vpc_zone_identifier": [
              "subnet-0308ec7bc2622664a",
              "subnet-08d8ebc7c923ecf7e",
              "subnet-0dbd772a806ecfca0"
            ],
            "wait_for_capacity_timeout": "10m",
            "wait_for_elb_capacity": null,
            "warm_pool": []
          },
          "sensitive_attributes": [],
          "private": "eyJlMmJmYjczMC1lY2FhLTExZTYtOGY4OC0zNDM2M2JjN2M0YzAiOnsiZGVsZXRlIjo2MDAwMDAwMDAwMDB9fQ==",
          "dependencies": [
            "aws_security_group.worker_group_mgmt_one",
            "aws_security_group.worker_group_mgmt_two",
            "data.aws_availability_zones.available",
            "module.eks.aws_cloudwatch_log_group.this",
            "module.eks.aws_eks_cluster.this",
            "module.eks.aws_iam_instance_profile.workers",
            "module.eks.aws_iam_role.cluster",
            "module.eks.aws_iam_role.workers",
            "module.eks.aws_iam_role_policy_attachment.cluster_AmazonEKSClusterPolicy",
            "module.eks.aws_iam_role_policy_attachment.cluster_AmazonEKSServicePolicy",
            "module.eks.aws_iam_role_policy_attachment.cluster_AmazonEKSVPCResourceControllerPolicy",
            "module.eks.aws_iam_role_policy_attachment.workers_AmazonEC2ContainerRegistryReadOnly",
            "module.eks.aws_iam_role_policy_attachment.workers_AmazonEKSWorkerNodePolicy",
            "module.eks.aws_iam_role_policy_attachment.workers_AmazonEKS_CNI_Policy",
            "module.eks.aws_iam_role_policy_attachment.workers_additional_policies",
            "module.eks.aws_launch_configuration.workers",
            "module.eks.aws_security_group.cluster",
            "module.eks.aws_security_group.workers",
            "module.eks.aws_security_group_rule.cluster_egress_internet",
            "module.eks.aws_security_group_rule.cluster_https_worker_ingress",
            "module.eks.aws_security_group_rule.cluster_primary_ingress_workers",
            "module.eks.aws_security_group_rule.workers_egress_internet",
            "module.eks.aws_security_group_rule.workers_ingress_cluster",
            "module.eks.aws_security_group_rule.workers_ingress_cluster_https",
            "module.eks.aws_security_group_rule.workers_ingress_cluster_kubelet",
            "module.eks.aws_security_group_rule.workers_ingress_cluster_primary",
            "module.eks.aws_security_group_rule.workers_ingress_self",
            "module.eks.data.aws_ami.eks_worker",
            "module.eks.data.aws_ami.eks_worker_windows",
            "module.eks.data.aws_iam_instance_profile.custom_worker_group_iam_instance_profile",
            "module.eks.data.aws_iam_policy_document.cluster_assume_role_policy",
            "module.eks.data.aws_iam_policy_document.workers_assume_role_policy",
            "module.eks.data.aws_iam_role.custom_cluster_iam_role",
            "module.eks.data.aws_partition.current",
            "module.vpc.aws_subnet.private",
            "module.vpc.aws_vpc.this",
            "module.vpc.aws_vpc_ipv4_cidr_block_association.this"
          ],
          "create_before_destroy": true
        },
        {
          "index_key": 1,
          "schema_version": 0,
          "attributes": {
            "arn": "arn:aws:autoscaling:eu-central-1:819902507912:autoScalingGroup:3fddde59-c3fe-488e-8a1e-92897667cb62:autoScalingGroupName/deploy-lamp-worker-group-120220220072624158700000007",
            "availability_zones": [
              "eu-central-1a",
              "eu-central-1b",
              "eu-central-1c"
            ],
            "capacity_rebalance": false,
            "default_cooldown": 300,
            "desired_capacity": 1,
            "enabled_metrics": [],
            "force_delete": false,
            "force_delete_warm_pool": false,
            "health_check_grace_period": 300,
            "health_check_type": "EC2",
            "id": "deploy-lamp-worker-group-120220220072624158700000007",
            "initial_lifecycle_hook": [],
            "instance_refresh": [],
            "launch_configuration": "deploy-lamp-worker-group-120220220072614544800000006",
            "launch_template": [],
            "load_balancers": [],
            "max_instance_lifetime": 0,
            "max_size": 3,
            "metrics_granularity": "1Minute",
            "min_elb_capacity": null,
            "min_size": 1,
            "mixed_instances_policy": [],
            "name": "deploy-lamp-worker-group-120220220072624158700000007",
            "name_prefix": "deploy-lamp-worker-group-1",
            "placement_group": "",
            "protect_from_scale_in": false,
            "service_linked_role_arn": "arn:aws:iam::819902507912:role/aws-service-role/autoscaling.amazonaws.com/AWSServiceRoleForAutoScaling",
            "suspended_processes": [
              "AZRebalance"
            ],
            "tag": [
              {
                "key": "Name",
                "propagate_at_launch": true,
                "value": "deploy-lamp-worker-group-1-eks_asg"
              },
              {
                "key": "k8s.io/cluster/deploy-lamp",
                "propagate_at_launch": true,
                "value": "owned"
              },
              {
                "key": "kubernetes.io/cluster/deploy-lamp",
                "propagate_at_launch": true,
                "value": "owned"
              }
            ],
            "tags": null,
            "target_group_arns": [],
            "termination_policies": [],
            "timeouts": null,
            "vpc_zone_identifier": [
              "subnet-0308ec7bc2622664a",
              "subnet-08d8ebc7c923ecf7e",
              "subnet-0dbd772a806ecfca0"
            ],
            "wait_for_capacity_timeout": "10m",
            "wait_for_elb_capacity": null,
            "warm_pool": []
          },
          "sensitive_attributes": [],
          "private": "eyJlMmJmYjczMC1lY2FhLTExZTYtOGY4OC0zNDM2M2JjN2M0YzAiOnsiZGVsZXRlIjo2MDAwMDAwMDAwMDB9fQ==",
          "dependencies": [
            "aws_security_group.worker_group_mgmt_one",
            "aws_security_group.worker_group_mgmt_two",
            "data.aws_availability_zones.available",
            "module.eks.aws_cloudwatch_log_group.this",
            "module.eks.aws_eks_cluster.this",
            "module.eks.aws_iam_instance_profile.workers",
            "module.eks.aws_iam_role.cluster",
            "module.eks.aws_iam_role.workers",
            "module.eks.aws_iam_role_policy_attachment.cluster_AmazonEKSClusterPolicy",
            "module.eks.aws_iam_role_policy_attachment.cluster_AmazonEKSServicePolicy",
            "module.eks.aws_iam_role_policy_attachment.cluster_AmazonEKSVPCResourceControllerPolicy",
            "module.eks.aws_iam_role_policy_attachment.workers_AmazonEC2ContainerRegistryReadOnly",
            "module.eks.aws_iam_role_policy_attachment.workers_AmazonEKSWorkerNodePolicy",
            "module.eks.aws_iam_role_policy_attachment.workers_AmazonEKS_CNI_Policy",
            "module.eks.aws_iam_role_policy_attachment.workers_additional_policies",
            "module.eks.aws_launch_configuration.workers",
            "module.eks.aws_security_group.cluster",
            "module.eks.aws_security_group.workers",
            "module.eks.aws_security_group_rule.cluster_egress_internet",
            "module.eks.aws_security_group_rule.cluster_https_worker_ingress",
            "module.eks.aws_security_group_rule.cluster_primary_ingress_workers",
            "module.eks.aws_security_group_rule.workers_egress_internet",
            "module.eks.aws_security_group_rule.workers_ingress_cluster",
            "module.eks.aws_security_group_rule.workers_ingress_cluster_https",
            "module.eks.aws_security_group_rule.workers_ingress_cluster_kubelet",
            "module.eks.aws_security_group_rule.workers_ingress_cluster_primary",
            "module.eks.aws_security_group_rule.workers_ingress_self",
            "module.eks.data.aws_ami.eks_worker",
            "module.eks.data.aws_ami.eks_worker_windows",
            "module.eks.data.aws_iam_instance_profile.custom_worker_group_iam_instance_profile",
            "module.eks.data.aws_iam_policy_document.cluster_assume_role_policy",
            "module.eks.data.aws_iam_policy_document.workers_assume_role_policy",
            "module.eks.data.aws_iam_role.custom_cluster_iam_role",
            "module.eks.data.aws_partition.current",
            "module.vpc.aws_subnet.private",
            "module.vpc.aws_vpc.this",
            "module.vpc.aws_vpc_ipv4_cidr_block_association.this"
          ],
          "create_before_destroy": true
        },
        {
          "index_key": 2,
          "schema_version": 0,
          "attributes": {
            "arn": "arn:aws:autoscaling:eu-central-1:819902507912:autoScalingGroup:9587f37e-cb0a-4200-8bdd-6aae337719d1:autoScalingGroupName/deploy-lamp-worker-group-12022022007262420620000000a",
            "availability_zones": [
              "eu-central-1a",
              "eu-central-1b",
              "eu-central-1c"
            ],
            "capacity_rebalance": false,
            "default_cooldown": 300,
            "desired_capacity": 1,
            "enabled_metrics": [],
            "force_delete": false,
            "force_delete_warm_pool": false,
            "health_check_grace_period": 300,
            "health_check_type": "EC2",
            "id": "deploy-lamp-worker-group-12022022007262420620000000a",
            "initial_lifecycle_hook": [],
            "instance_refresh": [],
            "launch_configuration": "deploy-lamp-worker-group-120220220072614539800000005",
            "launch_template": [],
            "load_balancers": [],
            "max_instance_lifetime": 0,
            "max_size": 3,
            "metrics_granularity": "1Minute",
            "min_elb_capacity": null,
            "min_size": 1,
            "mixed_instances_policy": [],
            "name": "deploy-lamp-worker-group-12022022007262420620000000a",
            "name_prefix": "deploy-lamp-worker-group-1",
            "placement_group": "",
            "protect_from_scale_in": false,
            "service_linked_role_arn": "arn:aws:iam::819902507912:role/aws-service-role/autoscaling.amazonaws.com/AWSServiceRoleForAutoScaling",
            "suspended_processes": [
              "AZRebalance"
            ],
            "tag": [
              {
                "key": "Name",
                "propagate_at_launch": true,
                "value": "deploy-lamp-worker-group-1-eks_asg"
              },
              {
                "key": "k8s.io/cluster/deploy-lamp",
                "propagate_at_launch": true,
                "value": "owned"
              },
              {
                "key": "kubernetes.io/cluster/deploy-lamp",
                "propagate_at_launch": true,
                "value": "owned"
              }
            ],
            "tags": null,
            "target_group_arns": [],
            "termination_policies": [],
            "timeouts": null,
            "vpc_zone_identifier": [
              "subnet-0308ec7bc2622664a",
              "subnet-08d8ebc7c923ecf7e",
              "subnet-0dbd772a806ecfca0"
            ],
            "wait_for_capacity_timeout": "10m",
            "wait_for_elb_capacity": null,
            "warm_pool": []
          },
          "sensitive_attributes": [],
          "private": "eyJlMmJmYjczMC1lY2FhLTExZTYtOGY4OC0zNDM2M2JjN2M0YzAiOnsiZGVsZXRlIjo2MDAwMDAwMDAwMDB9fQ==",
          "dependencies": [
            "aws_security_group.worker_group_mgmt_one",
            "aws_security_group.worker_group_mgmt_two",
            "data.aws_availability_zones.available",
            "module.eks.aws_cloudwatch_log_group.this",
            "module.eks.aws_eks_cluster.this",
            "module.eks.aws_iam_instance_profile.workers",
            "module.eks.aws_iam_role.cluster",
            "module.eks.aws_iam_role.workers",
            "module.eks.aws_iam_role_policy_attachment.cluster_AmazonEKSClusterPolicy",
            "module.eks.aws_iam_role_policy_attachment.cluster_AmazonEKSServicePolicy",
            "module.eks.aws_iam_role_policy_attachment.cluster_AmazonEKSVPCResourceControllerPolicy",
            "module.eks.aws_iam_role_policy_attachment.workers_AmazonEC2ContainerRegistryReadOnly",
            "module.eks.aws_iam_role_policy_attachment.workers_AmazonEKSWorkerNodePolicy",
            "module.eks.aws_iam_role_policy_attachment.workers_AmazonEKS_CNI_Policy",
            "module.eks.aws_iam_role_policy_attachment.workers_additional_policies",
            "module.eks.aws_launch_configuration.workers",
            "module.eks.aws_security_group.cluster",
            "module.eks.aws_security_group.workers",
            "module.eks.aws_security_group_rule.cluster_egress_internet",
            "module.eks.aws_security_group_rule.cluster_https_worker_ingress",
            "module.eks.aws_security_group_rule.cluster_primary_ingress_workers",
            "module.eks.aws_security_group_rule.workers_egress_internet",
            "module.eks.aws_security_group_rule.workers_ingress_cluster",
            "module.eks.aws_security_group_rule.workers_ingress_cluster_https",
            "module.eks.aws_security_group_rule.workers_ingress_cluster_kubelet",
            "module.eks.aws_security_group_rule.workers_ingress_cluster_primary",
            "module.eks.aws_security_group_rule.workers_ingress_self",
            "module.eks.data.aws_ami.eks_worker",
            "module.eks.data.aws_ami.eks_worker_windows",
            "module.eks.data.aws_iam_instance_profile.custom_worker_group_iam_instance_profile",
            "module.eks.data.aws_iam_policy_document.cluster_assume_role_policy",
            "module.eks.data.aws_iam_policy_document.workers_assume_role_policy",
            "module.eks.data.aws_iam_role.custom_cluster_iam_role",
            "module.eks.data.aws_partition.current",
            "module.vpc.aws_subnet.private",
            "module.vpc.aws_vpc.this",
            "module.vpc.aws_vpc_ipv4_cidr_block_association.this"
          ],
          "create_before_destroy": true
        },
        {
          "index_key": 3,
          "schema_version": 0,
          "attributes": {
            "arn": "arn:aws:autoscaling:eu-central-1:819902507912:autoScalingGroup:6ab7d248-8fb3-4a47-b29c-39c97c3f2758:autoScalingGroupName/deploy-lamp-worker-group-120220220084731071200000018",
            "availability_zones": [
              "eu-central-1a",
              "eu-central-1b",
              "eu-central-1c"
            ],
            "capacity_rebalance": false,
            "default_cooldown": 300,
            "desired_capacity": 1,
            "enabled_metrics": null,
            "force_delete": false,
            "force_delete_warm_pool": false,
            "health_check_grace_period": 300,
            "health_check_type": "EC2",
            "id": "deploy-lamp-worker-group-120220220084731071200000018",
            "initial_lifecycle_hook": [],
            "instance_refresh": [],
            "launch_configuration": "deploy-lamp-worker-group-12022022008472035510000000b",
            "launch_template": [],
            "load_balancers": null,
            "max_instance_lifetime": 0,
            "max_size": 3,
            "metrics_granularity": "1Minute",
            "min_elb_capacity": null,
            "min_size": 1,
            "mixed_instances_policy": [],
            "name": "deploy-lamp-worker-group-120220220084731071200000018",
            "name_prefix": "deploy-lamp-worker-group-1",
            "placement_group": "",
            "protect_from_scale_in": false,
            "service_linked_role_arn": "arn:aws:iam::819902507912:role/aws-service-role/autoscaling.amazonaws.com/AWSServiceRoleForAutoScaling",
            "suspended_processes": [
              "AZRebalance"
            ],
            "tag": [
              {
                "key": "Name",
                "propagate_at_launch": true,
                "value": "deploy-lamp-worker-group-1-eks_asg"
              },
              {
                "key": "k8s.io/cluster/deploy-lamp",
                "propagate_at_launch": true,
                "value": "owned"
              },
              {
                "key": "kubernetes.io/cluster/deploy-lamp",
                "propagate_at_launch": true,
                "value": "owned"
              }
            ],
            "tags": null,
            "target_group_arns": null,
            "termination_policies": [],
            "timeouts": null,
            "vpc_zone_identifier": [
              "subnet-0308ec7bc2622664a",
              "subnet-08d8ebc7c923ecf7e",
              "subnet-0dbd772a806ecfca0"
            ],
            "wait_for_capacity_timeout": "10m",
            "wait_for_elb_capacity": null,
            "warm_pool": []
          },
          "sensitive_attributes": [],
          "private": "eyJlMmJmYjczMC1lY2FhLTExZTYtOGY4OC0zNDM2M2JjN2M0YzAiOnsiZGVsZXRlIjo2MDAwMDAwMDAwMDB9fQ==",
          "dependencies": [
            "aws_security_group.worker_group_mgmt_one",
            "aws_security_group.worker_group_mgmt_two",
            "module.eks.aws_eks_cluster.this",
            "module.eks.aws_iam_instance_profile.workers",
            "module.eks.aws_iam_role.workers",
            "module.eks.aws_iam_role_policy_attachment.workers_AmazonEC2ContainerRegistryReadOnly",
            "module.eks.aws_iam_role_policy_attachment.workers_AmazonEKSWorkerNodePolicy",
            "module.eks.aws_iam_role_policy_attachment.workers_AmazonEKS_CNI_Policy",
            "module.eks.aws_iam_role_policy_attachment.workers_additional_policies",
            "module.eks.aws_launch_configuration.workers",
            "module.eks.aws_security_group.workers",
            "module.eks.aws_security_group_rule.cluster_primary_ingress_workers",
            "module.eks.aws_security_group_rule.workers_egress_internet",
            "module.eks.aws_security_group_rule.workers_ingress_cluster",
            "module.eks.aws_security_group_rule.workers_ingress_cluster_https",
            "module.eks.aws_security_group_rule.workers_ingress_cluster_kubelet",
            "module.eks.aws_security_group_rule.workers_ingress_cluster_primary",
            "module.eks.aws_security_group_rule.workers_ingress_self",
            "module.eks.data.aws_ami.eks_worker",
            "module.eks.data.aws_ami.eks_worker_windows",
            "module.eks.data.aws_iam_instance_profile.custom_worker_group_iam_instance_profile",
            "module.vpc.aws_subnet.private"
          ],
          "create_before_destroy": true
        },
        {
          "index_key": 4,
          "schema_version": 0,
          "attributes": {
            "arn": "arn:aws:autoscaling:eu-central-1:819902507912:autoScalingGroup:83518200-c0b6-4bf2-a508-eb121e8e361f:autoScalingGroupName/deploy-lamp-worker-group-120220220084730945500000011",
            "availability_zones": [
              "eu-central-1a",
              "eu-central-1b",
              "eu-central-1c"
            ],
            "capacity_rebalance": false,
            "default_cooldown": 300,
            "desired_capacity": 1,
            "enabled_metrics": null,
            "force_delete": false,
            "force_delete_warm_pool": false,
            "health_check_grace_period": 300,
            "health_check_type": "EC2",
            "id": "deploy-lamp-worker-group-120220220084730945500000011",
            "initial_lifecycle_hook": [],
            "instance_refresh": [],
            "launch_configuration": "deploy-lamp-worker-group-120220220084720322100000009",
            "launch_template": [],
            "load_balancers": null,
            "max_instance_lifetime": 0,
            "max_size": 3,
            "metrics_granularity": "1Minute",
            "min_elb_capacity": null,
            "min_size": 1,
            "mixed_instances_policy": [],
            "name": "deploy-lamp-worker-group-120220220084730945500000011",
            "name_prefix": "deploy-lamp-worker-group-1",
            "placement_group": "",
            "protect_from_scale_in": false,
            "service_linked_role_arn": "arn:aws:iam::819902507912:role/aws-service-role/autoscaling.amazonaws.com/AWSServiceRoleForAutoScaling",
            "suspended_processes": [
              "AZRebalance"
            ],
            "tag": [
              {
                "key": "Name",
                "propagate_at_launch": true,
                "value": "deploy-lamp-worker-group-1-eks_asg"
              },
              {
                "key": "k8s.io/cluster/deploy-lamp",
                "propagate_at_launch": true,
                "value": "owned"
              },
              {
                "key": "kubernetes.io/cluster/deploy-lamp",
                "propagate_at_launch": true,
                "value": "owned"
              }
            ],
            "tags": null,
            "target_group_arns": null,
            "termination_policies": [],
            "timeouts": null,
            "vpc_zone_identifier": [
              "subnet-0308ec7bc2622664a",
              "subnet-08d8ebc7c923ecf7e",
              "subnet-0dbd772a806ecfca0"
            ],
            "wait_for_capacity_timeout": "10m",
            "wait_for_elb_capacity": null,
            "warm_pool": []
          },
          "sensitive_attributes": [],
          "private": "eyJlMmJmYjczMC1lY2FhLTExZTYtOGY4OC0zNDM2M2JjN2M0YzAiOnsiZGVsZXRlIjo2MDAwMDAwMDAwMDB9fQ==",
          "dependencies": [
            "aws_security_group.worker_group_mgmt_one",
            "aws_security_group.worker_group_mgmt_two",
            "module.eks.aws_eks_cluster.this",
            "module.eks.aws_iam_instance_profile.workers",
            "module.eks.aws_iam_role.workers",
            "module.eks.aws_iam_role_policy_attachment.workers_AmazonEC2ContainerRegistryReadOnly",
            "module.eks.aws_iam_role_policy_attachment.workers_AmazonEKSWorkerNodePolicy",
            "module.eks.aws_iam_role_policy_attachment.workers_AmazonEKS_CNI_Policy",
            "module.eks.aws_iam_role_policy_attachment.workers_additional_policies",
            "module.eks.aws_launch_configuration.workers",
            "module.eks.aws_security_group.workers",
            "module.eks.aws_security_group_rule.cluster_primary_ingress_workers",
            "module.eks.aws_security_group_rule.workers_egress_internet",
            "module.eks.aws_security_group_rule.workers_ingress_cluster",
            "module.eks.aws_security_group_rule.workers_ingress_cluster_https",
            "module.eks.aws_security_group_rule.workers_ingress_cluster_kubelet",
            "module.eks.aws_security_group_rule.workers_ingress_cluster_primary",
            "module.eks.aws_security_group_rule.workers_ingress_self",
            "module.eks.data.aws_ami.eks_worker",
            "module.eks.data.aws_ami.eks_worker_windows",
            "module.eks.data.aws_iam_instance_profile.custom_worker_group_iam_instance_profile",
            "module.vpc.aws_subnet.private"
          ],
          "create_before_destroy": true
        },
        {
          "index_key": 5,
          "schema_version": 0,
          "attributes": {
            "arn": "arn:aws:autoscaling:eu-central-1:819902507912:autoScalingGroup:fe9eab86-d689-4010-88f5-807765e15fb1:autoScalingGroupName/deploy-lamp-worker-group-120220220084731104100000019",
            "availability_zones": [
              "eu-central-1a",
              "eu-central-1b",
              "eu-central-1c"
            ],
            "capacity_rebalance": false,
            "default_cooldown": 300,
            "desired_capacity": 1,
            "enabled_metrics": null,
            "force_delete": false,
            "force_delete_warm_pool": false,
            "health_check_grace_period": 300,
            "health_check_type": "EC2",
            "id": "deploy-lamp-worker-group-120220220084731104100000019",
            "initial_lifecycle_hook": [],
            "instance_refresh": [],
            "launch_configuration": "deploy-lamp-worker-group-120220220084720387100000010",
            "launch_template": [],
            "load_balancers": null,
            "max_instance_lifetime": 0,
            "max_size": 3,
            "metrics_granularity": "1Minute",
            "min_elb_capacity": null,
            "min_size": 1,
            "mixed_instances_policy": [],
            "name": "deploy-lamp-worker-group-120220220084731104100000019",
            "name_prefix": "deploy-lamp-worker-group-1",
            "placement_group": "",
            "protect_from_scale_in": false,
            "service_linked_role_arn": "arn:aws:iam::819902507912:role/aws-service-role/autoscaling.amazonaws.com/AWSServiceRoleForAutoScaling",
            "suspended_processes": [
              "AZRebalance"
            ],
            "tag": [
              {
                "key": "Name",
                "propagate_at_launch": true,
                "value": "deploy-lamp-worker-group-1-eks_asg"
              },
              {
                "key": "k8s.io/cluster/deploy-lamp",
                "propagate_at_launch": true,
                "value": "owned"
              },
              {
                "key": "kubernetes.io/cluster/deploy-lamp",
                "propagate_at_launch": true,
                "value": "owned"
              }
            ],
            "tags": null,
            "target_group_arns": null,
            "termination_policies": [],
            "timeouts": null,
            "vpc_zone_identifier": [
              "subnet-0308ec7bc2622664a",
              "subnet-08d8ebc7c923ecf7e",
              "subnet-0dbd772a806ecfca0"
            ],
            "wait_for_capacity_timeout": "10m",
            "wait_for_elb_capacity": null,
            "warm_pool": []
          },
          "sensitive_attributes": [],
          "private": "eyJlMmJmYjczMC1lY2FhLTExZTYtOGY4OC0zNDM2M2JjN2M0YzAiOnsiZGVsZXRlIjo2MDAwMDAwMDAwMDB9fQ==",
          "dependencies": [
            "aws_security_group.worker_group_mgmt_one",
            "aws_security_group.worker_group_mgmt_two",
            "module.eks.aws_eks_cluster.this",
            "module.eks.aws_iam_instance_profile.workers",
            "module.eks.aws_iam_role.workers",
            "module.eks.aws_iam_role_policy_attachment.workers_AmazonEC2ContainerRegistryReadOnly",
            "module.eks.aws_iam_role_policy_attachment.workers_AmazonEKSWorkerNodePolicy",
            "module.eks.aws_iam_role_policy_attachment.workers_AmazonEKS_CNI_Policy",
            "module.eks.aws_iam_role_policy_attachment.workers_additional_policies",
            "module.eks.aws_launch_configuration.workers",
            "module.eks.aws_security_group.workers",
            "module.eks.aws_security_group_rule.cluster_primary_ingress_workers",
            "module.eks.aws_security_group_rule.workers_egress_internet",
            "module.eks.aws_security_group_rule.workers_ingress_cluster",
            "module.eks.aws_security_group_rule.workers_ingress_cluster_https",
            "module.eks.aws_security_group_rule.workers_ingress_cluster_kubelet",
            "module.eks.aws_security_group_rule.workers_ingress_cluster_primary",
            "module.eks.aws_security_group_rule.workers_ingress_self",
            "module.eks.data.aws_ami.eks_worker",
            "module.eks.data.aws_ami.eks_worker_windows",
            "module.eks.data.aws_iam_instance_profile.custom_worker_group_iam_instance_profile",
            "module.vpc.aws_subnet.private"
          ],
          "create_before_destroy": true
        },
        {
          "index_key": 6,
          "schema_version": 0,
          "attributes": {
            "arn": "arn:aws:autoscaling:eu-central-1:819902507912:autoScalingGroup:9aeedf16-4344-444f-b9ab-9eab301538bf:autoScalingGroupName/deploy-lamp-worker-group-120220220084731019800000014",
            "availability_zones": [
              "eu-central-1a",
              "eu-central-1b",
              "eu-central-1c"
            ],
            "capacity_rebalance": false,
            "default_cooldown": 300,
            "desired_capacity": 1,
            "enabled_metrics": null,
            "force_delete": false,
            "force_delete_warm_pool": false,
            "health_check_grace_period": 300,
            "health_check_type": "EC2",
            "id": "deploy-lamp-worker-group-120220220084731019800000014",
            "initial_lifecycle_hook": [],
            "instance_refresh": [],
            "launch_configuration": "deploy-lamp-worker-group-12022022008472035750000000e",
            "launch_template": [],
            "load_balancers": null,
            "max_instance_lifetime": 0,
            "max_size": 3,
            "metrics_granularity": "1Minute",
            "min_elb_capacity": null,
            "min_size": 1,
            "mixed_instances_policy": [],
            "name": "deploy-lamp-worker-group-120220220084731019800000014",
            "name_prefix": "deploy-lamp-worker-group-1",
            "placement_group": "",
            "protect_from_scale_in": false,
            "service_linked_role_arn": "arn:aws:iam::819902507912:role/aws-service-role/autoscaling.amazonaws.com/AWSServiceRoleForAutoScaling",
            "suspended_processes": [
              "AZRebalance"
            ],
            "tag": [
              {
                "key": "Name",
                "propagate_at_launch": true,
                "value": "deploy-lamp-worker-group-1-eks_asg"
              },
              {
                "key": "k8s.io/cluster/deploy-lamp",
                "propagate_at_launch": true,
                "value": "owned"
              },
              {
                "key": "kubernetes.io/cluster/deploy-lamp",
                "propagate_at_launch": true,
                "value": "owned"
              }
            ],
            "tags": null,
            "target_group_arns": null,
            "termination_policies": [],
            "timeouts": null,
            "vpc_zone_identifier": [
              "subnet-0308ec7bc2622664a",
              "subnet-08d8ebc7c923ecf7e",
              "subnet-0dbd772a806ecfca0"
            ],
            "wait_for_capacity_timeout": "10m",
            "wait_for_elb_capacity": null,
            "warm_pool": []
          },
          "sensitive_attributes": [],
          "private": "eyJlMmJmYjczMC1lY2FhLTExZTYtOGY4OC0zNDM2M2JjN2M0YzAiOnsiZGVsZXRlIjo2MDAwMDAwMDAwMDB9fQ==",
          "dependencies": [
            "aws_security_group.worker_group_mgmt_one",
            "aws_security_group.worker_group_mgmt_two",
            "module.eks.aws_eks_cluster.this",
            "module.eks.aws_iam_instance_profile.workers",
            "module.eks.aws_iam_role.workers",
            "module.eks.aws_iam_role_policy_attachment.workers_AmazonEC2ContainerRegistryReadOnly",
            "module.eks.aws_iam_role_policy_attachment.workers_AmazonEKSWorkerNodePolicy",
            "module.eks.aws_iam_role_policy_attachment.workers_AmazonEKS_CNI_Policy",
            "module.eks.aws_iam_role_policy_attachment.workers_additional_policies",
            "module.eks.aws_launch_configuration.workers",
            "module.eks.aws_security_group.workers",
            "module.eks.aws_security_group_rule.cluster_primary_ingress_workers",
            "module.eks.aws_security_group_rule.workers_egress_internet",
            "module.eks.aws_security_group_rule.workers_ingress_cluster",
            "module.eks.aws_security_group_rule.workers_ingress_cluster_https",
            "module.eks.aws_security_group_rule.workers_ingress_cluster_kubelet",
            "module.eks.aws_security_group_rule.workers_ingress_cluster_primary",
            "module.eks.aws_security_group_rule.workers_ingress_self",
            "module.eks.data.aws_ami.eks_worker",
            "module.eks.data.aws_ami.eks_worker_windows",
            "module.eks.data.aws_iam_instance_profile.custom_worker_group_iam_instance_profile",
            "module.vpc.aws_subnet.private"
          ],
          "create_before_destroy": true
        },
        {
          "index_key": 7,
          "schema_version": 0,
          "attributes": {
            "arn": "arn:aws:autoscaling:eu-central-1:819902507912:autoScalingGroup:11d9e376-adfb-4634-99de-a70061dd623d:autoScalingGroupName/deploy-lamp-worker-group-120220220084731053900000016",
            "availability_zones": [
              "eu-central-1a",
              "eu-central-1b",
              "eu-central-1c"
            ],
            "capacity_rebalance": false,
            "default_cooldown": 300,
            "desired_capacity": 1,
            "enabled_metrics": null,
            "force_delete": false,
            "force_delete_warm_pool": false,
            "health_check_grace_period": 300,
            "health_check_type": "EC2",
            "id": "deploy-lamp-worker-group-120220220084731053900000016",
            "initial_lifecycle_hook": [],
            "instance_refresh": [],
            "launch_configuration": "deploy-lamp-worker-group-12022022008472035590000000c",
            "launch_template": [],
            "load_balancers": null,
            "max_instance_lifetime": 0,
            "max_size": 3,
            "metrics_granularity": "1Minute",
            "min_elb_capacity": null,
            "min_size": 1,
            "mixed_instances_policy": [],
            "name": "deploy-lamp-worker-group-120220220084731053900000016",
            "name_prefix": "deploy-lamp-worker-group-1",
            "placement_group": "",
            "protect_from_scale_in": false,
            "service_linked_role_arn": "arn:aws:iam::819902507912:role/aws-service-role/autoscaling.amazonaws.com/AWSServiceRoleForAutoScaling",
            "suspended_processes": [
              "AZRebalance"
            ],
            "tag": [
              {
                "key": "Name",
                "propagate_at_launch": true,
                "value": "deploy-lamp-worker-group-1-eks_asg"
              },
              {
                "key": "k8s.io/cluster/deploy-lamp",
                "propagate_at_launch": true,
                "value": "owned"
              },
              {
                "key": "kubernetes.io/cluster/deploy-lamp",
                "propagate_at_launch": true,
                "value": "owned"
              }
            ],
            "tags": null,
            "target_group_arns": null,
            "termination_policies": [],
            "timeouts": null,
            "vpc_zone_identifier": [
              "subnet-0308ec7bc2622664a",
              "subnet-08d8ebc7c923ecf7e",
              "subnet-0dbd772a806ecfca0"
            ],
            "wait_for_capacity_timeout": "10m",
            "wait_for_elb_capacity": null,
            "warm_pool": []
          },
          "sensitive_attributes": [],
          "private": "eyJlMmJmYjczMC1lY2FhLTExZTYtOGY4OC0zNDM2M2JjN2M0YzAiOnsiZGVsZXRlIjo2MDAwMDAwMDAwMDB9fQ==",
          "dependencies": [
            "aws_security_group.worker_group_mgmt_one",
            "aws_security_group.worker_group_mgmt_two",
            "module.eks.aws_eks_cluster.this",
            "module.eks.aws_iam_instance_profile.workers",
            "module.eks.aws_iam_role.workers",
            "module.eks.aws_iam_role_policy_attachment.workers_AmazonEC2ContainerRegistryReadOnly",
            "module.eks.aws_iam_role_policy_attachment.workers_AmazonEKSWorkerNodePolicy",
            "module.eks.aws_iam_role_policy_attachment.workers_AmazonEKS_CNI_Policy",
            "module.eks.aws_iam_role_policy_attachment.workers_additional_policies",
            "module.eks.aws_launch_configuration.workers",
            "module.eks.aws_security_group.workers",
            "module.eks.aws_security_group_rule.cluster_primary_ingress_workers",
            "module.eks.aws_security_group_rule.workers_egress_internet",
            "module.eks.aws_security_group_rule.workers_ingress_cluster",
            "module.eks.aws_security_group_rule.workers_ingress_cluster_https",
            "module.eks.aws_security_group_rule.workers_ingress_cluster_kubelet",
            "module.eks.aws_security_group_rule.workers_ingress_cluster_primary",
            "module.eks.aws_security_group_rule.workers_ingress_self",
            "module.eks.data.aws_ami.eks_worker",
            "module.eks.data.aws_ami.eks_worker_windows",
            "module.eks.data.aws_iam_instance_profile.custom_worker_group_iam_instance_profile",
            "module.vpc.aws_subnet.private"
          ],
          "create_before_destroy": true
        },
        {
          "index_key": 8,
          "schema_version": 0,
          "attributes": {
            "arn": "arn:aws:autoscaling:eu-central-1:819902507912:autoScalingGroup:57b0e04d-3765-4aff-8b06-a1dd075fb954:autoScalingGroupName/deploy-lamp-worker-group-120220220084730992200000012",
            "availability_zones": [
              "eu-central-1a",
              "eu-central-1b",
              "eu-central-1c"
            ],
            "capacity_rebalance": false,
            "default_cooldown": 300,
            "desired_capacity": 1,
            "enabled_metrics": null,
            "force_delete": false,
            "force_delete_warm_pool": false,
            "health_check_grace_period": 300,
            "health_check_type": "EC2",
            "id": "deploy-lamp-worker-group-120220220084730992200000012",
            "initial_lifecycle_hook": [],
            "instance_refresh": [],
            "launch_configuration": "deploy-lamp-worker-group-12022022008472034200000000a",
            "launch_template": [],
            "load_balancers": null,
            "max_instance_lifetime": 0,
            "max_size": 3,
            "metrics_granularity": "1Minute",
            "min_elb_capacity": null,
            "min_size": 1,
            "mixed_instances_policy": [],
            "name": "deploy-lamp-worker-group-120220220084730992200000012",
            "name_prefix": "deploy-lamp-worker-group-1",
            "placement_group": "",
            "protect_from_scale_in": false,
            "service_linked_role_arn": "arn:aws:iam::819902507912:role/aws-service-role/autoscaling.amazonaws.com/AWSServiceRoleForAutoScaling",
            "suspended_processes": [
              "AZRebalance"
            ],
            "tag": [
              {
                "key": "Name",
                "propagate_at_launch": true,
                "value": "deploy-lamp-worker-group-1-eks_asg"
              },
              {
                "key": "k8s.io/cluster/deploy-lamp",
                "propagate_at_launch": true,
                "value": "owned"
              },
              {
                "key": "kubernetes.io/cluster/deploy-lamp",
                "propagate_at_launch": true,
                "value": "owned"
              }
            ],
            "tags": null,
            "target_group_arns": null,
            "termination_policies": [],
            "timeouts": null,
            "vpc_zone_identifier": [
              "subnet-0308ec7bc2622664a",
              "subnet-08d8ebc7c923ecf7e",
              "subnet-0dbd772a806ecfca0"
            ],
            "wait_for_capacity_timeout": "10m",
            "wait_for_elb_capacity": null,
            "warm_pool": []
          },
          "sensitive_attributes": [],
          "private": "eyJlMmJmYjczMC1lY2FhLTExZTYtOGY4OC0zNDM2M2JjN2M0YzAiOnsiZGVsZXRlIjo2MDAwMDAwMDAwMDB9fQ==",
          "dependencies": [
            "aws_security_group.worker_group_mgmt_one",
            "aws_security_group.worker_group_mgmt_two",
            "module.eks.aws_eks_cluster.this",
            "module.eks.aws_iam_instance_profile.workers",
            "module.eks.aws_iam_role.workers",
            "module.eks.aws_iam_role_policy_attachment.workers_AmazonEC2ContainerRegistryReadOnly",
            "module.eks.aws_iam_role_policy_attachment.workers_AmazonEKSWorkerNodePolicy",
            "module.eks.aws_iam_role_policy_attachment.workers_AmazonEKS_CNI_Policy",
            "module.eks.aws_iam_role_policy_attachment.workers_additional_policies",
            "module.eks.aws_launch_configuration.workers",
            "module.eks.aws_security_group.workers",
            "module.eks.aws_security_group_rule.cluster_primary_ingress_workers",
            "module.eks.aws_security_group_rule.workers_egress_internet",
            "module.eks.aws_security_group_rule.workers_ingress_cluster",
            "module.eks.aws_security_group_rule.workers_ingress_cluster_https",
            "module.eks.aws_security_group_rule.workers_ingress_cluster_kubelet",
            "module.eks.aws_security_group_rule.workers_ingress_cluster_primary",
            "module.eks.aws_security_group_rule.workers_ingress_self",
            "module.eks.data.aws_ami.eks_worker",
            "module.eks.data.aws_ami.eks_worker_windows",
            "module.eks.data.aws_iam_instance_profile.custom_worker_group_iam_instance_profile",
            "module.vpc.aws_subnet.private"
          ],
          "create_before_destroy": true
        },
        {
          "index_key": 9,
          "schema_version": 0,
          "attributes": {
            "arn": "arn:aws:autoscaling:eu-central-1:819902507912:autoScalingGroup:0c402f5f-568c-43cc-a2df-282f9f5dd96a:autoScalingGroupName/deploy-lamp-worker-group-120220220084731018300000013",
            "availability_zones": [
              "eu-central-1a",
              "eu-central-1b",
              "eu-central-1c"
            ],
            "capacity_rebalance": false,
            "default_cooldown": 300,
            "desired_capacity": 1,
            "enabled_metrics": null,
            "force_delete": false,
            "force_delete_warm_pool": false,
            "health_check_grace_period": 300,
            "health_check_type": "EC2",
            "id": "deploy-lamp-worker-group-120220220084731018300000013",
            "initial_lifecycle_hook": [],
            "instance_refresh": [],
            "launch_configuration": "deploy-lamp-worker-group-12022022008472037490000000f",
            "launch_template": [],
            "load_balancers": null,
            "max_instance_lifetime": 0,
            "max_size": 3,
            "metrics_granularity": "1Minute",
            "min_elb_capacity": null,
            "min_size": 1,
            "mixed_instances_policy": [],
            "name": "deploy-lamp-worker-group-120220220084731018300000013",
            "name_prefix": "deploy-lamp-worker-group-1",
            "placement_group": "",
            "protect_from_scale_in": false,
            "service_linked_role_arn": "arn:aws:iam::819902507912:role/aws-service-role/autoscaling.amazonaws.com/AWSServiceRoleForAutoScaling",
            "suspended_processes": [
              "AZRebalance"
            ],
            "tag": [
              {
                "key": "Name",
                "propagate_at_launch": true,
                "value": "deploy-lamp-worker-group-1-eks_asg"
              },
              {
                "key": "k8s.io/cluster/deploy-lamp",
                "propagate_at_launch": true,
                "value": "owned"
              },
              {
                "key": "kubernetes.io/cluster/deploy-lamp",
                "propagate_at_launch": true,
                "value": "owned"
              }
            ],
            "tags": null,
            "target_group_arns": null,
            "termination_policies": [],
            "timeouts": null,
            "vpc_zone_identifier": [
              "subnet-0308ec7bc2622664a",
              "subnet-08d8ebc7c923ecf7e",
              "subnet-0dbd772a806ecfca0"
            ],
            "wait_for_capacity_timeout": "10m",
            "wait_for_elb_capacity": null,
            "warm_pool": []
          },
          "sensitive_attributes": [],
          "private": "eyJlMmJmYjczMC1lY2FhLTExZTYtOGY4OC0zNDM2M2JjN2M0YzAiOnsiZGVsZXRlIjo2MDAwMDAwMDAwMDB9fQ==",
          "dependencies": [
            "aws_security_group.worker_group_mgmt_one",
            "aws_security_group.worker_group_mgmt_two",
            "module.eks.aws_eks_cluster.this",
            "module.eks.aws_iam_instance_profile.workers",
            "module.eks.aws_iam_role.workers",
            "module.eks.aws_iam_role_policy_attachment.workers_AmazonEC2ContainerRegistryReadOnly",
            "module.eks.aws_iam_role_policy_attachment.workers_AmazonEKSWorkerNodePolicy",
            "module.eks.aws_iam_role_policy_attachment.workers_AmazonEKS_CNI_Policy",
            "module.eks.aws_iam_role_policy_attachment.workers_additional_policies",
            "module.eks.aws_launch_configuration.workers",
            "module.eks.aws_security_group.workers",
            "module.eks.aws_security_group_rule.cluster_primary_ingress_workers",
            "module.eks.aws_security_group_rule.workers_egress_internet",
            "module.eks.aws_security_group_rule.workers_ingress_cluster",
            "module.eks.aws_security_group_rule.workers_ingress_cluster_https",
            "module.eks.aws_security_group_rule.workers_ingress_cluster_kubelet",
            "module.eks.aws_security_group_rule.workers_ingress_cluster_primary",
            "module.eks.aws_security_group_rule.workers_ingress_self",
            "module.eks.data.aws_ami.eks_worker",
            "module.eks.data.aws_ami.eks_worker_windows",
            "module.eks.data.aws_iam_instance_profile.custom_worker_group_iam_instance_profile",
            "module.vpc.aws_subnet.private"
          ],
          "create_before_destroy": true
        },
        {
          "index_key": 10,
          "schema_version": 0,
          "attributes": {
            "arn": "arn:aws:autoscaling:eu-central-1:819902507912:autoScalingGroup:e13eed85-5050-46a9-a13c-df795ae0c646:autoScalingGroupName/deploy-lamp-worker-group-220220220084731065500000017",
            "availability_zones": [
              "eu-central-1a",
              "eu-central-1b",
              "eu-central-1c"
            ],
            "capacity_rebalance": false,
            "default_cooldown": 300,
            "desired_capacity": 1,
            "enabled_metrics": null,
            "force_delete": false,
            "force_delete_warm_pool": false,
            "health_check_grace_period": 300,
            "health_check_type": "EC2",
            "id": "deploy-lamp-worker-group-220220220084731065500000017",
            "initial_lifecycle_hook": [],
            "instance_refresh": [],
            "launch_configuration": "deploy-lamp-worker-group-220220220084720305800000008",
            "launch_template": [],
            "load_balancers": null,
            "max_instance_lifetime": 0,
            "max_size": 3,
            "metrics_granularity": "1Minute",
            "min_elb_capacity": null,
            "min_size": 1,
            "mixed_instances_policy": [],
            "name": "deploy-lamp-worker-group-220220220084731065500000017",
            "name_prefix": "deploy-lamp-worker-group-2",
            "placement_group": "",
            "protect_from_scale_in": false,
            "service_linked_role_arn": "arn:aws:iam::819902507912:role/aws-service-role/autoscaling.amazonaws.com/AWSServiceRoleForAutoScaling",
            "suspended_processes": [
              "AZRebalance"
            ],
            "tag": [
              {
                "key": "Name",
                "propagate_at_launch": true,
                "value": "deploy-lamp-worker-group-2-eks_asg"
              },
              {
                "key": "k8s.io/cluster/deploy-lamp",
                "propagate_at_launch": true,
                "value": "owned"
              },
              {
                "key": "kubernetes.io/cluster/deploy-lamp",
                "propagate_at_launch": true,
                "value": "owned"
              }
            ],
            "tags": null,
            "target_group_arns": null,
            "termination_policies": [],
            "timeouts": null,
            "vpc_zone_identifier": [
              "subnet-0308ec7bc2622664a",
              "subnet-08d8ebc7c923ecf7e",
              "subnet-0dbd772a806ecfca0"
            ],
            "wait_for_capacity_timeout": "10m",
            "wait_for_elb_capacity": null,
            "warm_pool": []
          },
          "sensitive_attributes": [],
          "private": "eyJlMmJmYjczMC1lY2FhLTExZTYtOGY4OC0zNDM2M2JjN2M0YzAiOnsiZGVsZXRlIjo2MDAwMDAwMDAwMDB9fQ==",
          "dependencies": [
            "aws_security_group.worker_group_mgmt_one",
            "aws_security_group.worker_group_mgmt_two",
            "module.eks.aws_eks_cluster.this",
            "module.eks.aws_iam_instance_profile.workers",
            "module.eks.aws_iam_role.workers",
            "module.eks.aws_iam_role_policy_attachment.workers_AmazonEC2ContainerRegistryReadOnly",
            "module.eks.aws_iam_role_policy_attachment.workers_AmazonEKSWorkerNodePolicy",
            "module.eks.aws_iam_role_policy_attachment.workers_AmazonEKS_CNI_Policy",
            "module.eks.aws_iam_role_policy_attachment.workers_additional_policies",
            "module.eks.aws_launch_configuration.workers",
            "module.eks.aws_security_group.workers",
            "module.eks.aws_security_group_rule.cluster_primary_ingress_workers",
            "module.eks.aws_security_group_rule.workers_egress_internet",
            "module.eks.aws_security_group_rule.workers_ingress_cluster",
            "module.eks.aws_security_group_rule.workers_ingress_cluster_https",
            "module.eks.aws_security_group_rule.workers_ingress_cluster_kubelet",
            "module.eks.aws_security_group_rule.workers_ingress_cluster_primary",
            "module.eks.aws_security_group_rule.workers_ingress_self",
            "module.eks.data.aws_ami.eks_worker",
            "module.eks.data.aws_ami.eks_worker_windows",
            "module.eks.data.aws_iam_instance_profile.custom_worker_group_iam_instance_profile",
            "module.vpc.aws_subnet.private"
          ],
          "create_before_destroy": true
        },
        {
          "index_key": 11,
          "schema_version": 0,
          "attributes": {
            "arn": "arn:aws:autoscaling:eu-central-1:819902507912:autoScalingGroup:ff5f2d69-25d8-4259-b7cf-72aff1e53701:autoScalingGroupName/deploy-lamp-worker-group-320220220084731036700000015",
            "availability_zones": [
              "eu-central-1a",
              "eu-central-1b",
              "eu-central-1c"
            ],
            "capacity_rebalance": false,
            "default_cooldown": 300,
            "desired_capacity": 1,
            "enabled_metrics": null,
            "force_delete": false,
            "force_delete_warm_pool": false,
            "health_check_grace_period": 300,
            "health_check_type": "EC2",
            "id": "deploy-lamp-worker-group-320220220084731036700000015",
            "initial_lifecycle_hook": [],
            "instance_refresh": [],
            "launch_configuration": "deploy-lamp-worker-group-32022022008472035690000000d",
            "launch_template": [],
            "load_balancers": null,
            "max_instance_lifetime": 0,
            "max_size": 3,
            "metrics_granularity": "1Minute",
            "min_elb_capacity": null,
            "min_size": 1,
            "mixed_instances_policy": [],
            "name": "deploy-lamp-worker-group-320220220084731036700000015",
            "name_prefix": "deploy-lamp-worker-group-3",
            "placement_group": "",
            "protect_from_scale_in": false,
            "service_linked_role_arn": "arn:aws:iam::819902507912:role/aws-service-role/autoscaling.amazonaws.com/AWSServiceRoleForAutoScaling",
            "suspended_processes": [
              "AZRebalance"
            ],
            "tag": [
              {
                "key": "Name",
                "propagate_at_launch": true,
                "value": "deploy-lamp-worker-group-3-eks_asg"
              },
              {
                "key": "k8s.io/cluster/deploy-lamp",
                "propagate_at_launch": true,
                "value": "owned"
              },
              {
                "key": "kubernetes.io/cluster/deploy-lamp",
                "propagate_at_launch": true,
                "value": "owned"
              }
            ],
            "tags": null,
            "target_group_arns": null,
            "termination_policies": [],
            "timeouts": null,
            "vpc_zone_identifier": [
              "subnet-0308ec7bc2622664a",
              "subnet-08d8ebc7c923ecf7e",
              "subnet-0dbd772a806ecfca0"
            ],
            "wait_for_capacity_timeout": "10m",
            "wait_for_elb_capacity": null,
            "warm_pool": []
          },
          "sensitive_attributes": [],
          "private": "eyJlMmJmYjczMC1lY2FhLTExZTYtOGY4OC0zNDM2M2JjN2M0YzAiOnsiZGVsZXRlIjo2MDAwMDAwMDAwMDB9fQ==",
          "dependencies": [
            "aws_security_group.worker_group_mgmt_one",
            "aws_security_group.worker_group_mgmt_two",
            "module.eks.aws_eks_cluster.this",
            "module.eks.aws_iam_instance_profile.workers",
            "module.eks.aws_iam_role.workers",
            "module.eks.aws_iam_role_policy_attachment.workers_AmazonEC2ContainerRegistryReadOnly",
            "module.eks.aws_iam_role_policy_attachment.workers_AmazonEKSWorkerNodePolicy",
            "module.eks.aws_iam_role_policy_attachment.workers_AmazonEKS_CNI_Policy",
            "module.eks.aws_iam_role_policy_attachment.workers_additional_policies",
            "module.eks.aws_launch_configuration.workers",
            "module.eks.aws_security_group.workers",
            "module.eks.aws_security_group_rule.cluster_primary_ingress_workers",
            "module.eks.aws_security_group_rule.workers_egress_internet",
            "module.eks.aws_security_group_rule.workers_ingress_cluster",
            "module.eks.aws_security_group_rule.workers_ingress_cluster_https",
            "module.eks.aws_security_group_rule.workers_ingress_cluster_kubelet",
            "module.eks.aws_security_group_rule.workers_ingress_cluster_primary",
            "module.eks.aws_security_group_rule.workers_ingress_self",
            "module.eks.data.aws_ami.eks_worker",
            "module.eks.data.aws_ami.eks_worker_windows",
            "module.eks.data.aws_iam_instance_profile.custom_worker_group_iam_instance_profile",
            "module.vpc.aws_subnet.private"
          ],
          "create_before_destroy": true
        }
      ]
    },
    {
      "module": "module.eks",
      "mode": "managed",
      "type": "aws_eks_cluster",
      "name": "this",
      "provider": "provider[\"registry.terraform.io/hashicorp/aws\"]",
      "instances": [
        {
          "index_key": 0,
          "schema_version": 0,
          "attributes": {
            "arn": "arn:aws:eks:eu-central-1:819902507912:cluster/deploy-lamp",
            "certificate_authority": [
              {
                "data": "LS0tLS1CRUdJTiBDRVJUSUZJQ0FURS0tLS0tCk1JSUM1ekNDQWMrZ0F3SUJBZ0lCQURBTkJna3Foa2lHOXcwQkFRc0ZBREFWTVJNd0VRWURWUVFERXdwcmRXSmwKY201bGRHVnpNQjRYRFRJeU1ESXhPVEUxTURJeE9Gb1hEVE15TURJeE56RTFNREl4T0Zvd0ZURVRNQkVHQTFVRQpBeE1LYTNWaVpYSnVaWFJsY3pDQ0FTSXdEUVlKS29aSWh2Y05BUUVCQlFBRGdnRVBBRENDQVFvQ2dnRUJBTTNkCkNHNUpOc3lqS0tGWm1abEpVNlo1a3E1cEtjQVY2WVNYSTdqOHhXNlJLYzUzUFVGSkJBdUUvRnVsalAzbUhkSXIKOS8vTWdIZUV0K0pIaHJKSE0vbGU1ZUZrZ3gwd0tCelJieklvbXMrQitHeTYvVVgveHN1a1krclB4RUhGSm44UQo1UGpIbkZtWTRsa28rdzBSSHdLQVFGa05TMjZpa0JwVDlyZ01CZzJ6K3VoQk9oSCtsbG9GUEtQWFhpL0pBNHpHCnE0TjVFZzkraVdraXNWZkxTNmpKMFlhbCtHZGtTNjNpK3RNazJtUVhuK2x1S0FyZmkwN0ZqMU5mVDQ3VHRsRGEKdXc4Q3FaTlhjUGVxZHd3Ky9hblZoS1RqR25SN0x0SEhIR2o2djZmS0hEWGx3Zko4MDRuQWhvcG5FcFRxQjN6SgpTZ1BRWTBUanl4b2VsMThpQyswQ0F3RUFBYU5DTUVBd0RnWURWUjBQQVFIL0JBUURBZ0trTUE4R0ExVWRFd0VCCi93UUZNQU1CQWY4d0hRWURWUjBPQkJZRUZNc1lNOFVHR0hwMlpscnFyckd5SWcvbjBPSkhNQTBHQ1NxR1NJYjMKRFFFQkN3VUFBNElCQVFEQkZKTjZCMmJVMkZqaTd3OFNzaFNQbGJ3ZnNQcVF1U3pIUURaM09FeHVyUVhqU3RMOQptTzk4RkhleVBQN1RQYUsvNTdHdVg2NHNlNFBNWGtPRndlbXc2RHdDalRVOU9xTEszZURoRHBtc0huOUpyUHhaCms3SWUxdjVDc0lWYTBJMmhZTjM0NDgvOWhQcFJuNERiU3c3NXh0TE1yUFlSOStYNGZGbklCSWZ3NnpmbmJGbUUKRkd4MFRIcVVkRk85VllpbzAxeStrR2tjT1lhbVo4QkVZSzQzN1FjeFNkTkZIVmFXcGo2Q1U0L1NvbWN0UXZTZgpENzB3RWF4ZWZvdElveXAvMkVYOXVPRThtc0JSa05UYWhOTHkyUHdTN0tXNnQ3OHVwMHdRbGR0ZnpmTG1zOWFOCjBtK1ozZXJoNDZCVWtYNUJNR0dDbW9MV2NTSEJpRzFsb3pycAotLS0tLUVORCBDRVJUSUZJQ0FURS0tLS0tCg=="
              }
            ],
            "created_at": "2022-02-19 14:55:33.242 +0000 UTC",
            "enabled_cluster_log_types": [],
            "encryption_config": [],
            "endpoint": "https://7F70A5AEF4084B42E598550A2078977E.gr7.eu-central-1.eks.amazonaws.com",
            "id": "deploy-lamp",
            "identity": [
              {
                "oidc": [
                  {
                    "issuer": "https://oidc.eks.eu-central-1.amazonaws.com/id/7F70A5AEF4084B42E598550A2078977E"
                  }
                ]
              }
            ],
            "kubernetes_network_config": [
              {
                "service_ipv4_cidr": "172.20.0.0/16"
              }
            ],
            "name": "deploy-lamp",
            "platform_version": "eks.3",
            "role_arn": "arn:aws:iam::819902507912:role/deploy-lamp20220219145504626900000003",
            "status": "ACTIVE",
            "tags": {},
            "tags_all": {},
            "timeouts": {
              "create": "30m",
              "delete": "15m",
              "update": "60m"
            },
            "version": "1.20",
            "vpc_config": [
              {
                "cluster_security_group_id": "sg-05428e6de33170c42",
                "endpoint_private_access": false,
                "endpoint_public_access": true,
                "public_access_cidrs": [
                  "0.0.0.0/0"
                ],
                "security_group_ids": [
                  "sg-0a7ac13fff16b6351"
                ],
                "subnet_ids": [
                  "subnet-0308ec7bc2622664a",
                  "subnet-08d8ebc7c923ecf7e",
                  "subnet-0dbd772a806ecfca0"
                ],
                "vpc_id": "vpc-0caf5c5dff24e0822"
              }
            ]
          },
          "sensitive_attributes": [],
          "private": "eyJlMmJmYjczMC1lY2FhLTExZTYtOGY4OC0zNDM2M2JjN2M0YzAiOnsiY3JlYXRlIjoxODAwMDAwMDAwMDAwLCJkZWxldGUiOjkwMDAwMDAwMDAwMCwidXBkYXRlIjozNjAwMDAwMDAwMDAwfX0=",
          "dependencies": [
            "data.aws_availability_zones.available",
            "module.eks.aws_cloudwatch_log_group.this",
            "module.eks.aws_iam_role.cluster",
            "module.eks.aws_iam_role_policy_attachment.cluster_AmazonEKSClusterPolicy",
            "module.eks.aws_iam_role_policy_attachment.cluster_AmazonEKSServicePolicy",
            "module.eks.aws_iam_role_policy_attachment.cluster_AmazonEKSVPCResourceControllerPolicy",
            "module.eks.aws_security_group.cluster",
            "module.eks.aws_security_group.workers",
            "module.eks.aws_security_group_rule.cluster_egress_internet",
            "module.eks.aws_security_group_rule.cluster_https_worker_ingress",
            "module.eks.data.aws_iam_policy_document.cluster_assume_role_policy",
            "module.eks.data.aws_iam_role.custom_cluster_iam_role",
            "module.eks.data.aws_partition.current",
            "module.vpc.aws_subnet.private",
            "module.vpc.aws_vpc.this",
            "module.vpc.aws_vpc_ipv4_cidr_block_association.this"
          ],
          "create_before_destroy": true
        }
      ]
    },
    {
      "module": "module.eks",
      "mode": "managed",
      "type": "aws_iam_instance_profile",
      "name": "workers",
      "provider": "provider[\"registry.terraform.io/hashicorp/aws\"]",
      "instances": [
        {
          "index_key": 0,
          "schema_version": 0,
          "attributes": {
            "arn": "arn:aws:iam::819902507912:instance-profile/deploy-lamp20220219150702624400000010",
            "create_date": "2022-02-19T15:07:03Z",
            "id": "deploy-lamp20220219150702624400000010",
            "name": "deploy-lamp20220219150702624400000010",
            "name_prefix": "deploy-lamp",
            "path": "/",
            "role": "deploy-lamp2022021915065507530000000e",
            "tags": {},
            "tags_all": {},
            "unique_id": "AIPA35ZP7NOEKBGE5H22M"
          },
          "sensitive_attributes": [],
          "private": "bnVsbA==",
          "dependencies": [
            "aws_security_group.worker_group_mgmt_one",
            "aws_security_group.worker_group_mgmt_two",
            "data.aws_availability_zones.available",
            "module.eks.aws_cloudwatch_log_group.this",
            "module.eks.aws_eks_cluster.this",
            "module.eks.aws_iam_role.cluster",
            "module.eks.aws_iam_role.workers",
            "module.eks.aws_iam_role_policy_attachment.cluster_AmazonEKSClusterPolicy",
            "module.eks.aws_iam_role_policy_attachment.cluster_AmazonEKSServicePolicy",
            "module.eks.aws_iam_role_policy_attachment.cluster_AmazonEKSVPCResourceControllerPolicy",
            "module.eks.aws_security_group.cluster",
            "module.eks.aws_security_group.workers",
            "module.eks.aws_security_group_rule.cluster_egress_internet",
            "module.eks.aws_security_group_rule.cluster_https_worker_ingress",
            "module.eks.data.aws_iam_policy_document.cluster_assume_role_policy",
            "module.eks.data.aws_iam_policy_document.workers_assume_role_policy",
            "module.eks.data.aws_iam_role.custom_cluster_iam_role",
            "module.eks.data.aws_partition.current",
            "module.vpc.aws_subnet.private",
            "module.vpc.aws_vpc.this",
            "module.vpc.aws_vpc_ipv4_cidr_block_association.this"
          ],
          "create_before_destroy": true
        },
        {
          "index_key": 1,
          "schema_version": 0,
          "attributes": {
            "arn": "arn:aws:iam::819902507912:instance-profile/deploy-lamp2022021915070262370000000f",
            "create_date": "2022-02-19T15:07:03Z",
            "id": "deploy-lamp2022021915070262370000000f",
            "name": "deploy-lamp2022021915070262370000000f",
            "name_prefix": "deploy-lamp",
            "path": "/",
            "role": "deploy-lamp2022021915065507530000000e",
            "tags": {},
            "tags_all": {},
            "unique_id": "AIPA35ZP7NOEJIWMRUQG7"
          },
          "sensitive_attributes": [],
          "private": "bnVsbA==",
          "dependencies": [
            "aws_security_group.worker_group_mgmt_one",
            "aws_security_group.worker_group_mgmt_two",
            "data.aws_availability_zones.available",
            "module.eks.aws_cloudwatch_log_group.this",
            "module.eks.aws_eks_cluster.this",
            "module.eks.aws_iam_role.cluster",
            "module.eks.aws_iam_role.workers",
            "module.eks.aws_iam_role_policy_attachment.cluster_AmazonEKSClusterPolicy",
            "module.eks.aws_iam_role_policy_attachment.cluster_AmazonEKSServicePolicy",
            "module.eks.aws_iam_role_policy_attachment.cluster_AmazonEKSVPCResourceControllerPolicy",
            "module.eks.aws_security_group.cluster",
            "module.eks.aws_security_group.workers",
            "module.eks.aws_security_group_rule.cluster_egress_internet",
            "module.eks.aws_security_group_rule.cluster_https_worker_ingress",
            "module.eks.data.aws_iam_policy_document.cluster_assume_role_policy",
            "module.eks.data.aws_iam_policy_document.workers_assume_role_policy",
            "module.eks.data.aws_iam_role.custom_cluster_iam_role",
            "module.eks.data.aws_partition.current",
            "module.vpc.aws_subnet.private",
            "module.vpc.aws_vpc.this",
            "module.vpc.aws_vpc_ipv4_cidr_block_association.this"
          ],
          "create_before_destroy": true
        },
        {
          "index_key": 2,
          "schema_version": 0,
          "attributes": {
            "arn": "arn:aws:iam::819902507912:instance-profile/deploy-lamp20220219150702626500000011",
            "create_date": "2022-02-19T15:07:03Z",
            "id": "deploy-lamp20220219150702626500000011",
            "name": "deploy-lamp20220219150702626500000011",
            "name_prefix": "deploy-lamp",
            "path": "/",
            "role": "deploy-lamp2022021915065507530000000e",
            "tags": {},
            "tags_all": {},
            "unique_id": "AIPA35ZP7NOEJOGZGBCTH"
          },
          "sensitive_attributes": [],
          "private": "bnVsbA==",
          "dependencies": [
            "aws_security_group.worker_group_mgmt_one",
            "aws_security_group.worker_group_mgmt_two",
            "data.aws_availability_zones.available",
            "module.eks.aws_cloudwatch_log_group.this",
            "module.eks.aws_eks_cluster.this",
            "module.eks.aws_iam_role.cluster",
            "module.eks.aws_iam_role.workers",
            "module.eks.aws_iam_role_policy_attachment.cluster_AmazonEKSClusterPolicy",
            "module.eks.aws_iam_role_policy_attachment.cluster_AmazonEKSServicePolicy",
            "module.eks.aws_iam_role_policy_attachment.cluster_AmazonEKSVPCResourceControllerPolicy",
            "module.eks.aws_security_group.cluster",
            "module.eks.aws_security_group.workers",
            "module.eks.aws_security_group_rule.cluster_egress_internet",
            "module.eks.aws_security_group_rule.cluster_https_worker_ingress",
            "module.eks.data.aws_iam_policy_document.cluster_assume_role_policy",
            "module.eks.data.aws_iam_policy_document.workers_assume_role_policy",
            "module.eks.data.aws_iam_role.custom_cluster_iam_role",
            "module.eks.data.aws_partition.current",
            "module.vpc.aws_subnet.private",
            "module.vpc.aws_vpc.this",
            "module.vpc.aws_vpc_ipv4_cidr_block_association.this"
          ],
          "create_before_destroy": true
        },
        {
          "index_key": 3,
          "schema_version": 0,
          "attributes": {
            "arn": "arn:aws:iam::819902507912:instance-profile/deploy-lamp20220220072612461700000001",
            "create_date": "2022-02-20T07:26:13Z",
            "id": "deploy-lamp20220220072612461700000001",
            "name": "deploy-lamp20220220072612461700000001",
            "name_prefix": "deploy-lamp",
            "path": "/",
            "role": "deploy-lamp2022021915065507530000000e",
            "tags": {},
            "tags_all": {},
            "unique_id": "AIPA35ZP7NOEBFX3H4STA"
          },
          "sensitive_attributes": [],
          "private": "bnVsbA==",
          "dependencies": [
            "aws_security_group.worker_group_mgmt_one",
            "aws_security_group.worker_group_mgmt_two",
            "data.aws_availability_zones.available",
            "module.eks.aws_cloudwatch_log_group.this",
            "module.eks.aws_eks_cluster.this",
            "module.eks.aws_iam_role.cluster",
            "module.eks.aws_iam_role.workers",
            "module.eks.aws_iam_role_policy_attachment.cluster_AmazonEKSClusterPolicy",
            "module.eks.aws_iam_role_policy_attachment.cluster_AmazonEKSServicePolicy",
            "module.eks.aws_iam_role_policy_attachment.cluster_AmazonEKSVPCResourceControllerPolicy",
            "module.eks.aws_security_group.cluster",
            "module.eks.aws_security_group.workers",
            "module.eks.aws_security_group_rule.cluster_egress_internet",
            "module.eks.aws_security_group_rule.cluster_https_worker_ingress",
            "module.eks.data.aws_iam_policy_document.cluster_assume_role_policy",
            "module.eks.data.aws_iam_policy_document.workers_assume_role_policy",
            "module.eks.data.aws_iam_role.custom_cluster_iam_role",
            "module.eks.data.aws_partition.current",
            "module.vpc.aws_subnet.private",
            "module.vpc.aws_vpc.this",
            "module.vpc.aws_vpc_ipv4_cidr_block_association.this"
          ],
          "create_before_destroy": true
        },
        {
          "index_key": 4,
          "schema_version": 0,
          "attributes": {
            "arn": "arn:aws:iam::819902507912:instance-profile/deploy-lamp20220220072612467000000002",
            "create_date": "2022-02-20T07:26:13Z",
            "id": "deploy-lamp20220220072612467000000002",
            "name": "deploy-lamp20220220072612467000000002",
            "name_prefix": "deploy-lamp",
            "path": "/",
            "role": "deploy-lamp2022021915065507530000000e",
            "tags": {},
            "tags_all": {},
            "unique_id": "AIPA35ZP7NOEAPCFAO6TY"
          },
          "sensitive_attributes": [],
          "private": "bnVsbA==",
          "dependencies": [
            "aws_security_group.worker_group_mgmt_one",
            "aws_security_group.worker_group_mgmt_two",
            "data.aws_availability_zones.available",
            "module.eks.aws_cloudwatch_log_group.this",
            "module.eks.aws_eks_cluster.this",
            "module.eks.aws_iam_role.cluster",
            "module.eks.aws_iam_role.workers",
            "module.eks.aws_iam_role_policy_attachment.cluster_AmazonEKSClusterPolicy",
            "module.eks.aws_iam_role_policy_attachment.cluster_AmazonEKSServicePolicy",
            "module.eks.aws_iam_role_policy_attachment.cluster_AmazonEKSVPCResourceControllerPolicy",
            "module.eks.aws_security_group.cluster",
            "module.eks.aws_security_group.workers",
            "module.eks.aws_security_group_rule.cluster_egress_internet",
            "module.eks.aws_security_group_rule.cluster_https_worker_ingress",
            "module.eks.data.aws_iam_policy_document.cluster_assume_role_policy",
            "module.eks.data.aws_iam_policy_document.workers_assume_role_policy",
            "module.eks.data.aws_iam_role.custom_cluster_iam_role",
            "module.eks.data.aws_partition.current",
            "module.vpc.aws_subnet.private",
            "module.vpc.aws_vpc.this",
            "module.vpc.aws_vpc_ipv4_cidr_block_association.this"
          ],
          "create_before_destroy": true
        },
        {
          "index_key": 5,
          "schema_version": 0,
          "attributes": {
            "arn": "arn:aws:iam::819902507912:instance-profile/deploy-lamp20220220084717655300000004",
            "create_date": "2022-02-20T08:47:18Z",
            "id": "deploy-lamp20220220084717655300000004",
            "name": "deploy-lamp20220220084717655300000004",
            "name_prefix": "deploy-lamp",
            "path": "/",
            "role": "deploy-lamp2022021915065507530000000e",
            "tags": null,
            "tags_all": {},
            "unique_id": "AIPA35ZP7NOEFD6XHKQIF"
          },
          "sensitive_attributes": [],
          "private": "bnVsbA==",
          "dependencies": [
            "aws_security_group.worker_group_mgmt_one",
            "aws_security_group.worker_group_mgmt_two",
            "module.eks.aws_eks_cluster.this",
            "module.eks.aws_iam_role.workers"
          ],
          "create_before_destroy": true
        },
        {
          "index_key": 6,
          "schema_version": 0,
          "attributes": {
            "arn": "arn:aws:iam::819902507912:instance-profile/deploy-lamp20220220084717655700000006",
            "create_date": "2022-02-20T08:47:18Z",
            "id": "deploy-lamp20220220084717655700000006",
            "name": "deploy-lamp20220220084717655700000006",
            "name_prefix": "deploy-lamp",
            "path": "/",
            "role": "deploy-lamp2022021915065507530000000e",
            "tags": null,
            "tags_all": {},
            "unique_id": "AIPA35ZP7NOEDVWIFO64L"
          },
          "sensitive_attributes": [],
          "private": "bnVsbA==",
          "dependencies": [
            "aws_security_group.worker_group_mgmt_one",
            "aws_security_group.worker_group_mgmt_two",
            "module.eks.aws_eks_cluster.this",
            "module.eks.aws_iam_role.workers"
          ],
          "create_before_destroy": true
        },
        {
          "index_key": 7,
          "schema_version": 0,
          "attributes": {
            "arn": "arn:aws:iam::819902507912:instance-profile/deploy-lamp20220220084717657000000007",
            "create_date": "2022-02-20T08:47:18Z",
            "id": "deploy-lamp20220220084717657000000007",
            "name": "deploy-lamp20220220084717657000000007",
            "name_prefix": "deploy-lamp",
            "path": "/",
            "role": "deploy-lamp2022021915065507530000000e",
            "tags": null,
            "tags_all": {},
            "unique_id": "AIPA35ZP7NOENRXS37VZP"
          },
          "sensitive_attributes": [],
          "private": "bnVsbA==",
          "dependencies": [
            "aws_security_group.worker_group_mgmt_one",
            "aws_security_group.worker_group_mgmt_two",
            "module.eks.aws_eks_cluster.this",
            "module.eks.aws_iam_role.workers"
          ],
          "create_before_destroy": true
        },
        {
          "index_key": 8,
          "schema_version": 0,
          "attributes": {
            "arn": "arn:aws:iam::819902507912:instance-profile/deploy-lamp20220220084717652500000002",
            "create_date": "2022-02-20T08:47:18Z",
            "id": "deploy-lamp20220220084717652500000002",
            "name": "deploy-lamp20220220084717652500000002",
            "name_prefix": "deploy-lamp",
            "path": "/",
            "role": "deploy-lamp2022021915065507530000000e",
            "tags": null,
            "tags_all": {},
            "unique_id": "AIPA35ZP7NOEOH6ZVSFID"
          },
          "sensitive_attributes": [],
          "private": "bnVsbA==",
          "dependencies": [
            "aws_security_group.worker_group_mgmt_one",
            "aws_security_group.worker_group_mgmt_two",
            "module.eks.aws_eks_cluster.this",
            "module.eks.aws_iam_role.workers"
          ],
          "create_before_destroy": true
        },
        {
          "index_key": 9,
          "schema_version": 0,
          "attributes": {
            "arn": "arn:aws:iam::819902507912:instance-profile/deploy-lamp20220220084717655300000003",
            "create_date": "2022-02-20T08:47:18Z",
            "id": "deploy-lamp20220220084717655300000003",
            "name": "deploy-lamp20220220084717655300000003",
            "name_prefix": "deploy-lamp",
            "path": "/",
            "role": "deploy-lamp2022021915065507530000000e",
            "tags": null,
            "tags_all": {},
            "unique_id": "AIPA35ZP7NOEPII4MXIEO"
          },
          "sensitive_attributes": [],
          "private": "bnVsbA==",
          "dependencies": [
            "aws_security_group.worker_group_mgmt_one",
            "aws_security_group.worker_group_mgmt_two",
            "module.eks.aws_eks_cluster.this",
            "module.eks.aws_iam_role.workers"
          ],
          "create_before_destroy": true
        },
        {
          "index_key": 10,
          "schema_version": 0,
          "attributes": {
            "arn": "arn:aws:iam::819902507912:instance-profile/deploy-lamp20220220084717655600000005",
            "create_date": "2022-02-20T08:47:18Z",
            "id": "deploy-lamp20220220084717655600000005",
            "name": "deploy-lamp20220220084717655600000005",
            "name_prefix": "deploy-lamp",
            "path": "/",
            "role": "deploy-lamp2022021915065507530000000e",
            "tags": null,
            "tags_all": {},
            "unique_id": "AIPA35ZP7NOEB646UUSXB"
          },
          "sensitive_attributes": [],
          "private": "bnVsbA==",
          "dependencies": [
            "aws_security_group.worker_group_mgmt_one",
            "aws_security_group.worker_group_mgmt_two",
            "module.eks.aws_eks_cluster.this",
            "module.eks.aws_iam_role.workers"
          ],
          "create_before_destroy": true
        },
        {
          "index_key": 11,
          "schema_version": 0,
          "attributes": {
            "arn": "arn:aws:iam::819902507912:instance-profile/deploy-lamp20220220084717648000000001",
            "create_date": "2022-02-20T08:47:18Z",
            "id": "deploy-lamp20220220084717648000000001",
            "name": "deploy-lamp20220220084717648000000001",
            "name_prefix": "deploy-lamp",
            "path": "/",
            "role": "deploy-lamp2022021915065507530000000e",
            "tags": null,
            "tags_all": {},
            "unique_id": "AIPA35ZP7NOEOZGYQKL2Z"
          },
          "sensitive_attributes": [],
          "private": "bnVsbA==",
          "dependencies": [
            "aws_security_group.worker_group_mgmt_one",
            "aws_security_group.worker_group_mgmt_two",
            "module.eks.aws_eks_cluster.this",
            "module.eks.aws_iam_role.workers"
          ],
          "create_before_destroy": true
        }
      ]
    },
    {
      "module": "module.eks",
      "mode": "managed",
      "type": "aws_iam_policy",
      "name": "cluster_deny_log_group",
      "provider": "provider[\"registry.terraform.io/hashicorp/aws\"]",
      "instances": [
        {
          "index_key": 0,
          "schema_version": 0,
          "attributes": {
            "arn": "arn:aws:iam::819902507912:policy/deploy-lamp-deny-log-group20220220041942479100000002",
            "description": "Deny CreateLogGroup",
            "id": "arn:aws:iam::819902507912:policy/deploy-lamp-deny-log-group20220220041942479100000002",
            "name": "deploy-lamp-deny-log-group20220220041942479100000002",
            "name_prefix": "deploy-lamp-deny-log-group",
            "path": "/",
            "policy": "{\"Statement\":[{\"Action\":\"logs:CreateLogGroup\",\"Effect\":\"Deny\",\"Resource\":\"*\",\"Sid\":\"\"}],\"Version\":\"2012-10-17\"}",
            "policy_id": "ANPA35ZP7NOEKYC2EU6G2",
            "tags": {},
            "tags_all": {}
          },
          "sensitive_attributes": [],
          "private": "bnVsbA==",
          "dependencies": [
            "module.eks.data.aws_iam_policy_document.cluster_deny_log_group"
          ]
        }
      ]
    },
    {
      "module": "module.eks",
      "mode": "managed",
      "type": "aws_iam_policy",
      "name": "cluster_elb_sl_role_creation",
      "provider": "provider[\"registry.terraform.io/hashicorp/aws\"]",
      "instances": [
        {
          "index_key": 0,
          "schema_version": 0,
          "attributes": {
            "arn": "arn:aws:iam::819902507912:policy/deploy-lamp-elb-sl-role-creation20220220041942472700000001",
            "description": "Permissions for EKS to create AWSServiceRoleForElasticLoadBalancing service-linked role",
            "id": "arn:aws:iam::819902507912:policy/deploy-lamp-elb-sl-role-creation20220220041942472700000001",
            "name": "deploy-lamp-elb-sl-role-creation20220220041942472700000001",
            "name_prefix": "deploy-lamp-elb-sl-role-creation",
            "path": "/",
            "policy": "{\"Statement\":[{\"Action\":[\"ec2:DescribeInternetGateways\",\"ec2:DescribeAddresses\",\"ec2:DescribeAccountAttributes\"],\"Effect\":\"Allow\",\"Resource\":\"*\",\"Sid\":\"\"}],\"Version\":\"2012-10-17\"}",
            "policy_id": "ANPA35ZP7NOEIAVNS27D5",
            "tags": {},
            "tags_all": {}
          },
          "sensitive_attributes": [],
          "private": "bnVsbA==",
          "dependencies": [
            "module.eks.data.aws_iam_policy_document.cluster_elb_sl_role_creation"
          ]
        }
      ]
    },
    {
      "module": "module.eks",
      "mode": "managed",
      "type": "aws_iam_role",
      "name": "cluster",
      "provider": "provider[\"registry.terraform.io/hashicorp/aws\"]",
      "instances": [
        {
          "index_key": 0,
          "schema_version": 0,
          "attributes": {
            "arn": "arn:aws:iam::819902507912:role/deploy-lamp20220219145504626900000003",
            "assume_role_policy": "{\"Version\":\"2012-10-17\",\"Statement\":[{\"Sid\":\"EKSClusterAssumeRole\",\"Effect\":\"Allow\",\"Principal\":{\"Service\":\"eks.amazonaws.com\"},\"Action\":\"sts:AssumeRole\"}]}",
            "create_date": "2022-02-19T14:55:10Z",
            "description": "",
            "force_detach_policies": true,
            "id": "deploy-lamp20220219145504626900000003",
            "inline_policy": [
              {
                "name": "",
                "policy": ""
              }
            ],
            "managed_policy_arns": [
              "arn:aws:iam::819902507912:policy/deploy-lamp-deny-log-group20220220041942479100000002",
              "arn:aws:iam::819902507912:policy/deploy-lamp-elb-sl-role-creation20220220041942472700000001",
              "arn:aws:iam::aws:policy/AmazonEKSClusterPolicy",
              "arn:aws:iam::aws:policy/AmazonEKSServicePolicy",
              "arn:aws:iam::aws:policy/AmazonEKSVPCResourceController"
            ],
            "max_session_duration": 3600,
            "name": "deploy-lamp20220219145504626900000003",
            "name_prefix": "deploy-lamp",
            "path": "/",
            "permissions_boundary": null,
            "tags": {},
            "tags_all": {},
            "unique_id": "AROA35ZP7NOEOOSQTEZSX"
          },
          "sensitive_attributes": [],
          "private": "bnVsbA==",
          "dependencies": [
            "module.eks.data.aws_iam_policy_document.cluster_assume_role_policy"
          ],
          "create_before_destroy": true
        }
      ]
    },
    {
      "module": "module.eks",
      "mode": "managed",
      "type": "aws_iam_role",
      "name": "workers",
      "provider": "provider[\"registry.terraform.io/hashicorp/aws\"]",
      "instances": [
        {
          "index_key": 0,
          "schema_version": 0,
          "attributes": {
            "arn": "arn:aws:iam::819902507912:role/deploy-lamp2022021915065507530000000e",
            "assume_role_policy": "{\"Version\":\"2012-10-17\",\"Statement\":[{\"Sid\":\"EKSWorkerAssumeRole\",\"Effect\":\"Allow\",\"Principal\":{\"Service\":\"ec2.amazonaws.com\"},\"Action\":\"sts:AssumeRole\"}]}",
            "create_date": "2022-02-19T15:07:00Z",
            "description": "",
            "force_detach_policies": true,
            "id": "deploy-lamp2022021915065507530000000e",
            "inline_policy": [
              {
                "name": "",
                "policy": ""
              }
            ],
            "managed_policy_arns": [
              "arn:aws:iam::aws:policy/AmazonEC2ContainerRegistryReadOnly",
              "arn:aws:iam::aws:policy/AmazonEKSWorkerNodePolicy",
              "arn:aws:iam::aws:policy/AmazonEKS_CNI_Policy"
            ],
            "max_session_duration": 3600,
            "name": "deploy-lamp2022021915065507530000000e",
            "name_prefix": "deploy-lamp",
            "path": "/",
            "permissions_boundary": null,
            "tags": {},
            "tags_all": {},
            "unique_id": "AROA35ZP7NOEAGSNBJ224"
          },
          "sensitive_attributes": [],
          "private": "bnVsbA==",
          "dependencies": [
            "data.aws_availability_zones.available",
            "module.eks.aws_cloudwatch_log_group.this",
            "module.eks.aws_eks_cluster.this",
            "module.eks.aws_iam_role.cluster",
            "module.eks.aws_iam_role_policy_attachment.cluster_AmazonEKSClusterPolicy",
            "module.eks.aws_iam_role_policy_attachment.cluster_AmazonEKSServicePolicy",
            "module.eks.aws_iam_role_policy_attachment.cluster_AmazonEKSVPCResourceControllerPolicy",
            "module.eks.aws_security_group.cluster",
            "module.eks.aws_security_group.workers",
            "module.eks.aws_security_group_rule.cluster_egress_internet",
            "module.eks.aws_security_group_rule.cluster_https_worker_ingress",
            "module.eks.data.aws_iam_policy_document.cluster_assume_role_policy",
            "module.eks.data.aws_iam_policy_document.workers_assume_role_policy",
            "module.eks.data.aws_iam_role.custom_cluster_iam_role",
            "module.eks.data.aws_partition.current",
            "module.vpc.aws_subnet.private",
            "module.vpc.aws_vpc.this",
            "module.vpc.aws_vpc_ipv4_cidr_block_association.this"
          ],
          "create_before_destroy": true
        }
      ]
    },
    {
      "module": "module.eks",
      "mode": "managed",
      "type": "aws_iam_role_policy_attachment",
      "name": "cluster_AmazonEKSClusterPolicy",
      "provider": "provider[\"registry.terraform.io/hashicorp/aws\"]",
      "instances": [
        {
          "index_key": 0,
          "schema_version": 0,
          "attributes": {
            "id": "deploy-lamp20220219145504626900000003-20220219145512949500000008",
            "policy_arn": "arn:aws:iam::aws:policy/AmazonEKSClusterPolicy",
            "role": "deploy-lamp20220219145504626900000003"
          },
          "sensitive_attributes": [],
          "private": "bnVsbA==",
          "dependencies": [
            "module.eks.aws_iam_role.cluster",
            "module.eks.data.aws_iam_policy_document.cluster_assume_role_policy",
            "module.eks.data.aws_partition.current"
          ],
          "create_before_destroy": true
        }
      ]
    },
    {
      "module": "module.eks",
      "mode": "managed",
      "type": "aws_iam_role_policy_attachment",
      "name": "cluster_AmazonEKSServicePolicy",
      "provider": "provider[\"registry.terraform.io/hashicorp/aws\"]",
      "instances": [
        {
          "index_key": 0,
          "schema_version": 0,
          "attributes": {
            "id": "deploy-lamp20220219145504626900000003-20220219145512894600000007",
            "policy_arn": "arn:aws:iam::aws:policy/AmazonEKSServicePolicy",
            "role": "deploy-lamp20220219145504626900000003"
          },
          "sensitive_attributes": [],
          "private": "bnVsbA==",
          "dependencies": [
            "module.eks.aws_iam_role.cluster",
            "module.eks.data.aws_iam_policy_document.cluster_assume_role_policy",
            "module.eks.data.aws_partition.current"
          ],
          "create_before_destroy": true
        }
      ]
    },
    {
      "module": "module.eks",
      "mode": "managed",
      "type": "aws_iam_role_policy_attachment",
      "name": "cluster_AmazonEKSVPCResourceControllerPolicy",
      "provider": "provider[\"registry.terraform.io/hashicorp/aws\"]",
      "instances": [
        {
          "index_key": 0,
          "schema_version": 0,
          "attributes": {
            "id": "deploy-lamp20220219145504626900000003-20220219145512877900000004",
            "policy_arn": "arn:aws:iam::aws:policy/AmazonEKSVPCResourceController",
            "role": "deploy-lamp20220219145504626900000003"
          },
          "sensitive_attributes": [],
          "private": "bnVsbA==",
          "dependencies": [
            "module.eks.aws_iam_role.cluster",
            "module.eks.data.aws_iam_policy_document.cluster_assume_role_policy",
            "module.eks.data.aws_partition.current"
          ],
          "create_before_destroy": true
        }
      ]
    },
    {
      "module": "module.eks",
      "mode": "managed",
      "type": "aws_iam_role_policy_attachment",
      "name": "cluster_deny_log_group",
      "provider": "provider[\"registry.terraform.io/hashicorp/aws\"]",
      "instances": [
        {
          "index_key": 0,
          "schema_version": 0,
          "attributes": {
            "id": "deploy-lamp20220219145504626900000003-20220220041944962100000007",
            "policy_arn": "arn:aws:iam::819902507912:policy/deploy-lamp-deny-log-group20220220041942479100000002",
            "role": "deploy-lamp20220219145504626900000003"
          },
          "sensitive_attributes": [],
          "private": "bnVsbA==",
          "dependencies": [
            "module.eks.aws_iam_policy.cluster_deny_log_group",
            "module.eks.aws_iam_role.cluster",
            "module.eks.data.aws_iam_policy_document.cluster_assume_role_policy",
            "module.eks.data.aws_iam_policy_document.cluster_deny_log_group"
          ]
        }
      ]
    },
    {
      "module": "module.eks",
      "mode": "managed",
      "type": "aws_iam_role_policy_attachment",
      "name": "cluster_elb_sl_role_creation",
      "provider": "provider[\"registry.terraform.io/hashicorp/aws\"]",
      "instances": [
        {
          "index_key": 0,
          "schema_version": 0,
          "attributes": {
            "id": "deploy-lamp20220219145504626900000003-20220220041945109700000008",
            "policy_arn": "arn:aws:iam::819902507912:policy/deploy-lamp-elb-sl-role-creation20220220041942472700000001",
            "role": "deploy-lamp20220219145504626900000003"
          },
          "sensitive_attributes": [],
          "private": "bnVsbA==",
          "dependencies": [
            "module.eks.aws_iam_policy.cluster_elb_sl_role_creation",
            "module.eks.aws_iam_role.cluster",
            "module.eks.data.aws_iam_policy_document.cluster_assume_role_policy",
            "module.eks.data.aws_iam_policy_document.cluster_elb_sl_role_creation"
          ]
        }
      ]
    },
    {
      "module": "module.eks",
      "mode": "managed",
      "type": "aws_iam_role_policy_attachment",
      "name": "workers_AmazonEC2ContainerRegistryReadOnly",
      "provider": "provider[\"registry.terraform.io/hashicorp/aws\"]",
      "instances": [
        {
          "index_key": 0,
          "schema_version": 0,
          "attributes": {
            "id": "deploy-lamp2022021915065507530000000e-20220219150703172800000014",
            "policy_arn": "arn:aws:iam::aws:policy/AmazonEC2ContainerRegistryReadOnly",
            "role": "deploy-lamp2022021915065507530000000e"
          },
          "sensitive_attributes": [],
          "private": "bnVsbA==",
          "dependencies": [
            "data.aws_availability_zones.available",
            "module.eks.aws_cloudwatch_log_group.this",
            "module.eks.aws_eks_cluster.this",
            "module.eks.aws_iam_role.cluster",
            "module.eks.aws_iam_role.workers",
            "module.eks.aws_iam_role_policy_attachment.cluster_AmazonEKSClusterPolicy",
            "module.eks.aws_iam_role_policy_attachment.cluster_AmazonEKSServicePolicy",
            "module.eks.aws_iam_role_policy_attachment.cluster_AmazonEKSVPCResourceControllerPolicy",
            "module.eks.aws_security_group.cluster",
            "module.eks.aws_security_group.workers",
            "module.eks.aws_security_group_rule.cluster_egress_internet",
            "module.eks.aws_security_group_rule.cluster_https_worker_ingress",
            "module.eks.data.aws_iam_policy_document.cluster_assume_role_policy",
            "module.eks.data.aws_iam_policy_document.workers_assume_role_policy",
            "module.eks.data.aws_iam_role.custom_cluster_iam_role",
            "module.eks.data.aws_partition.current",
            "module.vpc.aws_subnet.private",
            "module.vpc.aws_vpc.this",
            "module.vpc.aws_vpc_ipv4_cidr_block_association.this"
          ],
          "create_before_destroy": true
        }
      ]
    },
    {
      "module": "module.eks",
      "mode": "managed",
      "type": "aws_iam_role_policy_attachment",
      "name": "workers_AmazonEKSWorkerNodePolicy",
      "provider": "provider[\"registry.terraform.io/hashicorp/aws\"]",
      "instances": [
        {
          "index_key": 0,
          "schema_version": 0,
          "attributes": {
            "id": "deploy-lamp2022021915065507530000000e-20220219150703167000000013",
            "policy_arn": "arn:aws:iam::aws:policy/AmazonEKSWorkerNodePolicy",
            "role": "deploy-lamp2022021915065507530000000e"
          },
          "sensitive_attributes": [],
          "private": "bnVsbA==",
          "dependencies": [
            "data.aws_availability_zones.available",
            "module.eks.aws_cloudwatch_log_group.this",
            "module.eks.aws_eks_cluster.this",
            "module.eks.aws_iam_role.cluster",
            "module.eks.aws_iam_role.workers",
            "module.eks.aws_iam_role_policy_attachment.cluster_AmazonEKSClusterPolicy",
            "module.eks.aws_iam_role_policy_attachment.cluster_AmazonEKSServicePolicy",
            "module.eks.aws_iam_role_policy_attachment.cluster_AmazonEKSVPCResourceControllerPolicy",
            "module.eks.aws_security_group.cluster",
            "module.eks.aws_security_group.workers",
            "module.eks.aws_security_group_rule.cluster_egress_internet",
            "module.eks.aws_security_group_rule.cluster_https_worker_ingress",
            "module.eks.data.aws_iam_policy_document.cluster_assume_role_policy",
            "module.eks.data.aws_iam_policy_document.workers_assume_role_policy",
            "module.eks.data.aws_iam_role.custom_cluster_iam_role",
            "module.eks.data.aws_partition.current",
            "module.vpc.aws_subnet.private",
            "module.vpc.aws_vpc.this",
            "module.vpc.aws_vpc_ipv4_cidr_block_association.this"
          ],
          "create_before_destroy": true
        }
      ]
    },
    {
      "module": "module.eks",
      "mode": "managed",
      "type": "aws_iam_role_policy_attachment",
      "name": "workers_AmazonEKS_CNI_Policy",
      "provider": "provider[\"registry.terraform.io/hashicorp/aws\"]",
      "instances": [
        {
          "index_key": 0,
          "schema_version": 0,
          "attributes": {
            "id": "deploy-lamp2022021915065507530000000e-20220219150703164000000012",
            "policy_arn": "arn:aws:iam::aws:policy/AmazonEKS_CNI_Policy",
            "role": "deploy-lamp2022021915065507530000000e"
          },
          "sensitive_attributes": [],
          "private": "bnVsbA==",
          "dependencies": [
            "data.aws_availability_zones.available",
            "module.eks.aws_cloudwatch_log_group.this",
            "module.eks.aws_eks_cluster.this",
            "module.eks.aws_iam_role.cluster",
            "module.eks.aws_iam_role.workers",
            "module.eks.aws_iam_role_policy_attachment.cluster_AmazonEKSClusterPolicy",
            "module.eks.aws_iam_role_policy_attachment.cluster_AmazonEKSServicePolicy",
            "module.eks.aws_iam_role_policy_attachment.cluster_AmazonEKSVPCResourceControllerPolicy",
            "module.eks.aws_security_group.cluster",
            "module.eks.aws_security_group.workers",
            "module.eks.aws_security_group_rule.cluster_egress_internet",
            "module.eks.aws_security_group_rule.cluster_https_worker_ingress",
            "module.eks.data.aws_iam_policy_document.cluster_assume_role_policy",
            "module.eks.data.aws_iam_policy_document.workers_assume_role_policy",
            "module.eks.data.aws_iam_role.custom_cluster_iam_role",
            "module.eks.data.aws_partition.current",
            "module.vpc.aws_subnet.private",
            "module.vpc.aws_vpc.this",
            "module.vpc.aws_vpc_ipv4_cidr_block_association.this"
          ],
          "create_before_destroy": true
        }
      ]
    },
    {
      "module": "module.eks",
      "mode": "managed",
      "type": "aws_launch_configuration",
      "name": "workers",
      "provider": "provider[\"registry.terraform.io/hashicorp/aws\"]",
      "instances": [
        {
          "index_key": 0,
          "schema_version": 0,
          "attributes": {
            "arn": "arn:aws:autoscaling:eu-central-1:819902507912:launchConfiguration:7a655353-81a8-455d-9f34-abf72909a4cc:launchConfigurationName/deploy-lamp-worker-group-120220219150704381600000017",
            "associate_public_ip_address": false,
            "ebs_block_device": [],
            "ebs_optimized": false,
            "enable_monitoring": true,
            "ephemeral_block_device": [],
            "iam_instance_profile": "deploy-lamp20220219150702624400000010",
            "id": "deploy-lamp-worker-group-120220219150704381600000017",
            "image_id": "ami-04be4b2e08f425d5c",
            "instance_type": "t2.micro",
            "key_name": "",
            "metadata_options": [
              {
                "http_endpoint": "enabled",
                "http_put_response_hop_limit": 1,
                "http_tokens": "optional"
              }
            ],
            "name": "deploy-lamp-worker-group-120220219150704381600000017",
            "name_prefix": "deploy-lamp-worker-group-1",
            "placement_tenancy": "",
            "root_block_device": [
              {
                "delete_on_termination": true,
                "encrypted": false,
                "iops": 0,
                "throughput": 0,
                "volume_size": 100,
                "volume_type": "gp2"
              }
            ],
            "security_groups": [
              "sg-0311aa5d0d924f725",
              "sg-058bcd9d7e5785546"
            ],
            "spot_price": "",
            "user_data": null,
            "user_data_base64": "IyEvYmluL2Jhc2ggLWUKCiMgQWxsb3cgdXNlciBzdXBwbGllZCBwcmUgdXNlcmRhdGEgY29kZQoKCiMgQm9vdHN0cmFwIGFuZCBqb2luIHRoZSBjbHVzdGVyCi9ldGMvZWtzL2Jvb3RzdHJhcC5zaCAtLWI2NC1jbHVzdGVyLWNhICdMUzB0TFMxQ1JVZEpUaUJEUlZKVVNVWkpRMEZVUlMwdExTMHRDazFKU1VNMWVrTkRRV01yWjBGM1NVSkJaMGxDUVVSQlRrSm5hM0ZvYTJsSE9YY3dRa0ZSYzBaQlJFRldUVkpOZDBWUldVUldVVkZFUlhkd2NtUlhTbXdLWTIwMWJHUkhWbnBOUWpSWVJGUkplVTFFU1hoUFZFVXhUVVJKZUU5R2IxaEVWRTE1VFVSSmVFNTZSVEZOUkVsNFQwWnZkMFpVUlZSTlFrVkhRVEZWUlFwQmVFMUxZVE5XYVZwWVNuVmFXRkpzWTNwRFEwRlRTWGRFVVZsS1MyOWFTV2gyWTA1QlVVVkNRbEZCUkdkblJWQkJSRU5EUVZGdlEyZG5SVUpCVFROa0NrTkhOVXBPYzNscVMwdEdXbTFhYkVwVk5sbzFhM0UxY0V0alFWWTJXVk5ZU1RkcU9IaFhObEpMWXpVelVGVkdTa0pCZFVVdlJuVnNhbEF6YlVoa1NYSUtPUzh2VFdkSVpVVjBLMHBJYUhKS1NFMHZiR1UxWlVaclozZ3dkMHRDZWxKaWVrbHZiWE1yUWl0SGVUWXZWVmd2ZUhOMWExa3JjbEI0UlVoR1NtNDRVUW8xVUdwSWJrWnRXVFJzYTI4cmR6QlNTSGRMUVZGR2EwNVRNalpwYTBKd1ZEbHlaMDFDWnpKNkszVm9RazlvU0N0c2JHOUdVRXRRV0ZocEwwcEJOSHBIQ25FMFRqVkZaemtyYVZkcmFYTldaa3hUTm1wS01GbGhiQ3RIWkd0VE5qTnBLM1JOYXpKdFVWaHVLMngxUzBGeVpta3dOMFpxTVU1bVZEUTNWSFJzUkdFS2RYYzRRM0ZhVGxoalVHVnhaSGQzS3k5aGJsWm9TMVJxUjI1U04weDBTRWhJUjJvMmRqWm1TMGhFV0d4M1prbzRNRFJ1UVdodmNHNUZjRlJ4UWpONlNncFRaMUJSV1RCVWFubDRiMlZzTVRocFF5c3dRMEYzUlVGQllVNURUVVZCZDBSbldVUldVakJRUVZGSUwwSkJVVVJCWjB0clRVRTRSMEV4VldSRmQwVkNDaTkzVVVaTlFVMUNRV1k0ZDBoUldVUldVakJQUWtKWlJVWk5jMWxOT0ZWSFIwaHdNbHBzY25GeWNrZDVTV2N2YmpCUFNraE5RVEJIUTFOeFIxTkpZak1LUkZGRlFrTjNWVUZCTkVsQ1FWRkVRa1pLVGpaQ01tSlZNa1pxYVRkM09GTnphRk5RYkdKM1puTlFjVkYxVTNwSVVVUmFNMDlGZUhWeVVWaHFVM1JNT1FwdFR6azRSa2hsZVZCUU4xUlFZVXN2TlRkSGRWZzJOSE5sTkZCTldHdFBSbmRsYlhjMlJIZERhbFJWT1U5eFRFc3paVVJvUkhCdGMwaHVPVXB5VUhoYUNtczNTV1V4ZGpWRGMwbFdZVEJKTW1oWlRqTTBORGd2T1doUWNGSnVORVJpVTNjM05YaDBURTF5VUZsU09TdFlOR1pHYmtsQ1NXWjNObnBtYm1KR2JVVUtSa2Q0TUZSSWNWVmtSazg1VmxscGJ6QXhlU3RyUjJ0alQxbGhiVm80UWtWWlN6UXpOMUZqZUZOa1RrWklWbUZYY0dvMlExVTBMMU52YldOMFVYWlRaZ3BFTnpCM1JXRjRaV1p2ZEVsdmVYQXZNa1ZZT1hWUFJUaHRjMEpTYTA1VVlXaE9USGt5VUhkVE4wdFhOblEzT0hWd01IZFJiR1IwWm5wbVRHMXpPV0ZPQ2pCdEsxb3paWEpvTkRaQ1ZXdFlOVUpOUjBkRGJXOU1WMk5UU0VKcFJ6RnNiM3B5Y0FvdExTMHRMVVZPUkNCRFJWSlVTVVpKUTBGVVJTMHRMUzB0Q2c9PScgLS1hcGlzZXJ2ZXItZW5kcG9pbnQgJ2h0dHBzOi8vN0Y3MEE1QUVGNDA4NEI0MkU1OTg1NTBBMjA3ODk3N0UuZ3I3LmV1LWNlbnRyYWwtMS5la3MuYW1hem9uYXdzLmNvbScgIC0ta3ViZWxldC1leHRyYS1hcmdzICIiICdkZXBsb3ktbGFtcCcKCiMgQWxsb3cgdXNlciBzdXBwbGllZCB1c2VyZGF0YSBjb2RlCmVjaG8gZm9vIGJhcgo=",
            "vpc_classic_link_id": "",
            "vpc_classic_link_security_groups": []
          },
          "sensitive_attributes": [],
          "private": "bnVsbA==",
          "dependencies": [
            "aws_security_group.worker_group_mgmt_one",
            "aws_security_group.worker_group_mgmt_two",
            "data.aws_availability_zones.available",
            "module.eks.aws_cloudwatch_log_group.this",
            "module.eks.aws_eks_cluster.this",
            "module.eks.aws_iam_instance_profile.workers",
            "module.eks.aws_iam_role.cluster",
            "module.eks.aws_iam_role.workers",
            "module.eks.aws_iam_role_policy_attachment.cluster_AmazonEKSClusterPolicy",
            "module.eks.aws_iam_role_policy_attachment.cluster_AmazonEKSServicePolicy",
            "module.eks.aws_iam_role_policy_attachment.cluster_AmazonEKSVPCResourceControllerPolicy",
            "module.eks.aws_iam_role_policy_attachment.workers_AmazonEC2ContainerRegistryReadOnly",
            "module.eks.aws_iam_role_policy_attachment.workers_AmazonEKSWorkerNodePolicy",
            "module.eks.aws_iam_role_policy_attachment.workers_AmazonEKS_CNI_Policy",
            "module.eks.aws_iam_role_policy_attachment.workers_additional_policies",
            "module.eks.aws_security_group.cluster",
            "module.eks.aws_security_group.workers",
            "module.eks.aws_security_group_rule.cluster_egress_internet",
            "module.eks.aws_security_group_rule.cluster_https_worker_ingress",
            "module.eks.aws_security_group_rule.cluster_primary_ingress_workers",
            "module.eks.aws_security_group_rule.workers_egress_internet",
            "module.eks.aws_security_group_rule.workers_ingress_cluster",
            "module.eks.aws_security_group_rule.workers_ingress_cluster_https",
            "module.eks.aws_security_group_rule.workers_ingress_cluster_kubelet",
            "module.eks.aws_security_group_rule.workers_ingress_cluster_primary",
            "module.eks.aws_security_group_rule.workers_ingress_self",
            "module.eks.data.aws_ami.eks_worker",
            "module.eks.data.aws_ami.eks_worker_windows",
            "module.eks.data.aws_iam_instance_profile.custom_worker_group_iam_instance_profile",
            "module.eks.data.aws_iam_policy_document.cluster_assume_role_policy",
            "module.eks.data.aws_iam_policy_document.workers_assume_role_policy",
            "module.eks.data.aws_iam_role.custom_cluster_iam_role",
            "module.eks.data.aws_partition.current",
            "module.vpc.aws_subnet.private",
            "module.vpc.aws_vpc.this",
            "module.vpc.aws_vpc_ipv4_cidr_block_association.this"
          ],
          "create_before_destroy": true
        },
        {
          "index_key": 1,
          "schema_version": 0,
          "attributes": {
            "arn": "arn:aws:autoscaling:eu-central-1:819902507912:launchConfiguration:7c51b3dd-fce2-416e-a150-ae3d7f4b0ec6:launchConfigurationName/deploy-lamp-worker-group-120220220072614544800000006",
            "associate_public_ip_address": false,
            "ebs_block_device": [],
            "ebs_optimized": false,
            "enable_monitoring": true,
            "ephemeral_block_device": [],
            "iam_instance_profile": "deploy-lamp2022021915070262370000000f",
            "id": "deploy-lamp-worker-group-120220220072614544800000006",
            "image_id": "ami-04be4b2e08f425d5c",
            "instance_type": "t2.micro",
            "key_name": "",
            "metadata_options": [
              {
                "http_endpoint": "enabled",
                "http_put_response_hop_limit": 1,
                "http_tokens": "optional"
              }
            ],
            "name": "deploy-lamp-worker-group-120220220072614544800000006",
            "name_prefix": "deploy-lamp-worker-group-1",
            "placement_tenancy": "",
            "root_block_device": [
              {
                "delete_on_termination": true,
                "encrypted": false,
                "iops": 0,
                "throughput": 0,
                "volume_size": 100,
                "volume_type": "gp2"
              }
            ],
            "security_groups": [
              "sg-0311aa5d0d924f725",
              "sg-058bcd9d7e5785546"
            ],
            "spot_price": "",
            "user_data": null,
            "user_data_base64": "IyEvYmluL2Jhc2ggLWUKCiMgQWxsb3cgdXNlciBzdXBwbGllZCBwcmUgdXNlcmRhdGEgY29kZQoKCiMgQm9vdHN0cmFwIGFuZCBqb2luIHRoZSBjbHVzdGVyCi9ldGMvZWtzL2Jvb3RzdHJhcC5zaCAtLWI2NC1jbHVzdGVyLWNhICdMUzB0TFMxQ1JVZEpUaUJEUlZKVVNVWkpRMEZVUlMwdExTMHRDazFKU1VNMWVrTkRRV01yWjBGM1NVSkJaMGxDUVVSQlRrSm5hM0ZvYTJsSE9YY3dRa0ZSYzBaQlJFRldUVkpOZDBWUldVUldVVkZFUlhkd2NtUlhTbXdLWTIwMWJHUkhWbnBOUWpSWVJGUkplVTFFU1hoUFZFVXhUVVJKZUU5R2IxaEVWRTE1VFVSSmVFNTZSVEZOUkVsNFQwWnZkMFpVUlZSTlFrVkhRVEZWUlFwQmVFMUxZVE5XYVZwWVNuVmFXRkpzWTNwRFEwRlRTWGRFVVZsS1MyOWFTV2gyWTA1QlVVVkNRbEZCUkdkblJWQkJSRU5EUVZGdlEyZG5SVUpCVFROa0NrTkhOVXBPYzNscVMwdEdXbTFhYkVwVk5sbzFhM0UxY0V0alFWWTJXVk5ZU1RkcU9IaFhObEpMWXpVelVGVkdTa0pCZFVVdlJuVnNhbEF6YlVoa1NYSUtPUzh2VFdkSVpVVjBLMHBJYUhKS1NFMHZiR1UxWlVaclozZ3dkMHRDZWxKaWVrbHZiWE1yUWl0SGVUWXZWVmd2ZUhOMWExa3JjbEI0UlVoR1NtNDRVUW8xVUdwSWJrWnRXVFJzYTI4cmR6QlNTSGRMUVZGR2EwNVRNalpwYTBKd1ZEbHlaMDFDWnpKNkszVm9RazlvU0N0c2JHOUdVRXRRV0ZocEwwcEJOSHBIQ25FMFRqVkZaemtyYVZkcmFYTldaa3hUTm1wS01GbGhiQ3RIWkd0VE5qTnBLM1JOYXpKdFVWaHVLMngxUzBGeVpta3dOMFpxTVU1bVZEUTNWSFJzUkdFS2RYYzRRM0ZhVGxoalVHVnhaSGQzS3k5aGJsWm9TMVJxUjI1U04weDBTRWhJUjJvMmRqWm1TMGhFV0d4M1prbzRNRFJ1UVdodmNHNUZjRlJ4UWpONlNncFRaMUJSV1RCVWFubDRiMlZzTVRocFF5c3dRMEYzUlVGQllVNURUVVZCZDBSbldVUldVakJRUVZGSUwwSkJVVVJCWjB0clRVRTRSMEV4VldSRmQwVkNDaTkzVVVaTlFVMUNRV1k0ZDBoUldVUldVakJQUWtKWlJVWk5jMWxOT0ZWSFIwaHdNbHBzY25GeWNrZDVTV2N2YmpCUFNraE5RVEJIUTFOeFIxTkpZak1LUkZGRlFrTjNWVUZCTkVsQ1FWRkVRa1pLVGpaQ01tSlZNa1pxYVRkM09GTnphRk5RYkdKM1puTlFjVkYxVTNwSVVVUmFNMDlGZUhWeVVWaHFVM1JNT1FwdFR6azRSa2hsZVZCUU4xUlFZVXN2TlRkSGRWZzJOSE5sTkZCTldHdFBSbmRsYlhjMlJIZERhbFJWT1U5eFRFc3paVVJvUkhCdGMwaHVPVXB5VUhoYUNtczNTV1V4ZGpWRGMwbFdZVEJKTW1oWlRqTTBORGd2T1doUWNGSnVORVJpVTNjM05YaDBURTF5VUZsU09TdFlOR1pHYmtsQ1NXWjNObnBtYm1KR2JVVUtSa2Q0TUZSSWNWVmtSazg1VmxscGJ6QXhlU3RyUjJ0alQxbGhiVm80UWtWWlN6UXpOMUZqZUZOa1RrWklWbUZYY0dvMlExVTBMMU52YldOMFVYWlRaZ3BFTnpCM1JXRjRaV1p2ZEVsdmVYQXZNa1ZZT1hWUFJUaHRjMEpTYTA1VVlXaE9USGt5VUhkVE4wdFhOblEzT0hWd01IZFJiR1IwWm5wbVRHMXpPV0ZPQ2pCdEsxb3paWEpvTkRaQ1ZXdFlOVUpOUjBkRGJXOU1WMk5UU0VKcFJ6RnNiM3B5Y0FvdExTMHRMVVZPUkNCRFJWSlVTVVpKUTBGVVJTMHRMUzB0Q2c9PScgLS1hcGlzZXJ2ZXItZW5kcG9pbnQgJ2h0dHBzOi8vN0Y3MEE1QUVGNDA4NEI0MkU1OTg1NTBBMjA3ODk3N0UuZ3I3LmV1LWNlbnRyYWwtMS5la3MuYW1hem9uYXdzLmNvbScgIC0ta3ViZWxldC1leHRyYS1hcmdzICIiICdkZXBsb3ktbGFtcCcKCiMgQWxsb3cgdXNlciBzdXBwbGllZCB1c2VyZGF0YSBjb2RlCmVjaG8gZm9vIGJhcgo=",
            "vpc_classic_link_id": "",
            "vpc_classic_link_security_groups": []
          },
          "sensitive_attributes": [],
          "private": "bnVsbA==",
          "dependencies": [
            "aws_security_group.worker_group_mgmt_one",
            "aws_security_group.worker_group_mgmt_two",
            "data.aws_availability_zones.available",
            "module.eks.aws_cloudwatch_log_group.this",
            "module.eks.aws_eks_cluster.this",
            "module.eks.aws_iam_instance_profile.workers",
            "module.eks.aws_iam_role.cluster",
            "module.eks.aws_iam_role.workers",
            "module.eks.aws_iam_role_policy_attachment.cluster_AmazonEKSClusterPolicy",
            "module.eks.aws_iam_role_policy_attachment.cluster_AmazonEKSServicePolicy",
            "module.eks.aws_iam_role_policy_attachment.cluster_AmazonEKSVPCResourceControllerPolicy",
            "module.eks.aws_iam_role_policy_attachment.workers_AmazonEC2ContainerRegistryReadOnly",
            "module.eks.aws_iam_role_policy_attachment.workers_AmazonEKSWorkerNodePolicy",
            "module.eks.aws_iam_role_policy_attachment.workers_AmazonEKS_CNI_Policy",
            "module.eks.aws_iam_role_policy_attachment.workers_additional_policies",
            "module.eks.aws_security_group.cluster",
            "module.eks.aws_security_group.workers",
            "module.eks.aws_security_group_rule.cluster_egress_internet",
            "module.eks.aws_security_group_rule.cluster_https_worker_ingress",
            "module.eks.aws_security_group_rule.cluster_primary_ingress_workers",
            "module.eks.aws_security_group_rule.workers_egress_internet",
            "module.eks.aws_security_group_rule.workers_ingress_cluster",
            "module.eks.aws_security_group_rule.workers_ingress_cluster_https",
            "module.eks.aws_security_group_rule.workers_ingress_cluster_kubelet",
            "module.eks.aws_security_group_rule.workers_ingress_cluster_primary",
            "module.eks.aws_security_group_rule.workers_ingress_self",
            "module.eks.data.aws_ami.eks_worker",
            "module.eks.data.aws_ami.eks_worker_windows",
            "module.eks.data.aws_iam_instance_profile.custom_worker_group_iam_instance_profile",
            "module.eks.data.aws_iam_policy_document.cluster_assume_role_policy",
            "module.eks.data.aws_iam_policy_document.workers_assume_role_policy",
            "module.eks.data.aws_iam_role.custom_cluster_iam_role",
            "module.eks.data.aws_partition.current",
            "module.vpc.aws_subnet.private",
            "module.vpc.aws_vpc.this",
            "module.vpc.aws_vpc_ipv4_cidr_block_association.this"
          ],
          "create_before_destroy": true
        },
        {
          "index_key": 2,
          "schema_version": 0,
          "attributes": {
            "arn": "arn:aws:autoscaling:eu-central-1:819902507912:launchConfiguration:258954de-d0e0-4c5a-8073-62b20aaaaf99:launchConfigurationName/deploy-lamp-worker-group-120220220072614539800000005",
            "associate_public_ip_address": false,
            "ebs_block_device": [],
            "ebs_optimized": false,
            "enable_monitoring": true,
            "ephemeral_block_device": [],
            "iam_instance_profile": "deploy-lamp20220219150702626500000011",
            "id": "deploy-lamp-worker-group-120220220072614539800000005",
            "image_id": "ami-04be4b2e08f425d5c",
            "instance_type": "t2.micro",
            "key_name": "",
            "metadata_options": [
              {
                "http_endpoint": "enabled",
                "http_put_response_hop_limit": 1,
                "http_tokens": "optional"
              }
            ],
            "name": "deploy-lamp-worker-group-120220220072614539800000005",
            "name_prefix": "deploy-lamp-worker-group-1",
            "placement_tenancy": "",
            "root_block_device": [
              {
                "delete_on_termination": true,
                "encrypted": false,
                "iops": 0,
                "throughput": 0,
                "volume_size": 100,
                "volume_type": "gp2"
              }
            ],
            "security_groups": [
              "sg-0311aa5d0d924f725",
              "sg-058bcd9d7e5785546"
            ],
            "spot_price": "",
            "user_data": null,
            "user_data_base64": "IyEvYmluL2Jhc2ggLWUKCiMgQWxsb3cgdXNlciBzdXBwbGllZCBwcmUgdXNlcmRhdGEgY29kZQoKCiMgQm9vdHN0cmFwIGFuZCBqb2luIHRoZSBjbHVzdGVyCi9ldGMvZWtzL2Jvb3RzdHJhcC5zaCAtLWI2NC1jbHVzdGVyLWNhICdMUzB0TFMxQ1JVZEpUaUJEUlZKVVNVWkpRMEZVUlMwdExTMHRDazFKU1VNMWVrTkRRV01yWjBGM1NVSkJaMGxDUVVSQlRrSm5hM0ZvYTJsSE9YY3dRa0ZSYzBaQlJFRldUVkpOZDBWUldVUldVVkZFUlhkd2NtUlhTbXdLWTIwMWJHUkhWbnBOUWpSWVJGUkplVTFFU1hoUFZFVXhUVVJKZUU5R2IxaEVWRTE1VFVSSmVFNTZSVEZOUkVsNFQwWnZkMFpVUlZSTlFrVkhRVEZWUlFwQmVFMUxZVE5XYVZwWVNuVmFXRkpzWTNwRFEwRlRTWGRFVVZsS1MyOWFTV2gyWTA1QlVVVkNRbEZCUkdkblJWQkJSRU5EUVZGdlEyZG5SVUpCVFROa0NrTkhOVXBPYzNscVMwdEdXbTFhYkVwVk5sbzFhM0UxY0V0alFWWTJXVk5ZU1RkcU9IaFhObEpMWXpVelVGVkdTa0pCZFVVdlJuVnNhbEF6YlVoa1NYSUtPUzh2VFdkSVpVVjBLMHBJYUhKS1NFMHZiR1UxWlVaclozZ3dkMHRDZWxKaWVrbHZiWE1yUWl0SGVUWXZWVmd2ZUhOMWExa3JjbEI0UlVoR1NtNDRVUW8xVUdwSWJrWnRXVFJzYTI4cmR6QlNTSGRMUVZGR2EwNVRNalpwYTBKd1ZEbHlaMDFDWnpKNkszVm9RazlvU0N0c2JHOUdVRXRRV0ZocEwwcEJOSHBIQ25FMFRqVkZaemtyYVZkcmFYTldaa3hUTm1wS01GbGhiQ3RIWkd0VE5qTnBLM1JOYXpKdFVWaHVLMngxUzBGeVpta3dOMFpxTVU1bVZEUTNWSFJzUkdFS2RYYzRRM0ZhVGxoalVHVnhaSGQzS3k5aGJsWm9TMVJxUjI1U04weDBTRWhJUjJvMmRqWm1TMGhFV0d4M1prbzRNRFJ1UVdodmNHNUZjRlJ4UWpONlNncFRaMUJSV1RCVWFubDRiMlZzTVRocFF5c3dRMEYzUlVGQllVNURUVVZCZDBSbldVUldVakJRUVZGSUwwSkJVVVJCWjB0clRVRTRSMEV4VldSRmQwVkNDaTkzVVVaTlFVMUNRV1k0ZDBoUldVUldVakJQUWtKWlJVWk5jMWxOT0ZWSFIwaHdNbHBzY25GeWNrZDVTV2N2YmpCUFNraE5RVEJIUTFOeFIxTkpZak1LUkZGRlFrTjNWVUZCTkVsQ1FWRkVRa1pLVGpaQ01tSlZNa1pxYVRkM09GTnphRk5RYkdKM1puTlFjVkYxVTNwSVVVUmFNMDlGZUhWeVVWaHFVM1JNT1FwdFR6azRSa2hsZVZCUU4xUlFZVXN2TlRkSGRWZzJOSE5sTkZCTldHdFBSbmRsYlhjMlJIZERhbFJWT1U5eFRFc3paVVJvUkhCdGMwaHVPVXB5VUhoYUNtczNTV1V4ZGpWRGMwbFdZVEJKTW1oWlRqTTBORGd2T1doUWNGSnVORVJpVTNjM05YaDBURTF5VUZsU09TdFlOR1pHYmtsQ1NXWjNObnBtYm1KR2JVVUtSa2Q0TUZSSWNWVmtSazg1VmxscGJ6QXhlU3RyUjJ0alQxbGhiVm80UWtWWlN6UXpOMUZqZUZOa1RrWklWbUZYY0dvMlExVTBMMU52YldOMFVYWlRaZ3BFTnpCM1JXRjRaV1p2ZEVsdmVYQXZNa1ZZT1hWUFJUaHRjMEpTYTA1VVlXaE9USGt5VUhkVE4wdFhOblEzT0hWd01IZFJiR1IwWm5wbVRHMXpPV0ZPQ2pCdEsxb3paWEpvTkRaQ1ZXdFlOVUpOUjBkRGJXOU1WMk5UU0VKcFJ6RnNiM3B5Y0FvdExTMHRMVVZPUkNCRFJWSlVTVVpKUTBGVVJTMHRMUzB0Q2c9PScgLS1hcGlzZXJ2ZXItZW5kcG9pbnQgJ2h0dHBzOi8vN0Y3MEE1QUVGNDA4NEI0MkU1OTg1NTBBMjA3ODk3N0UuZ3I3LmV1LWNlbnRyYWwtMS5la3MuYW1hem9uYXdzLmNvbScgIC0ta3ViZWxldC1leHRyYS1hcmdzICIiICdkZXBsb3ktbGFtcCcKCiMgQWxsb3cgdXNlciBzdXBwbGllZCB1c2VyZGF0YSBjb2RlCmVjaG8gZm9vIGJhcgo=",
            "vpc_classic_link_id": "",
            "vpc_classic_link_security_groups": []
          },
          "sensitive_attributes": [],
          "private": "bnVsbA==",
          "dependencies": [
            "aws_security_group.worker_group_mgmt_one",
            "aws_security_group.worker_group_mgmt_two",
            "data.aws_availability_zones.available",
            "module.eks.aws_cloudwatch_log_group.this",
            "module.eks.aws_eks_cluster.this",
            "module.eks.aws_iam_instance_profile.workers",
            "module.eks.aws_iam_role.cluster",
            "module.eks.aws_iam_role.workers",
            "module.eks.aws_iam_role_policy_attachment.cluster_AmazonEKSClusterPolicy",
            "module.eks.aws_iam_role_policy_attachment.cluster_AmazonEKSServicePolicy",
            "module.eks.aws_iam_role_policy_attachment.cluster_AmazonEKSVPCResourceControllerPolicy",
            "module.eks.aws_iam_role_policy_attachment.workers_AmazonEC2ContainerRegistryReadOnly",
            "module.eks.aws_iam_role_policy_attachment.workers_AmazonEKSWorkerNodePolicy",
            "module.eks.aws_iam_role_policy_attachment.workers_AmazonEKS_CNI_Policy",
            "module.eks.aws_iam_role_policy_attachment.workers_additional_policies",
            "module.eks.aws_security_group.cluster",
            "module.eks.aws_security_group.workers",
            "module.eks.aws_security_group_rule.cluster_egress_internet",
            "module.eks.aws_security_group_rule.cluster_https_worker_ingress",
            "module.eks.aws_security_group_rule.cluster_primary_ingress_workers",
            "module.eks.aws_security_group_rule.workers_egress_internet",
            "module.eks.aws_security_group_rule.workers_ingress_cluster",
            "module.eks.aws_security_group_rule.workers_ingress_cluster_https",
            "module.eks.aws_security_group_rule.workers_ingress_cluster_kubelet",
            "module.eks.aws_security_group_rule.workers_ingress_cluster_primary",
            "module.eks.aws_security_group_rule.workers_ingress_self",
            "module.eks.data.aws_ami.eks_worker",
            "module.eks.data.aws_ami.eks_worker_windows",
            "module.eks.data.aws_iam_instance_profile.custom_worker_group_iam_instance_profile",
            "module.eks.data.aws_iam_policy_document.cluster_assume_role_policy",
            "module.eks.data.aws_iam_policy_document.workers_assume_role_policy",
            "module.eks.data.aws_iam_role.custom_cluster_iam_role",
            "module.eks.data.aws_partition.current",
            "module.vpc.aws_subnet.private",
            "module.vpc.aws_vpc.this",
            "module.vpc.aws_vpc_ipv4_cidr_block_association.this"
          ],
          "create_before_destroy": true
        },
        {
          "index_key": 3,
          "schema_version": 0,
          "attributes": {
            "arn": "arn:aws:autoscaling:eu-central-1:819902507912:launchConfiguration:ce2e82a0-3887-4e09-a080-8af7fdb46cfb:launchConfigurationName/deploy-lamp-worker-group-12022022008472035510000000b",
            "associate_public_ip_address": false,
            "ebs_block_device": [],
            "ebs_optimized": false,
            "enable_monitoring": true,
            "ephemeral_block_device": [],
            "iam_instance_profile": "deploy-lamp20220220072612461700000001",
            "id": "deploy-lamp-worker-group-12022022008472035510000000b",
            "image_id": "ami-04be4b2e08f425d5c",
            "instance_type": "t2.micro",
            "key_name": "",
            "metadata_options": [
              {
                "http_endpoint": "enabled",
                "http_put_response_hop_limit": 1,
                "http_tokens": "optional"
              }
            ],
            "name": "deploy-lamp-worker-group-12022022008472035510000000b",
            "name_prefix": "deploy-lamp-worker-group-1",
            "placement_tenancy": "",
            "root_block_device": [
              {
                "delete_on_termination": true,
                "encrypted": false,
                "iops": 0,
                "throughput": 0,
                "volume_size": 100,
                "volume_type": "gp2"
              }
            ],
            "security_groups": [
              "sg-0311aa5d0d924f725",
              "sg-058bcd9d7e5785546"
            ],
            "spot_price": "",
            "user_data": null,
            "user_data_base64": "IyEvYmluL2Jhc2ggLWUKCiMgQWxsb3cgdXNlciBzdXBwbGllZCBwcmUgdXNlcmRhdGEgY29kZQoKCiMgQm9vdHN0cmFwIGFuZCBqb2luIHRoZSBjbHVzdGVyCi9ldGMvZWtzL2Jvb3RzdHJhcC5zaCAtLWI2NC1jbHVzdGVyLWNhICdMUzB0TFMxQ1JVZEpUaUJEUlZKVVNVWkpRMEZVUlMwdExTMHRDazFKU1VNMWVrTkRRV01yWjBGM1NVSkJaMGxDUVVSQlRrSm5hM0ZvYTJsSE9YY3dRa0ZSYzBaQlJFRldUVkpOZDBWUldVUldVVkZFUlhkd2NtUlhTbXdLWTIwMWJHUkhWbnBOUWpSWVJGUkplVTFFU1hoUFZFVXhUVVJKZUU5R2IxaEVWRTE1VFVSSmVFNTZSVEZOUkVsNFQwWnZkMFpVUlZSTlFrVkhRVEZWUlFwQmVFMUxZVE5XYVZwWVNuVmFXRkpzWTNwRFEwRlRTWGRFVVZsS1MyOWFTV2gyWTA1QlVVVkNRbEZCUkdkblJWQkJSRU5EUVZGdlEyZG5SVUpCVFROa0NrTkhOVXBPYzNscVMwdEdXbTFhYkVwVk5sbzFhM0UxY0V0alFWWTJXVk5ZU1RkcU9IaFhObEpMWXpVelVGVkdTa0pCZFVVdlJuVnNhbEF6YlVoa1NYSUtPUzh2VFdkSVpVVjBLMHBJYUhKS1NFMHZiR1UxWlVaclozZ3dkMHRDZWxKaWVrbHZiWE1yUWl0SGVUWXZWVmd2ZUhOMWExa3JjbEI0UlVoR1NtNDRVUW8xVUdwSWJrWnRXVFJzYTI4cmR6QlNTSGRMUVZGR2EwNVRNalpwYTBKd1ZEbHlaMDFDWnpKNkszVm9RazlvU0N0c2JHOUdVRXRRV0ZocEwwcEJOSHBIQ25FMFRqVkZaemtyYVZkcmFYTldaa3hUTm1wS01GbGhiQ3RIWkd0VE5qTnBLM1JOYXpKdFVWaHVLMngxUzBGeVpta3dOMFpxTVU1bVZEUTNWSFJzUkdFS2RYYzRRM0ZhVGxoalVHVnhaSGQzS3k5aGJsWm9TMVJxUjI1U04weDBTRWhJUjJvMmRqWm1TMGhFV0d4M1prbzRNRFJ1UVdodmNHNUZjRlJ4UWpONlNncFRaMUJSV1RCVWFubDRiMlZzTVRocFF5c3dRMEYzUlVGQllVNURUVVZCZDBSbldVUldVakJRUVZGSUwwSkJVVVJCWjB0clRVRTRSMEV4VldSRmQwVkNDaTkzVVVaTlFVMUNRV1k0ZDBoUldVUldVakJQUWtKWlJVWk5jMWxOT0ZWSFIwaHdNbHBzY25GeWNrZDVTV2N2YmpCUFNraE5RVEJIUTFOeFIxTkpZak1LUkZGRlFrTjNWVUZCTkVsQ1FWRkVRa1pLVGpaQ01tSlZNa1pxYVRkM09GTnphRk5RYkdKM1puTlFjVkYxVTNwSVVVUmFNMDlGZUhWeVVWaHFVM1JNT1FwdFR6azRSa2hsZVZCUU4xUlFZVXN2TlRkSGRWZzJOSE5sTkZCTldHdFBSbmRsYlhjMlJIZERhbFJWT1U5eFRFc3paVVJvUkhCdGMwaHVPVXB5VUhoYUNtczNTV1V4ZGpWRGMwbFdZVEJKTW1oWlRqTTBORGd2T1doUWNGSnVORVJpVTNjM05YaDBURTF5VUZsU09TdFlOR1pHYmtsQ1NXWjNObnBtYm1KR2JVVUtSa2Q0TUZSSWNWVmtSazg1VmxscGJ6QXhlU3RyUjJ0alQxbGhiVm80UWtWWlN6UXpOMUZqZUZOa1RrWklWbUZYY0dvMlExVTBMMU52YldOMFVYWlRaZ3BFTnpCM1JXRjRaV1p2ZEVsdmVYQXZNa1ZZT1hWUFJUaHRjMEpTYTA1VVlXaE9USGt5VUhkVE4wdFhOblEzT0hWd01IZFJiR1IwWm5wbVRHMXpPV0ZPQ2pCdEsxb3paWEpvTkRaQ1ZXdFlOVUpOUjBkRGJXOU1WMk5UU0VKcFJ6RnNiM3B5Y0FvdExTMHRMVVZPUkNCRFJWSlVTVVpKUTBGVVJTMHRMUzB0Q2c9PScgLS1hcGlzZXJ2ZXItZW5kcG9pbnQgJ2h0dHBzOi8vN0Y3MEE1QUVGNDA4NEI0MkU1OTg1NTBBMjA3ODk3N0UuZ3I3LmV1LWNlbnRyYWwtMS5la3MuYW1hem9uYXdzLmNvbScgIC0ta3ViZWxldC1leHRyYS1hcmdzICIiICdkZXBsb3ktbGFtcCcKCiMgQWxsb3cgdXNlciBzdXBwbGllZCB1c2VyZGF0YSBjb2RlCmVjaG8gZm9vIGJhcgo=",
            "vpc_classic_link_id": "",
            "vpc_classic_link_security_groups": null
          },
          "sensitive_attributes": [],
          "private": "bnVsbA==",
          "dependencies": [
            "aws_security_group.worker_group_mgmt_one",
            "aws_security_group.worker_group_mgmt_two",
            "module.eks.aws_eks_cluster.this",
            "module.eks.aws_iam_instance_profile.workers",
            "module.eks.aws_iam_role.workers",
            "module.eks.aws_iam_role_policy_attachment.workers_AmazonEC2ContainerRegistryReadOnly",
            "module.eks.aws_iam_role_policy_attachment.workers_AmazonEKSWorkerNodePolicy",
            "module.eks.aws_iam_role_policy_attachment.workers_AmazonEKS_CNI_Policy",
            "module.eks.aws_iam_role_policy_attachment.workers_additional_policies",
            "module.eks.aws_security_group.workers",
            "module.eks.aws_security_group_rule.cluster_primary_ingress_workers",
            "module.eks.aws_security_group_rule.workers_egress_internet",
            "module.eks.aws_security_group_rule.workers_ingress_cluster",
            "module.eks.aws_security_group_rule.workers_ingress_cluster_https",
            "module.eks.aws_security_group_rule.workers_ingress_cluster_kubelet",
            "module.eks.aws_security_group_rule.workers_ingress_cluster_primary",
            "module.eks.aws_security_group_rule.workers_ingress_self",
            "module.eks.data.aws_ami.eks_worker",
            "module.eks.data.aws_ami.eks_worker_windows",
            "module.eks.data.aws_iam_instance_profile.custom_worker_group_iam_instance_profile",
            "module.vpc.aws_subnet.private"
          ],
          "create_before_destroy": true
        },
        {
          "index_key": 4,
          "schema_version": 0,
          "attributes": {
            "arn": "arn:aws:autoscaling:eu-central-1:819902507912:launchConfiguration:0d85d7ef-7a29-4928-a864-b65454b5cd7f:launchConfigurationName/deploy-lamp-worker-group-120220220084720322100000009",
            "associate_public_ip_address": false,
            "ebs_block_device": [],
            "ebs_optimized": false,
            "enable_monitoring": true,
            "ephemeral_block_device": [],
            "iam_instance_profile": "deploy-lamp20220220072612467000000002",
            "id": "deploy-lamp-worker-group-120220220084720322100000009",
            "image_id": "ami-04be4b2e08f425d5c",
            "instance_type": "t2.micro",
            "key_name": "",
            "metadata_options": [
              {
                "http_endpoint": "enabled",
                "http_put_response_hop_limit": 1,
                "http_tokens": "optional"
              }
            ],
            "name": "deploy-lamp-worker-group-120220220084720322100000009",
            "name_prefix": "deploy-lamp-worker-group-1",
            "placement_tenancy": "",
            "root_block_device": [
              {
                "delete_on_termination": true,
                "encrypted": false,
                "iops": 0,
                "throughput": 0,
                "volume_size": 100,
                "volume_type": "gp2"
              }
            ],
            "security_groups": [
              "sg-0311aa5d0d924f725",
              "sg-058bcd9d7e5785546"
            ],
            "spot_price": "",
            "user_data": null,
            "user_data_base64": "IyEvYmluL2Jhc2ggLWUKCiMgQWxsb3cgdXNlciBzdXBwbGllZCBwcmUgdXNlcmRhdGEgY29kZQoKCiMgQm9vdHN0cmFwIGFuZCBqb2luIHRoZSBjbHVzdGVyCi9ldGMvZWtzL2Jvb3RzdHJhcC5zaCAtLWI2NC1jbHVzdGVyLWNhICdMUzB0TFMxQ1JVZEpUaUJEUlZKVVNVWkpRMEZVUlMwdExTMHRDazFKU1VNMWVrTkRRV01yWjBGM1NVSkJaMGxDUVVSQlRrSm5hM0ZvYTJsSE9YY3dRa0ZSYzBaQlJFRldUVkpOZDBWUldVUldVVkZFUlhkd2NtUlhTbXdLWTIwMWJHUkhWbnBOUWpSWVJGUkplVTFFU1hoUFZFVXhUVVJKZUU5R2IxaEVWRTE1VFVSSmVFNTZSVEZOUkVsNFQwWnZkMFpVUlZSTlFrVkhRVEZWUlFwQmVFMUxZVE5XYVZwWVNuVmFXRkpzWTNwRFEwRlRTWGRFVVZsS1MyOWFTV2gyWTA1QlVVVkNRbEZCUkdkblJWQkJSRU5EUVZGdlEyZG5SVUpCVFROa0NrTkhOVXBPYzNscVMwdEdXbTFhYkVwVk5sbzFhM0UxY0V0alFWWTJXVk5ZU1RkcU9IaFhObEpMWXpVelVGVkdTa0pCZFVVdlJuVnNhbEF6YlVoa1NYSUtPUzh2VFdkSVpVVjBLMHBJYUhKS1NFMHZiR1UxWlVaclozZ3dkMHRDZWxKaWVrbHZiWE1yUWl0SGVUWXZWVmd2ZUhOMWExa3JjbEI0UlVoR1NtNDRVUW8xVUdwSWJrWnRXVFJzYTI4cmR6QlNTSGRMUVZGR2EwNVRNalpwYTBKd1ZEbHlaMDFDWnpKNkszVm9RazlvU0N0c2JHOUdVRXRRV0ZocEwwcEJOSHBIQ25FMFRqVkZaemtyYVZkcmFYTldaa3hUTm1wS01GbGhiQ3RIWkd0VE5qTnBLM1JOYXpKdFVWaHVLMngxUzBGeVpta3dOMFpxTVU1bVZEUTNWSFJzUkdFS2RYYzRRM0ZhVGxoalVHVnhaSGQzS3k5aGJsWm9TMVJxUjI1U04weDBTRWhJUjJvMmRqWm1TMGhFV0d4M1prbzRNRFJ1UVdodmNHNUZjRlJ4UWpONlNncFRaMUJSV1RCVWFubDRiMlZzTVRocFF5c3dRMEYzUlVGQllVNURUVVZCZDBSbldVUldVakJRUVZGSUwwSkJVVVJCWjB0clRVRTRSMEV4VldSRmQwVkNDaTkzVVVaTlFVMUNRV1k0ZDBoUldVUldVakJQUWtKWlJVWk5jMWxOT0ZWSFIwaHdNbHBzY25GeWNrZDVTV2N2YmpCUFNraE5RVEJIUTFOeFIxTkpZak1LUkZGRlFrTjNWVUZCTkVsQ1FWRkVRa1pLVGpaQ01tSlZNa1pxYVRkM09GTnphRk5RYkdKM1puTlFjVkYxVTNwSVVVUmFNMDlGZUhWeVVWaHFVM1JNT1FwdFR6azRSa2hsZVZCUU4xUlFZVXN2TlRkSGRWZzJOSE5sTkZCTldHdFBSbmRsYlhjMlJIZERhbFJWT1U5eFRFc3paVVJvUkhCdGMwaHVPVXB5VUhoYUNtczNTV1V4ZGpWRGMwbFdZVEJKTW1oWlRqTTBORGd2T1doUWNGSnVORVJpVTNjM05YaDBURTF5VUZsU09TdFlOR1pHYmtsQ1NXWjNObnBtYm1KR2JVVUtSa2Q0TUZSSWNWVmtSazg1VmxscGJ6QXhlU3RyUjJ0alQxbGhiVm80UWtWWlN6UXpOMUZqZUZOa1RrWklWbUZYY0dvMlExVTBMMU52YldOMFVYWlRaZ3BFTnpCM1JXRjRaV1p2ZEVsdmVYQXZNa1ZZT1hWUFJUaHRjMEpTYTA1VVlXaE9USGt5VUhkVE4wdFhOblEzT0hWd01IZFJiR1IwWm5wbVRHMXpPV0ZPQ2pCdEsxb3paWEpvTkRaQ1ZXdFlOVUpOUjBkRGJXOU1WMk5UU0VKcFJ6RnNiM3B5Y0FvdExTMHRMVVZPUkNCRFJWSlVTVVpKUTBGVVJTMHRMUzB0Q2c9PScgLS1hcGlzZXJ2ZXItZW5kcG9pbnQgJ2h0dHBzOi8vN0Y3MEE1QUVGNDA4NEI0MkU1OTg1NTBBMjA3ODk3N0UuZ3I3LmV1LWNlbnRyYWwtMS5la3MuYW1hem9uYXdzLmNvbScgIC0ta3ViZWxldC1leHRyYS1hcmdzICIiICdkZXBsb3ktbGFtcCcKCiMgQWxsb3cgdXNlciBzdXBwbGllZCB1c2VyZGF0YSBjb2RlCmVjaG8gZm9vIGJhcgo=",
            "vpc_classic_link_id": "",
            "vpc_classic_link_security_groups": null
          },
          "sensitive_attributes": [],
          "private": "bnVsbA==",
          "dependencies": [
            "aws_security_group.worker_group_mgmt_one",
            "aws_security_group.worker_group_mgmt_two",
            "module.eks.aws_eks_cluster.this",
            "module.eks.aws_iam_instance_profile.workers",
            "module.eks.aws_iam_role.workers",
            "module.eks.aws_iam_role_policy_attachment.workers_AmazonEC2ContainerRegistryReadOnly",
            "module.eks.aws_iam_role_policy_attachment.workers_AmazonEKSWorkerNodePolicy",
            "module.eks.aws_iam_role_policy_attachment.workers_AmazonEKS_CNI_Policy",
            "module.eks.aws_iam_role_policy_attachment.workers_additional_policies",
            "module.eks.aws_security_group.workers",
            "module.eks.aws_security_group_rule.cluster_primary_ingress_workers",
            "module.eks.aws_security_group_rule.workers_egress_internet",
            "module.eks.aws_security_group_rule.workers_ingress_cluster",
            "module.eks.aws_security_group_rule.workers_ingress_cluster_https",
            "module.eks.aws_security_group_rule.workers_ingress_cluster_kubelet",
            "module.eks.aws_security_group_rule.workers_ingress_cluster_primary",
            "module.eks.aws_security_group_rule.workers_ingress_self",
            "module.eks.data.aws_ami.eks_worker",
            "module.eks.data.aws_ami.eks_worker_windows",
            "module.eks.data.aws_iam_instance_profile.custom_worker_group_iam_instance_profile",
            "module.vpc.aws_subnet.private"
          ],
          "create_before_destroy": true
        },
        {
          "index_key": 5,
          "schema_version": 0,
          "attributes": {
            "arn": "arn:aws:autoscaling:eu-central-1:819902507912:launchConfiguration:98fdef72-6129-49c5-b5f4-f977b7422d57:launchConfigurationName/deploy-lamp-worker-group-120220220084720387100000010",
            "associate_public_ip_address": false,
            "ebs_block_device": [],
            "ebs_optimized": false,
            "enable_monitoring": true,
            "ephemeral_block_device": [],
            "iam_instance_profile": "deploy-lamp20220220084717655300000004",
            "id": "deploy-lamp-worker-group-120220220084720387100000010",
            "image_id": "ami-04be4b2e08f425d5c",
            "instance_type": "t2.micro",
            "key_name": "",
            "metadata_options": [
              {
                "http_endpoint": "enabled",
                "http_put_response_hop_limit": 1,
                "http_tokens": "optional"
              }
            ],
            "name": "deploy-lamp-worker-group-120220220084720387100000010",
            "name_prefix": "deploy-lamp-worker-group-1",
            "placement_tenancy": "",
            "root_block_device": [
              {
                "delete_on_termination": true,
                "encrypted": false,
                "iops": 0,
                "throughput": 0,
                "volume_size": 100,
                "volume_type": "gp2"
              }
            ],
            "security_groups": [
              "sg-0311aa5d0d924f725",
              "sg-058bcd9d7e5785546"
            ],
            "spot_price": "",
            "user_data": null,
            "user_data_base64": "IyEvYmluL2Jhc2ggLWUKCiMgQWxsb3cgdXNlciBzdXBwbGllZCBwcmUgdXNlcmRhdGEgY29kZQoKCiMgQm9vdHN0cmFwIGFuZCBqb2luIHRoZSBjbHVzdGVyCi9ldGMvZWtzL2Jvb3RzdHJhcC5zaCAtLWI2NC1jbHVzdGVyLWNhICdMUzB0TFMxQ1JVZEpUaUJEUlZKVVNVWkpRMEZVUlMwdExTMHRDazFKU1VNMWVrTkRRV01yWjBGM1NVSkJaMGxDUVVSQlRrSm5hM0ZvYTJsSE9YY3dRa0ZSYzBaQlJFRldUVkpOZDBWUldVUldVVkZFUlhkd2NtUlhTbXdLWTIwMWJHUkhWbnBOUWpSWVJGUkplVTFFU1hoUFZFVXhUVVJKZUU5R2IxaEVWRTE1VFVSSmVFNTZSVEZOUkVsNFQwWnZkMFpVUlZSTlFrVkhRVEZWUlFwQmVFMUxZVE5XYVZwWVNuVmFXRkpzWTNwRFEwRlRTWGRFVVZsS1MyOWFTV2gyWTA1QlVVVkNRbEZCUkdkblJWQkJSRU5EUVZGdlEyZG5SVUpCVFROa0NrTkhOVXBPYzNscVMwdEdXbTFhYkVwVk5sbzFhM0UxY0V0alFWWTJXVk5ZU1RkcU9IaFhObEpMWXpVelVGVkdTa0pCZFVVdlJuVnNhbEF6YlVoa1NYSUtPUzh2VFdkSVpVVjBLMHBJYUhKS1NFMHZiR1UxWlVaclozZ3dkMHRDZWxKaWVrbHZiWE1yUWl0SGVUWXZWVmd2ZUhOMWExa3JjbEI0UlVoR1NtNDRVUW8xVUdwSWJrWnRXVFJzYTI4cmR6QlNTSGRMUVZGR2EwNVRNalpwYTBKd1ZEbHlaMDFDWnpKNkszVm9RazlvU0N0c2JHOUdVRXRRV0ZocEwwcEJOSHBIQ25FMFRqVkZaemtyYVZkcmFYTldaa3hUTm1wS01GbGhiQ3RIWkd0VE5qTnBLM1JOYXpKdFVWaHVLMngxUzBGeVpta3dOMFpxTVU1bVZEUTNWSFJzUkdFS2RYYzRRM0ZhVGxoalVHVnhaSGQzS3k5aGJsWm9TMVJxUjI1U04weDBTRWhJUjJvMmRqWm1TMGhFV0d4M1prbzRNRFJ1UVdodmNHNUZjRlJ4UWpONlNncFRaMUJSV1RCVWFubDRiMlZzTVRocFF5c3dRMEYzUlVGQllVNURUVVZCZDBSbldVUldVakJRUVZGSUwwSkJVVVJCWjB0clRVRTRSMEV4VldSRmQwVkNDaTkzVVVaTlFVMUNRV1k0ZDBoUldVUldVakJQUWtKWlJVWk5jMWxOT0ZWSFIwaHdNbHBzY25GeWNrZDVTV2N2YmpCUFNraE5RVEJIUTFOeFIxTkpZak1LUkZGRlFrTjNWVUZCTkVsQ1FWRkVRa1pLVGpaQ01tSlZNa1pxYVRkM09GTnphRk5RYkdKM1puTlFjVkYxVTNwSVVVUmFNMDlGZUhWeVVWaHFVM1JNT1FwdFR6azRSa2hsZVZCUU4xUlFZVXN2TlRkSGRWZzJOSE5sTkZCTldHdFBSbmRsYlhjMlJIZERhbFJWT1U5eFRFc3paVVJvUkhCdGMwaHVPVXB5VUhoYUNtczNTV1V4ZGpWRGMwbFdZVEJKTW1oWlRqTTBORGd2T1doUWNGSnVORVJpVTNjM05YaDBURTF5VUZsU09TdFlOR1pHYmtsQ1NXWjNObnBtYm1KR2JVVUtSa2Q0TUZSSWNWVmtSazg1VmxscGJ6QXhlU3RyUjJ0alQxbGhiVm80UWtWWlN6UXpOMUZqZUZOa1RrWklWbUZYY0dvMlExVTBMMU52YldOMFVYWlRaZ3BFTnpCM1JXRjRaV1p2ZEVsdmVYQXZNa1ZZT1hWUFJUaHRjMEpTYTA1VVlXaE9USGt5VUhkVE4wdFhOblEzT0hWd01IZFJiR1IwWm5wbVRHMXpPV0ZPQ2pCdEsxb3paWEpvTkRaQ1ZXdFlOVUpOUjBkRGJXOU1WMk5UU0VKcFJ6RnNiM3B5Y0FvdExTMHRMVVZPUkNCRFJWSlVTVVpKUTBGVVJTMHRMUzB0Q2c9PScgLS1hcGlzZXJ2ZXItZW5kcG9pbnQgJ2h0dHBzOi8vN0Y3MEE1QUVGNDA4NEI0MkU1OTg1NTBBMjA3ODk3N0UuZ3I3LmV1LWNlbnRyYWwtMS5la3MuYW1hem9uYXdzLmNvbScgIC0ta3ViZWxldC1leHRyYS1hcmdzICIiICdkZXBsb3ktbGFtcCcKCiMgQWxsb3cgdXNlciBzdXBwbGllZCB1c2VyZGF0YSBjb2RlCmVjaG8gZm9vIGJhcgo=",
            "vpc_classic_link_id": "",
            "vpc_classic_link_security_groups": null
          },
          "sensitive_attributes": [],
          "private": "bnVsbA==",
          "dependencies": [
            "aws_security_group.worker_group_mgmt_one",
            "aws_security_group.worker_group_mgmt_two",
            "module.eks.aws_eks_cluster.this",
            "module.eks.aws_iam_instance_profile.workers",
            "module.eks.aws_iam_role.workers",
            "module.eks.aws_iam_role_policy_attachment.workers_AmazonEC2ContainerRegistryReadOnly",
            "module.eks.aws_iam_role_policy_attachment.workers_AmazonEKSWorkerNodePolicy",
            "module.eks.aws_iam_role_policy_attachment.workers_AmazonEKS_CNI_Policy",
            "module.eks.aws_iam_role_policy_attachment.workers_additional_policies",
            "module.eks.aws_security_group.workers",
            "module.eks.aws_security_group_rule.cluster_primary_ingress_workers",
            "module.eks.aws_security_group_rule.workers_egress_internet",
            "module.eks.aws_security_group_rule.workers_ingress_cluster",
            "module.eks.aws_security_group_rule.workers_ingress_cluster_https",
            "module.eks.aws_security_group_rule.workers_ingress_cluster_kubelet",
            "module.eks.aws_security_group_rule.workers_ingress_cluster_primary",
            "module.eks.aws_security_group_rule.workers_ingress_self",
            "module.eks.data.aws_ami.eks_worker",
            "module.eks.data.aws_ami.eks_worker_windows",
            "module.eks.data.aws_iam_instance_profile.custom_worker_group_iam_instance_profile",
            "module.vpc.aws_subnet.private"
          ],
          "create_before_destroy": true
        },
        {
          "index_key": 6,
          "schema_version": 0,
          "attributes": {
            "arn": "arn:aws:autoscaling:eu-central-1:819902507912:launchConfiguration:a15cb746-5145-4b12-a2d7-931386d0258f:launchConfigurationName/deploy-lamp-worker-group-12022022008472035750000000e",
            "associate_public_ip_address": false,
            "ebs_block_device": [],
            "ebs_optimized": false,
            "enable_monitoring": true,
            "ephemeral_block_device": [],
            "iam_instance_profile": "deploy-lamp20220220084717655700000006",
            "id": "deploy-lamp-worker-group-12022022008472035750000000e",
            "image_id": "ami-04be4b2e08f425d5c",
            "instance_type": "t2.micro",
            "key_name": "",
            "metadata_options": [
              {
                "http_endpoint": "enabled",
                "http_put_response_hop_limit": 1,
                "http_tokens": "optional"
              }
            ],
            "name": "deploy-lamp-worker-group-12022022008472035750000000e",
            "name_prefix": "deploy-lamp-worker-group-1",
            "placement_tenancy": "",
            "root_block_device": [
              {
                "delete_on_termination": true,
                "encrypted": false,
                "iops": 0,
                "throughput": 0,
                "volume_size": 100,
                "volume_type": "gp2"
              }
            ],
            "security_groups": [
              "sg-0311aa5d0d924f725",
              "sg-058bcd9d7e5785546"
            ],
            "spot_price": "",
            "user_data": null,
            "user_data_base64": "IyEvYmluL2Jhc2ggLWUKCiMgQWxsb3cgdXNlciBzdXBwbGllZCBwcmUgdXNlcmRhdGEgY29kZQoKCiMgQm9vdHN0cmFwIGFuZCBqb2luIHRoZSBjbHVzdGVyCi9ldGMvZWtzL2Jvb3RzdHJhcC5zaCAtLWI2NC1jbHVzdGVyLWNhICdMUzB0TFMxQ1JVZEpUaUJEUlZKVVNVWkpRMEZVUlMwdExTMHRDazFKU1VNMWVrTkRRV01yWjBGM1NVSkJaMGxDUVVSQlRrSm5hM0ZvYTJsSE9YY3dRa0ZSYzBaQlJFRldUVkpOZDBWUldVUldVVkZFUlhkd2NtUlhTbXdLWTIwMWJHUkhWbnBOUWpSWVJGUkplVTFFU1hoUFZFVXhUVVJKZUU5R2IxaEVWRTE1VFVSSmVFNTZSVEZOUkVsNFQwWnZkMFpVUlZSTlFrVkhRVEZWUlFwQmVFMUxZVE5XYVZwWVNuVmFXRkpzWTNwRFEwRlRTWGRFVVZsS1MyOWFTV2gyWTA1QlVVVkNRbEZCUkdkblJWQkJSRU5EUVZGdlEyZG5SVUpCVFROa0NrTkhOVXBPYzNscVMwdEdXbTFhYkVwVk5sbzFhM0UxY0V0alFWWTJXVk5ZU1RkcU9IaFhObEpMWXpVelVGVkdTa0pCZFVVdlJuVnNhbEF6YlVoa1NYSUtPUzh2VFdkSVpVVjBLMHBJYUhKS1NFMHZiR1UxWlVaclozZ3dkMHRDZWxKaWVrbHZiWE1yUWl0SGVUWXZWVmd2ZUhOMWExa3JjbEI0UlVoR1NtNDRVUW8xVUdwSWJrWnRXVFJzYTI4cmR6QlNTSGRMUVZGR2EwNVRNalpwYTBKd1ZEbHlaMDFDWnpKNkszVm9RazlvU0N0c2JHOUdVRXRRV0ZocEwwcEJOSHBIQ25FMFRqVkZaemtyYVZkcmFYTldaa3hUTm1wS01GbGhiQ3RIWkd0VE5qTnBLM1JOYXpKdFVWaHVLMngxUzBGeVpta3dOMFpxTVU1bVZEUTNWSFJzUkdFS2RYYzRRM0ZhVGxoalVHVnhaSGQzS3k5aGJsWm9TMVJxUjI1U04weDBTRWhJUjJvMmRqWm1TMGhFV0d4M1prbzRNRFJ1UVdodmNHNUZjRlJ4UWpONlNncFRaMUJSV1RCVWFubDRiMlZzTVRocFF5c3dRMEYzUlVGQllVNURUVVZCZDBSbldVUldVakJRUVZGSUwwSkJVVVJCWjB0clRVRTRSMEV4VldSRmQwVkNDaTkzVVVaTlFVMUNRV1k0ZDBoUldVUldVakJQUWtKWlJVWk5jMWxOT0ZWSFIwaHdNbHBzY25GeWNrZDVTV2N2YmpCUFNraE5RVEJIUTFOeFIxTkpZak1LUkZGRlFrTjNWVUZCTkVsQ1FWRkVRa1pLVGpaQ01tSlZNa1pxYVRkM09GTnphRk5RYkdKM1puTlFjVkYxVTNwSVVVUmFNMDlGZUhWeVVWaHFVM1JNT1FwdFR6azRSa2hsZVZCUU4xUlFZVXN2TlRkSGRWZzJOSE5sTkZCTldHdFBSbmRsYlhjMlJIZERhbFJWT1U5eFRFc3paVVJvUkhCdGMwaHVPVXB5VUhoYUNtczNTV1V4ZGpWRGMwbFdZVEJKTW1oWlRqTTBORGd2T1doUWNGSnVORVJpVTNjM05YaDBURTF5VUZsU09TdFlOR1pHYmtsQ1NXWjNObnBtYm1KR2JVVUtSa2Q0TUZSSWNWVmtSazg1VmxscGJ6QXhlU3RyUjJ0alQxbGhiVm80UWtWWlN6UXpOMUZqZUZOa1RrWklWbUZYY0dvMlExVTBMMU52YldOMFVYWlRaZ3BFTnpCM1JXRjRaV1p2ZEVsdmVYQXZNa1ZZT1hWUFJUaHRjMEpTYTA1VVlXaE9USGt5VUhkVE4wdFhOblEzT0hWd01IZFJiR1IwWm5wbVRHMXpPV0ZPQ2pCdEsxb3paWEpvTkRaQ1ZXdFlOVUpOUjBkRGJXOU1WMk5UU0VKcFJ6RnNiM3B5Y0FvdExTMHRMVVZPUkNCRFJWSlVTVVpKUTBGVVJTMHRMUzB0Q2c9PScgLS1hcGlzZXJ2ZXItZW5kcG9pbnQgJ2h0dHBzOi8vN0Y3MEE1QUVGNDA4NEI0MkU1OTg1NTBBMjA3ODk3N0UuZ3I3LmV1LWNlbnRyYWwtMS5la3MuYW1hem9uYXdzLmNvbScgIC0ta3ViZWxldC1leHRyYS1hcmdzICIiICdkZXBsb3ktbGFtcCcKCiMgQWxsb3cgdXNlciBzdXBwbGllZCB1c2VyZGF0YSBjb2RlCmVjaG8gZm9vIGJhcgo=",
            "vpc_classic_link_id": "",
            "vpc_classic_link_security_groups": null
          },
          "sensitive_attributes": [],
          "private": "bnVsbA==",
          "dependencies": [
            "aws_security_group.worker_group_mgmt_one",
            "aws_security_group.worker_group_mgmt_two",
            "module.eks.aws_eks_cluster.this",
            "module.eks.aws_iam_instance_profile.workers",
            "module.eks.aws_iam_role.workers",
            "module.eks.aws_iam_role_policy_attachment.workers_AmazonEC2ContainerRegistryReadOnly",
            "module.eks.aws_iam_role_policy_attachment.workers_AmazonEKSWorkerNodePolicy",
            "module.eks.aws_iam_role_policy_attachment.workers_AmazonEKS_CNI_Policy",
            "module.eks.aws_iam_role_policy_attachment.workers_additional_policies",
            "module.eks.aws_security_group.workers",
            "module.eks.aws_security_group_rule.cluster_primary_ingress_workers",
            "module.eks.aws_security_group_rule.workers_egress_internet",
            "module.eks.aws_security_group_rule.workers_ingress_cluster",
            "module.eks.aws_security_group_rule.workers_ingress_cluster_https",
            "module.eks.aws_security_group_rule.workers_ingress_cluster_kubelet",
            "module.eks.aws_security_group_rule.workers_ingress_cluster_primary",
            "module.eks.aws_security_group_rule.workers_ingress_self",
            "module.eks.data.aws_ami.eks_worker",
            "module.eks.data.aws_ami.eks_worker_windows",
            "module.eks.data.aws_iam_instance_profile.custom_worker_group_iam_instance_profile",
            "module.vpc.aws_subnet.private"
          ],
          "create_before_destroy": true
        },
        {
          "index_key": 7,
          "schema_version": 0,
          "attributes": {
            "arn": "arn:aws:autoscaling:eu-central-1:819902507912:launchConfiguration:53d304fc-4a67-4097-afcd-ebd92d897d8f:launchConfigurationName/deploy-lamp-worker-group-12022022008472035590000000c",
            "associate_public_ip_address": false,
            "ebs_block_device": [],
            "ebs_optimized": false,
            "enable_monitoring": true,
            "ephemeral_block_device": [],
            "iam_instance_profile": "deploy-lamp20220220084717657000000007",
            "id": "deploy-lamp-worker-group-12022022008472035590000000c",
            "image_id": "ami-04be4b2e08f425d5c",
            "instance_type": "t2.micro",
            "key_name": "",
            "metadata_options": [
              {
                "http_endpoint": "enabled",
                "http_put_response_hop_limit": 1,
                "http_tokens": "optional"
              }
            ],
            "name": "deploy-lamp-worker-group-12022022008472035590000000c",
            "name_prefix": "deploy-lamp-worker-group-1",
            "placement_tenancy": "",
            "root_block_device": [
              {
                "delete_on_termination": true,
                "encrypted": false,
                "iops": 0,
                "throughput": 0,
                "volume_size": 100,
                "volume_type": "gp2"
              }
            ],
            "security_groups": [
              "sg-0311aa5d0d924f725",
              "sg-058bcd9d7e5785546"
            ],
            "spot_price": "",
            "user_data": null,
            "user_data_base64": "IyEvYmluL2Jhc2ggLWUKCiMgQWxsb3cgdXNlciBzdXBwbGllZCBwcmUgdXNlcmRhdGEgY29kZQoKCiMgQm9vdHN0cmFwIGFuZCBqb2luIHRoZSBjbHVzdGVyCi9ldGMvZWtzL2Jvb3RzdHJhcC5zaCAtLWI2NC1jbHVzdGVyLWNhICdMUzB0TFMxQ1JVZEpUaUJEUlZKVVNVWkpRMEZVUlMwdExTMHRDazFKU1VNMWVrTkRRV01yWjBGM1NVSkJaMGxDUVVSQlRrSm5hM0ZvYTJsSE9YY3dRa0ZSYzBaQlJFRldUVkpOZDBWUldVUldVVkZFUlhkd2NtUlhTbXdLWTIwMWJHUkhWbnBOUWpSWVJGUkplVTFFU1hoUFZFVXhUVVJKZUU5R2IxaEVWRTE1VFVSSmVFNTZSVEZOUkVsNFQwWnZkMFpVUlZSTlFrVkhRVEZWUlFwQmVFMUxZVE5XYVZwWVNuVmFXRkpzWTNwRFEwRlRTWGRFVVZsS1MyOWFTV2gyWTA1QlVVVkNRbEZCUkdkblJWQkJSRU5EUVZGdlEyZG5SVUpCVFROa0NrTkhOVXBPYzNscVMwdEdXbTFhYkVwVk5sbzFhM0UxY0V0alFWWTJXVk5ZU1RkcU9IaFhObEpMWXpVelVGVkdTa0pCZFVVdlJuVnNhbEF6YlVoa1NYSUtPUzh2VFdkSVpVVjBLMHBJYUhKS1NFMHZiR1UxWlVaclozZ3dkMHRDZWxKaWVrbHZiWE1yUWl0SGVUWXZWVmd2ZUhOMWExa3JjbEI0UlVoR1NtNDRVUW8xVUdwSWJrWnRXVFJzYTI4cmR6QlNTSGRMUVZGR2EwNVRNalpwYTBKd1ZEbHlaMDFDWnpKNkszVm9RazlvU0N0c2JHOUdVRXRRV0ZocEwwcEJOSHBIQ25FMFRqVkZaemtyYVZkcmFYTldaa3hUTm1wS01GbGhiQ3RIWkd0VE5qTnBLM1JOYXpKdFVWaHVLMngxUzBGeVpta3dOMFpxTVU1bVZEUTNWSFJzUkdFS2RYYzRRM0ZhVGxoalVHVnhaSGQzS3k5aGJsWm9TMVJxUjI1U04weDBTRWhJUjJvMmRqWm1TMGhFV0d4M1prbzRNRFJ1UVdodmNHNUZjRlJ4UWpONlNncFRaMUJSV1RCVWFubDRiMlZzTVRocFF5c3dRMEYzUlVGQllVNURUVVZCZDBSbldVUldVakJRUVZGSUwwSkJVVVJCWjB0clRVRTRSMEV4VldSRmQwVkNDaTkzVVVaTlFVMUNRV1k0ZDBoUldVUldVakJQUWtKWlJVWk5jMWxOT0ZWSFIwaHdNbHBzY25GeWNrZDVTV2N2YmpCUFNraE5RVEJIUTFOeFIxTkpZak1LUkZGRlFrTjNWVUZCTkVsQ1FWRkVRa1pLVGpaQ01tSlZNa1pxYVRkM09GTnphRk5RYkdKM1puTlFjVkYxVTNwSVVVUmFNMDlGZUhWeVVWaHFVM1JNT1FwdFR6azRSa2hsZVZCUU4xUlFZVXN2TlRkSGRWZzJOSE5sTkZCTldHdFBSbmRsYlhjMlJIZERhbFJWT1U5eFRFc3paVVJvUkhCdGMwaHVPVXB5VUhoYUNtczNTV1V4ZGpWRGMwbFdZVEJKTW1oWlRqTTBORGd2T1doUWNGSnVORVJpVTNjM05YaDBURTF5VUZsU09TdFlOR1pHYmtsQ1NXWjNObnBtYm1KR2JVVUtSa2Q0TUZSSWNWVmtSazg1VmxscGJ6QXhlU3RyUjJ0alQxbGhiVm80UWtWWlN6UXpOMUZqZUZOa1RrWklWbUZYY0dvMlExVTBMMU52YldOMFVYWlRaZ3BFTnpCM1JXRjRaV1p2ZEVsdmVYQXZNa1ZZT1hWUFJUaHRjMEpTYTA1VVlXaE9USGt5VUhkVE4wdFhOblEzT0hWd01IZFJiR1IwWm5wbVRHMXpPV0ZPQ2pCdEsxb3paWEpvTkRaQ1ZXdFlOVUpOUjBkRGJXOU1WMk5UU0VKcFJ6RnNiM3B5Y0FvdExTMHRMVVZPUkNCRFJWSlVTVVpKUTBGVVJTMHRMUzB0Q2c9PScgLS1hcGlzZXJ2ZXItZW5kcG9pbnQgJ2h0dHBzOi8vN0Y3MEE1QUVGNDA4NEI0MkU1OTg1NTBBMjA3ODk3N0UuZ3I3LmV1LWNlbnRyYWwtMS5la3MuYW1hem9uYXdzLmNvbScgIC0ta3ViZWxldC1leHRyYS1hcmdzICIiICdkZXBsb3ktbGFtcCcKCiMgQWxsb3cgdXNlciBzdXBwbGllZCB1c2VyZGF0YSBjb2RlCmVjaG8gZm9vIGJhcgo=",
            "vpc_classic_link_id": "",
            "vpc_classic_link_security_groups": null
          },
          "sensitive_attributes": [],
          "private": "bnVsbA==",
          "dependencies": [
            "aws_security_group.worker_group_mgmt_one",
            "aws_security_group.worker_group_mgmt_two",
            "module.eks.aws_eks_cluster.this",
            "module.eks.aws_iam_instance_profile.workers",
            "module.eks.aws_iam_role.workers",
            "module.eks.aws_iam_role_policy_attachment.workers_AmazonEC2ContainerRegistryReadOnly",
            "module.eks.aws_iam_role_policy_attachment.workers_AmazonEKSWorkerNodePolicy",
            "module.eks.aws_iam_role_policy_attachment.workers_AmazonEKS_CNI_Policy",
            "module.eks.aws_iam_role_policy_attachment.workers_additional_policies",
            "module.eks.aws_security_group.workers",
            "module.eks.aws_security_group_rule.cluster_primary_ingress_workers",
            "module.eks.aws_security_group_rule.workers_egress_internet",
            "module.eks.aws_security_group_rule.workers_ingress_cluster",
            "module.eks.aws_security_group_rule.workers_ingress_cluster_https",
            "module.eks.aws_security_group_rule.workers_ingress_cluster_kubelet",
            "module.eks.aws_security_group_rule.workers_ingress_cluster_primary",
            "module.eks.aws_security_group_rule.workers_ingress_self",
            "module.eks.data.aws_ami.eks_worker",
            "module.eks.data.aws_ami.eks_worker_windows",
            "module.eks.data.aws_iam_instance_profile.custom_worker_group_iam_instance_profile",
            "module.vpc.aws_subnet.private"
          ],
          "create_before_destroy": true
        },
        {
          "index_key": 8,
          "schema_version": 0,
          "attributes": {
            "arn": "arn:aws:autoscaling:eu-central-1:819902507912:launchConfiguration:861e11d8-a1e2-44a5-a7aa-5e2cb9b03a94:launchConfigurationName/deploy-lamp-worker-group-12022022008472034200000000a",
            "associate_public_ip_address": false,
            "ebs_block_device": [],
            "ebs_optimized": false,
            "enable_monitoring": true,
            "ephemeral_block_device": [],
            "iam_instance_profile": "deploy-lamp20220220084717652500000002",
            "id": "deploy-lamp-worker-group-12022022008472034200000000a",
            "image_id": "ami-04be4b2e08f425d5c",
            "instance_type": "t2.micro",
            "key_name": "",
            "metadata_options": [
              {
                "http_endpoint": "enabled",
                "http_put_response_hop_limit": 1,
                "http_tokens": "optional"
              }
            ],
            "name": "deploy-lamp-worker-group-12022022008472034200000000a",
            "name_prefix": "deploy-lamp-worker-group-1",
            "placement_tenancy": "",
            "root_block_device": [
              {
                "delete_on_termination": true,
                "encrypted": false,
                "iops": 0,
                "throughput": 0,
                "volume_size": 100,
                "volume_type": "gp2"
              }
            ],
            "security_groups": [
              "sg-0311aa5d0d924f725",
              "sg-058bcd9d7e5785546"
            ],
            "spot_price": "",
            "user_data": null,
            "user_data_base64": "IyEvYmluL2Jhc2ggLWUKCiMgQWxsb3cgdXNlciBzdXBwbGllZCBwcmUgdXNlcmRhdGEgY29kZQoKCiMgQm9vdHN0cmFwIGFuZCBqb2luIHRoZSBjbHVzdGVyCi9ldGMvZWtzL2Jvb3RzdHJhcC5zaCAtLWI2NC1jbHVzdGVyLWNhICdMUzB0TFMxQ1JVZEpUaUJEUlZKVVNVWkpRMEZVUlMwdExTMHRDazFKU1VNMWVrTkRRV01yWjBGM1NVSkJaMGxDUVVSQlRrSm5hM0ZvYTJsSE9YY3dRa0ZSYzBaQlJFRldUVkpOZDBWUldVUldVVkZFUlhkd2NtUlhTbXdLWTIwMWJHUkhWbnBOUWpSWVJGUkplVTFFU1hoUFZFVXhUVVJKZUU5R2IxaEVWRTE1VFVSSmVFNTZSVEZOUkVsNFQwWnZkMFpVUlZSTlFrVkhRVEZWUlFwQmVFMUxZVE5XYVZwWVNuVmFXRkpzWTNwRFEwRlRTWGRFVVZsS1MyOWFTV2gyWTA1QlVVVkNRbEZCUkdkblJWQkJSRU5EUVZGdlEyZG5SVUpCVFROa0NrTkhOVXBPYzNscVMwdEdXbTFhYkVwVk5sbzFhM0UxY0V0alFWWTJXVk5ZU1RkcU9IaFhObEpMWXpVelVGVkdTa0pCZFVVdlJuVnNhbEF6YlVoa1NYSUtPUzh2VFdkSVpVVjBLMHBJYUhKS1NFMHZiR1UxWlVaclozZ3dkMHRDZWxKaWVrbHZiWE1yUWl0SGVUWXZWVmd2ZUhOMWExa3JjbEI0UlVoR1NtNDRVUW8xVUdwSWJrWnRXVFJzYTI4cmR6QlNTSGRMUVZGR2EwNVRNalpwYTBKd1ZEbHlaMDFDWnpKNkszVm9RazlvU0N0c2JHOUdVRXRRV0ZocEwwcEJOSHBIQ25FMFRqVkZaemtyYVZkcmFYTldaa3hUTm1wS01GbGhiQ3RIWkd0VE5qTnBLM1JOYXpKdFVWaHVLMngxUzBGeVpta3dOMFpxTVU1bVZEUTNWSFJzUkdFS2RYYzRRM0ZhVGxoalVHVnhaSGQzS3k5aGJsWm9TMVJxUjI1U04weDBTRWhJUjJvMmRqWm1TMGhFV0d4M1prbzRNRFJ1UVdodmNHNUZjRlJ4UWpONlNncFRaMUJSV1RCVWFubDRiMlZzTVRocFF5c3dRMEYzUlVGQllVNURUVVZCZDBSbldVUldVakJRUVZGSUwwSkJVVVJCWjB0clRVRTRSMEV4VldSRmQwVkNDaTkzVVVaTlFVMUNRV1k0ZDBoUldVUldVakJQUWtKWlJVWk5jMWxOT0ZWSFIwaHdNbHBzY25GeWNrZDVTV2N2YmpCUFNraE5RVEJIUTFOeFIxTkpZak1LUkZGRlFrTjNWVUZCTkVsQ1FWRkVRa1pLVGpaQ01tSlZNa1pxYVRkM09GTnphRk5RYkdKM1puTlFjVkYxVTNwSVVVUmFNMDlGZUhWeVVWaHFVM1JNT1FwdFR6azRSa2hsZVZCUU4xUlFZVXN2TlRkSGRWZzJOSE5sTkZCTldHdFBSbmRsYlhjMlJIZERhbFJWT1U5eFRFc3paVVJvUkhCdGMwaHVPVXB5VUhoYUNtczNTV1V4ZGpWRGMwbFdZVEJKTW1oWlRqTTBORGd2T1doUWNGSnVORVJpVTNjM05YaDBURTF5VUZsU09TdFlOR1pHYmtsQ1NXWjNObnBtYm1KR2JVVUtSa2Q0TUZSSWNWVmtSazg1VmxscGJ6QXhlU3RyUjJ0alQxbGhiVm80UWtWWlN6UXpOMUZqZUZOa1RrWklWbUZYY0dvMlExVTBMMU52YldOMFVYWlRaZ3BFTnpCM1JXRjRaV1p2ZEVsdmVYQXZNa1ZZT1hWUFJUaHRjMEpTYTA1VVlXaE9USGt5VUhkVE4wdFhOblEzT0hWd01IZFJiR1IwWm5wbVRHMXpPV0ZPQ2pCdEsxb3paWEpvTkRaQ1ZXdFlOVUpOUjBkRGJXOU1WMk5UU0VKcFJ6RnNiM3B5Y0FvdExTMHRMVVZPUkNCRFJWSlVTVVpKUTBGVVJTMHRMUzB0Q2c9PScgLS1hcGlzZXJ2ZXItZW5kcG9pbnQgJ2h0dHBzOi8vN0Y3MEE1QUVGNDA4NEI0MkU1OTg1NTBBMjA3ODk3N0UuZ3I3LmV1LWNlbnRyYWwtMS5la3MuYW1hem9uYXdzLmNvbScgIC0ta3ViZWxldC1leHRyYS1hcmdzICIiICdkZXBsb3ktbGFtcCcKCiMgQWxsb3cgdXNlciBzdXBwbGllZCB1c2VyZGF0YSBjb2RlCmVjaG8gZm9vIGJhcgo=",
            "vpc_classic_link_id": "",
            "vpc_classic_link_security_groups": null
          },
          "sensitive_attributes": [],
          "private": "bnVsbA==",
          "dependencies": [
            "aws_security_group.worker_group_mgmt_one",
            "aws_security_group.worker_group_mgmt_two",
            "module.eks.aws_eks_cluster.this",
            "module.eks.aws_iam_instance_profile.workers",
            "module.eks.aws_iam_role.workers",
            "module.eks.aws_iam_role_policy_attachment.workers_AmazonEC2ContainerRegistryReadOnly",
            "module.eks.aws_iam_role_policy_attachment.workers_AmazonEKSWorkerNodePolicy",
            "module.eks.aws_iam_role_policy_attachment.workers_AmazonEKS_CNI_Policy",
            "module.eks.aws_iam_role_policy_attachment.workers_additional_policies",
            "module.eks.aws_security_group.workers",
            "module.eks.aws_security_group_rule.cluster_primary_ingress_workers",
            "module.eks.aws_security_group_rule.workers_egress_internet",
            "module.eks.aws_security_group_rule.workers_ingress_cluster",
            "module.eks.aws_security_group_rule.workers_ingress_cluster_https",
            "module.eks.aws_security_group_rule.workers_ingress_cluster_kubelet",
            "module.eks.aws_security_group_rule.workers_ingress_cluster_primary",
            "module.eks.aws_security_group_rule.workers_ingress_self",
            "module.eks.data.aws_ami.eks_worker",
            "module.eks.data.aws_ami.eks_worker_windows",
            "module.eks.data.aws_iam_instance_profile.custom_worker_group_iam_instance_profile",
            "module.vpc.aws_subnet.private"
          ],
          "create_before_destroy": true
        },
        {
          "index_key": 9,
          "schema_version": 0,
          "attributes": {
            "arn": "arn:aws:autoscaling:eu-central-1:819902507912:launchConfiguration:a92a408c-82ad-4794-8085-f08315049ee3:launchConfigurationName/deploy-lamp-worker-group-12022022008472037490000000f",
            "associate_public_ip_address": false,
            "ebs_block_device": [],
            "ebs_optimized": false,
            "enable_monitoring": true,
            "ephemeral_block_device": [],
            "iam_instance_profile": "deploy-lamp20220220084717655300000003",
            "id": "deploy-lamp-worker-group-12022022008472037490000000f",
            "image_id": "ami-04be4b2e08f425d5c",
            "instance_type": "t2.micro",
            "key_name": "",
            "metadata_options": [
              {
                "http_endpoint": "enabled",
                "http_put_response_hop_limit": 1,
                "http_tokens": "optional"
              }
            ],
            "name": "deploy-lamp-worker-group-12022022008472037490000000f",
            "name_prefix": "deploy-lamp-worker-group-1",
            "placement_tenancy": "",
            "root_block_device": [
              {
                "delete_on_termination": true,
                "encrypted": false,
                "iops": 0,
                "throughput": 0,
                "volume_size": 100,
                "volume_type": "gp2"
              }
            ],
            "security_groups": [
              "sg-0311aa5d0d924f725",
              "sg-058bcd9d7e5785546"
            ],
            "spot_price": "",
            "user_data": null,
            "user_data_base64": "IyEvYmluL2Jhc2ggLWUKCiMgQWxsb3cgdXNlciBzdXBwbGllZCBwcmUgdXNlcmRhdGEgY29kZQoKCiMgQm9vdHN0cmFwIGFuZCBqb2luIHRoZSBjbHVzdGVyCi9ldGMvZWtzL2Jvb3RzdHJhcC5zaCAtLWI2NC1jbHVzdGVyLWNhICdMUzB0TFMxQ1JVZEpUaUJEUlZKVVNVWkpRMEZVUlMwdExTMHRDazFKU1VNMWVrTkRRV01yWjBGM1NVSkJaMGxDUVVSQlRrSm5hM0ZvYTJsSE9YY3dRa0ZSYzBaQlJFRldUVkpOZDBWUldVUldVVkZFUlhkd2NtUlhTbXdLWTIwMWJHUkhWbnBOUWpSWVJGUkplVTFFU1hoUFZFVXhUVVJKZUU5R2IxaEVWRTE1VFVSSmVFNTZSVEZOUkVsNFQwWnZkMFpVUlZSTlFrVkhRVEZWUlFwQmVFMUxZVE5XYVZwWVNuVmFXRkpzWTNwRFEwRlRTWGRFVVZsS1MyOWFTV2gyWTA1QlVVVkNRbEZCUkdkblJWQkJSRU5EUVZGdlEyZG5SVUpCVFROa0NrTkhOVXBPYzNscVMwdEdXbTFhYkVwVk5sbzFhM0UxY0V0alFWWTJXVk5ZU1RkcU9IaFhObEpMWXpVelVGVkdTa0pCZFVVdlJuVnNhbEF6YlVoa1NYSUtPUzh2VFdkSVpVVjBLMHBJYUhKS1NFMHZiR1UxWlVaclozZ3dkMHRDZWxKaWVrbHZiWE1yUWl0SGVUWXZWVmd2ZUhOMWExa3JjbEI0UlVoR1NtNDRVUW8xVUdwSWJrWnRXVFJzYTI4cmR6QlNTSGRMUVZGR2EwNVRNalpwYTBKd1ZEbHlaMDFDWnpKNkszVm9RazlvU0N0c2JHOUdVRXRRV0ZocEwwcEJOSHBIQ25FMFRqVkZaemtyYVZkcmFYTldaa3hUTm1wS01GbGhiQ3RIWkd0VE5qTnBLM1JOYXpKdFVWaHVLMngxUzBGeVpta3dOMFpxTVU1bVZEUTNWSFJzUkdFS2RYYzRRM0ZhVGxoalVHVnhaSGQzS3k5aGJsWm9TMVJxUjI1U04weDBTRWhJUjJvMmRqWm1TMGhFV0d4M1prbzRNRFJ1UVdodmNHNUZjRlJ4UWpONlNncFRaMUJSV1RCVWFubDRiMlZzTVRocFF5c3dRMEYzUlVGQllVNURUVVZCZDBSbldVUldVakJRUVZGSUwwSkJVVVJCWjB0clRVRTRSMEV4VldSRmQwVkNDaTkzVVVaTlFVMUNRV1k0ZDBoUldVUldVakJQUWtKWlJVWk5jMWxOT0ZWSFIwaHdNbHBzY25GeWNrZDVTV2N2YmpCUFNraE5RVEJIUTFOeFIxTkpZak1LUkZGRlFrTjNWVUZCTkVsQ1FWRkVRa1pLVGpaQ01tSlZNa1pxYVRkM09GTnphRk5RYkdKM1puTlFjVkYxVTNwSVVVUmFNMDlGZUhWeVVWaHFVM1JNT1FwdFR6azRSa2hsZVZCUU4xUlFZVXN2TlRkSGRWZzJOSE5sTkZCTldHdFBSbmRsYlhjMlJIZERhbFJWT1U5eFRFc3paVVJvUkhCdGMwaHVPVXB5VUhoYUNtczNTV1V4ZGpWRGMwbFdZVEJKTW1oWlRqTTBORGd2T1doUWNGSnVORVJpVTNjM05YaDBURTF5VUZsU09TdFlOR1pHYmtsQ1NXWjNObnBtYm1KR2JVVUtSa2Q0TUZSSWNWVmtSazg1VmxscGJ6QXhlU3RyUjJ0alQxbGhiVm80UWtWWlN6UXpOMUZqZUZOa1RrWklWbUZYY0dvMlExVTBMMU52YldOMFVYWlRaZ3BFTnpCM1JXRjRaV1p2ZEVsdmVYQXZNa1ZZT1hWUFJUaHRjMEpTYTA1VVlXaE9USGt5VUhkVE4wdFhOblEzT0hWd01IZFJiR1IwWm5wbVRHMXpPV0ZPQ2pCdEsxb3paWEpvTkRaQ1ZXdFlOVUpOUjBkRGJXOU1WMk5UU0VKcFJ6RnNiM3B5Y0FvdExTMHRMVVZPUkNCRFJWSlVTVVpKUTBGVVJTMHRMUzB0Q2c9PScgLS1hcGlzZXJ2ZXItZW5kcG9pbnQgJ2h0dHBzOi8vN0Y3MEE1QUVGNDA4NEI0MkU1OTg1NTBBMjA3ODk3N0UuZ3I3LmV1LWNlbnRyYWwtMS5la3MuYW1hem9uYXdzLmNvbScgIC0ta3ViZWxldC1leHRyYS1hcmdzICIiICdkZXBsb3ktbGFtcCcKCiMgQWxsb3cgdXNlciBzdXBwbGllZCB1c2VyZGF0YSBjb2RlCmVjaG8gZm9vIGJhcgo=",
            "vpc_classic_link_id": "",
            "vpc_classic_link_security_groups": null
          },
          "sensitive_attributes": [],
          "private": "bnVsbA==",
          "dependencies": [
            "aws_security_group.worker_group_mgmt_one",
            "aws_security_group.worker_group_mgmt_two",
            "module.eks.aws_eks_cluster.this",
            "module.eks.aws_iam_instance_profile.workers",
            "module.eks.aws_iam_role.workers",
            "module.eks.aws_iam_role_policy_attachment.workers_AmazonEC2ContainerRegistryReadOnly",
            "module.eks.aws_iam_role_policy_attachment.workers_AmazonEKSWorkerNodePolicy",
            "module.eks.aws_iam_role_policy_attachment.workers_AmazonEKS_CNI_Policy",
            "module.eks.aws_iam_role_policy_attachment.workers_additional_policies",
            "module.eks.aws_security_group.workers",
            "module.eks.aws_security_group_rule.cluster_primary_ingress_workers",
            "module.eks.aws_security_group_rule.workers_egress_internet",
            "module.eks.aws_security_group_rule.workers_ingress_cluster",
            "module.eks.aws_security_group_rule.workers_ingress_cluster_https",
            "module.eks.aws_security_group_rule.workers_ingress_cluster_kubelet",
            "module.eks.aws_security_group_rule.workers_ingress_cluster_primary",
            "module.eks.aws_security_group_rule.workers_ingress_self",
            "module.eks.data.aws_ami.eks_worker",
            "module.eks.data.aws_ami.eks_worker_windows",
            "module.eks.data.aws_iam_instance_profile.custom_worker_group_iam_instance_profile",
            "module.vpc.aws_subnet.private"
          ],
          "create_before_destroy": true
        },
        {
          "index_key": 10,
          "schema_version": 0,
          "attributes": {
            "arn": "arn:aws:autoscaling:eu-central-1:819902507912:launchConfiguration:1d9ffb95-4128-42d8-b771-a833cbb0d3ec:launchConfigurationName/deploy-lamp-worker-group-220220220084720305800000008",
            "associate_public_ip_address": false,
            "ebs_block_device": [],
            "ebs_optimized": false,
            "enable_monitoring": true,
            "ephemeral_block_device": [],
            "iam_instance_profile": "deploy-lamp20220220084717655600000005",
            "id": "deploy-lamp-worker-group-220220220084720305800000008",
            "image_id": "ami-04be4b2e08f425d5c",
            "instance_type": "t2.micro",
            "key_name": "",
            "metadata_options": [
              {
                "http_endpoint": "enabled",
                "http_put_response_hop_limit": 1,
                "http_tokens": "optional"
              }
            ],
            "name": "deploy-lamp-worker-group-220220220084720305800000008",
            "name_prefix": "deploy-lamp-worker-group-2",
            "placement_tenancy": "",
            "root_block_device": [
              {
                "delete_on_termination": true,
                "encrypted": false,
                "iops": 0,
                "throughput": 0,
                "volume_size": 100,
                "volume_type": "gp2"
              }
            ],
            "security_groups": [
              "sg-058bcd9d7e5785546",
              "sg-0bbbe170e5c692279"
            ],
            "spot_price": "",
            "user_data": null,
            "user_data_base64": "IyEvYmluL2Jhc2ggLWUKCiMgQWxsb3cgdXNlciBzdXBwbGllZCBwcmUgdXNlcmRhdGEgY29kZQoKCiMgQm9vdHN0cmFwIGFuZCBqb2luIHRoZSBjbHVzdGVyCi9ldGMvZWtzL2Jvb3RzdHJhcC5zaCAtLWI2NC1jbHVzdGVyLWNhICdMUzB0TFMxQ1JVZEpUaUJEUlZKVVNVWkpRMEZVUlMwdExTMHRDazFKU1VNMWVrTkRRV01yWjBGM1NVSkJaMGxDUVVSQlRrSm5hM0ZvYTJsSE9YY3dRa0ZSYzBaQlJFRldUVkpOZDBWUldVUldVVkZFUlhkd2NtUlhTbXdLWTIwMWJHUkhWbnBOUWpSWVJGUkplVTFFU1hoUFZFVXhUVVJKZUU5R2IxaEVWRTE1VFVSSmVFNTZSVEZOUkVsNFQwWnZkMFpVUlZSTlFrVkhRVEZWUlFwQmVFMUxZVE5XYVZwWVNuVmFXRkpzWTNwRFEwRlRTWGRFVVZsS1MyOWFTV2gyWTA1QlVVVkNRbEZCUkdkblJWQkJSRU5EUVZGdlEyZG5SVUpCVFROa0NrTkhOVXBPYzNscVMwdEdXbTFhYkVwVk5sbzFhM0UxY0V0alFWWTJXVk5ZU1RkcU9IaFhObEpMWXpVelVGVkdTa0pCZFVVdlJuVnNhbEF6YlVoa1NYSUtPUzh2VFdkSVpVVjBLMHBJYUhKS1NFMHZiR1UxWlVaclozZ3dkMHRDZWxKaWVrbHZiWE1yUWl0SGVUWXZWVmd2ZUhOMWExa3JjbEI0UlVoR1NtNDRVUW8xVUdwSWJrWnRXVFJzYTI4cmR6QlNTSGRMUVZGR2EwNVRNalpwYTBKd1ZEbHlaMDFDWnpKNkszVm9RazlvU0N0c2JHOUdVRXRRV0ZocEwwcEJOSHBIQ25FMFRqVkZaemtyYVZkcmFYTldaa3hUTm1wS01GbGhiQ3RIWkd0VE5qTnBLM1JOYXpKdFVWaHVLMngxUzBGeVpta3dOMFpxTVU1bVZEUTNWSFJzUkdFS2RYYzRRM0ZhVGxoalVHVnhaSGQzS3k5aGJsWm9TMVJxUjI1U04weDBTRWhJUjJvMmRqWm1TMGhFV0d4M1prbzRNRFJ1UVdodmNHNUZjRlJ4UWpONlNncFRaMUJSV1RCVWFubDRiMlZzTVRocFF5c3dRMEYzUlVGQllVNURUVVZCZDBSbldVUldVakJRUVZGSUwwSkJVVVJCWjB0clRVRTRSMEV4VldSRmQwVkNDaTkzVVVaTlFVMUNRV1k0ZDBoUldVUldVakJQUWtKWlJVWk5jMWxOT0ZWSFIwaHdNbHBzY25GeWNrZDVTV2N2YmpCUFNraE5RVEJIUTFOeFIxTkpZak1LUkZGRlFrTjNWVUZCTkVsQ1FWRkVRa1pLVGpaQ01tSlZNa1pxYVRkM09GTnphRk5RYkdKM1puTlFjVkYxVTNwSVVVUmFNMDlGZUhWeVVWaHFVM1JNT1FwdFR6azRSa2hsZVZCUU4xUlFZVXN2TlRkSGRWZzJOSE5sTkZCTldHdFBSbmRsYlhjMlJIZERhbFJWT1U5eFRFc3paVVJvUkhCdGMwaHVPVXB5VUhoYUNtczNTV1V4ZGpWRGMwbFdZVEJKTW1oWlRqTTBORGd2T1doUWNGSnVORVJpVTNjM05YaDBURTF5VUZsU09TdFlOR1pHYmtsQ1NXWjNObnBtYm1KR2JVVUtSa2Q0TUZSSWNWVmtSazg1VmxscGJ6QXhlU3RyUjJ0alQxbGhiVm80UWtWWlN6UXpOMUZqZUZOa1RrWklWbUZYY0dvMlExVTBMMU52YldOMFVYWlRaZ3BFTnpCM1JXRjRaV1p2ZEVsdmVYQXZNa1ZZT1hWUFJUaHRjMEpTYTA1VVlXaE9USGt5VUhkVE4wdFhOblEzT0hWd01IZFJiR1IwWm5wbVRHMXpPV0ZPQ2pCdEsxb3paWEpvTkRaQ1ZXdFlOVUpOUjBkRGJXOU1WMk5UU0VKcFJ6RnNiM3B5Y0FvdExTMHRMVVZPUkNCRFJWSlVTVVpKUTBGVVJTMHRMUzB0Q2c9PScgLS1hcGlzZXJ2ZXItZW5kcG9pbnQgJ2h0dHBzOi8vN0Y3MEE1QUVGNDA4NEI0MkU1OTg1NTBBMjA3ODk3N0UuZ3I3LmV1LWNlbnRyYWwtMS5la3MuYW1hem9uYXdzLmNvbScgIC0ta3ViZWxldC1leHRyYS1hcmdzICIiICdkZXBsb3ktbGFtcCcKCiMgQWxsb3cgdXNlciBzdXBwbGllZCB1c2VyZGF0YSBjb2RlCmVjaG8gZm9vIGJhcgo=",
            "vpc_classic_link_id": "",
            "vpc_classic_link_security_groups": null
          },
          "sensitive_attributes": [],
          "private": "bnVsbA==",
          "dependencies": [
            "aws_security_group.worker_group_mgmt_one",
            "aws_security_group.worker_group_mgmt_two",
            "module.eks.aws_eks_cluster.this",
            "module.eks.aws_iam_instance_profile.workers",
            "module.eks.aws_iam_role.workers",
            "module.eks.aws_iam_role_policy_attachment.workers_AmazonEC2ContainerRegistryReadOnly",
            "module.eks.aws_iam_role_policy_attachment.workers_AmazonEKSWorkerNodePolicy",
            "module.eks.aws_iam_role_policy_attachment.workers_AmazonEKS_CNI_Policy",
            "module.eks.aws_iam_role_policy_attachment.workers_additional_policies",
            "module.eks.aws_security_group.workers",
            "module.eks.aws_security_group_rule.cluster_primary_ingress_workers",
            "module.eks.aws_security_group_rule.workers_egress_internet",
            "module.eks.aws_security_group_rule.workers_ingress_cluster",
            "module.eks.aws_security_group_rule.workers_ingress_cluster_https",
            "module.eks.aws_security_group_rule.workers_ingress_cluster_kubelet",
            "module.eks.aws_security_group_rule.workers_ingress_cluster_primary",
            "module.eks.aws_security_group_rule.workers_ingress_self",
            "module.eks.data.aws_ami.eks_worker",
            "module.eks.data.aws_ami.eks_worker_windows",
            "module.eks.data.aws_iam_instance_profile.custom_worker_group_iam_instance_profile",
            "module.vpc.aws_subnet.private"
          ],
          "create_before_destroy": true
        },
        {
          "index_key": 11,
          "schema_version": 0,
          "attributes": {
            "arn": "arn:aws:autoscaling:eu-central-1:819902507912:launchConfiguration:4ac2e2ea-a668-411f-b7d2-86169664284d:launchConfigurationName/deploy-lamp-worker-group-32022022008472035690000000d",
            "associate_public_ip_address": false,
            "ebs_block_device": [],
            "ebs_optimized": false,
            "enable_monitoring": true,
            "ephemeral_block_device": [],
            "iam_instance_profile": "deploy-lamp20220220084717648000000001",
            "id": "deploy-lamp-worker-group-32022022008472035690000000d",
            "image_id": "ami-04be4b2e08f425d5c",
            "instance_type": "t2.micro",
            "key_name": "",
            "metadata_options": [
              {
                "http_endpoint": "enabled",
                "http_put_response_hop_limit": 1,
                "http_tokens": "optional"
              }
            ],
            "name": "deploy-lamp-worker-group-32022022008472035690000000d",
            "name_prefix": "deploy-lamp-worker-group-3",
            "placement_tenancy": "",
            "root_block_device": [
              {
                "delete_on_termination": true,
                "encrypted": false,
                "iops": 0,
                "throughput": 0,
                "volume_size": 100,
                "volume_type": "gp2"
              }
            ],
            "security_groups": [
              "sg-058bcd9d7e5785546",
              "sg-0bbbe170e5c692279"
            ],
            "spot_price": "",
            "user_data": null,
            "user_data_base64": "IyEvYmluL2Jhc2ggLWUKCiMgQWxsb3cgdXNlciBzdXBwbGllZCBwcmUgdXNlcmRhdGEgY29kZQoKCiMgQm9vdHN0cmFwIGFuZCBqb2luIHRoZSBjbHVzdGVyCi9ldGMvZWtzL2Jvb3RzdHJhcC5zaCAtLWI2NC1jbHVzdGVyLWNhICdMUzB0TFMxQ1JVZEpUaUJEUlZKVVNVWkpRMEZVUlMwdExTMHRDazFKU1VNMWVrTkRRV01yWjBGM1NVSkJaMGxDUVVSQlRrSm5hM0ZvYTJsSE9YY3dRa0ZSYzBaQlJFRldUVkpOZDBWUldVUldVVkZFUlhkd2NtUlhTbXdLWTIwMWJHUkhWbnBOUWpSWVJGUkplVTFFU1hoUFZFVXhUVVJKZUU5R2IxaEVWRTE1VFVSSmVFNTZSVEZOUkVsNFQwWnZkMFpVUlZSTlFrVkhRVEZWUlFwQmVFMUxZVE5XYVZwWVNuVmFXRkpzWTNwRFEwRlRTWGRFVVZsS1MyOWFTV2gyWTA1QlVVVkNRbEZCUkdkblJWQkJSRU5EUVZGdlEyZG5SVUpCVFROa0NrTkhOVXBPYzNscVMwdEdXbTFhYkVwVk5sbzFhM0UxY0V0alFWWTJXVk5ZU1RkcU9IaFhObEpMWXpVelVGVkdTa0pCZFVVdlJuVnNhbEF6YlVoa1NYSUtPUzh2VFdkSVpVVjBLMHBJYUhKS1NFMHZiR1UxWlVaclozZ3dkMHRDZWxKaWVrbHZiWE1yUWl0SGVUWXZWVmd2ZUhOMWExa3JjbEI0UlVoR1NtNDRVUW8xVUdwSWJrWnRXVFJzYTI4cmR6QlNTSGRMUVZGR2EwNVRNalpwYTBKd1ZEbHlaMDFDWnpKNkszVm9RazlvU0N0c2JHOUdVRXRRV0ZocEwwcEJOSHBIQ25FMFRqVkZaemtyYVZkcmFYTldaa3hUTm1wS01GbGhiQ3RIWkd0VE5qTnBLM1JOYXpKdFVWaHVLMngxUzBGeVpta3dOMFpxTVU1bVZEUTNWSFJzUkdFS2RYYzRRM0ZhVGxoalVHVnhaSGQzS3k5aGJsWm9TMVJxUjI1U04weDBTRWhJUjJvMmRqWm1TMGhFV0d4M1prbzRNRFJ1UVdodmNHNUZjRlJ4UWpONlNncFRaMUJSV1RCVWFubDRiMlZzTVRocFF5c3dRMEYzUlVGQllVNURUVVZCZDBSbldVUldVakJRUVZGSUwwSkJVVVJCWjB0clRVRTRSMEV4VldSRmQwVkNDaTkzVVVaTlFVMUNRV1k0ZDBoUldVUldVakJQUWtKWlJVWk5jMWxOT0ZWSFIwaHdNbHBzY25GeWNrZDVTV2N2YmpCUFNraE5RVEJIUTFOeFIxTkpZak1LUkZGRlFrTjNWVUZCTkVsQ1FWRkVRa1pLVGpaQ01tSlZNa1pxYVRkM09GTnphRk5RYkdKM1puTlFjVkYxVTNwSVVVUmFNMDlGZUhWeVVWaHFVM1JNT1FwdFR6azRSa2hsZVZCUU4xUlFZVXN2TlRkSGRWZzJOSE5sTkZCTldHdFBSbmRsYlhjMlJIZERhbFJWT1U5eFRFc3paVVJvUkhCdGMwaHVPVXB5VUhoYUNtczNTV1V4ZGpWRGMwbFdZVEJKTW1oWlRqTTBORGd2T1doUWNGSnVORVJpVTNjM05YaDBURTF5VUZsU09TdFlOR1pHYmtsQ1NXWjNObnBtYm1KR2JVVUtSa2Q0TUZSSWNWVmtSazg1VmxscGJ6QXhlU3RyUjJ0alQxbGhiVm80UWtWWlN6UXpOMUZqZUZOa1RrWklWbUZYY0dvMlExVTBMMU52YldOMFVYWlRaZ3BFTnpCM1JXRjRaV1p2ZEVsdmVYQXZNa1ZZT1hWUFJUaHRjMEpTYTA1VVlXaE9USGt5VUhkVE4wdFhOblEzT0hWd01IZFJiR1IwWm5wbVRHMXpPV0ZPQ2pCdEsxb3paWEpvTkRaQ1ZXdFlOVUpOUjBkRGJXOU1WMk5UU0VKcFJ6RnNiM3B5Y0FvdExTMHRMVVZPUkNCRFJWSlVTVVpKUTBGVVJTMHRMUzB0Q2c9PScgLS1hcGlzZXJ2ZXItZW5kcG9pbnQgJ2h0dHBzOi8vN0Y3MEE1QUVGNDA4NEI0MkU1OTg1NTBBMjA3ODk3N0UuZ3I3LmV1LWNlbnRyYWwtMS5la3MuYW1hem9uYXdzLmNvbScgIC0ta3ViZWxldC1leHRyYS1hcmdzICIiICdkZXBsb3ktbGFtcCcKCiMgQWxsb3cgdXNlciBzdXBwbGllZCB1c2VyZGF0YSBjb2RlCmVjaG8gZm9vIGJhcgo=",
            "vpc_classic_link_id": "",
            "vpc_classic_link_security_groups": null
          },
          "sensitive_attributes": [],
          "private": "bnVsbA==",
          "dependencies": [
            "aws_security_group.worker_group_mgmt_one",
            "aws_security_group.worker_group_mgmt_two",
            "module.eks.aws_eks_cluster.this",
            "module.eks.aws_iam_instance_profile.workers",
            "module.eks.aws_iam_role.workers",
            "module.eks.aws_iam_role_policy_attachment.workers_AmazonEC2ContainerRegistryReadOnly",
            "module.eks.aws_iam_role_policy_attachment.workers_AmazonEKSWorkerNodePolicy",
            "module.eks.aws_iam_role_policy_attachment.workers_AmazonEKS_CNI_Policy",
            "module.eks.aws_iam_role_policy_attachment.workers_additional_policies",
            "module.eks.aws_security_group.workers",
            "module.eks.aws_security_group_rule.cluster_primary_ingress_workers",
            "module.eks.aws_security_group_rule.workers_egress_internet",
            "module.eks.aws_security_group_rule.workers_ingress_cluster",
            "module.eks.aws_security_group_rule.workers_ingress_cluster_https",
            "module.eks.aws_security_group_rule.workers_ingress_cluster_kubelet",
            "module.eks.aws_security_group_rule.workers_ingress_cluster_primary",
            "module.eks.aws_security_group_rule.workers_ingress_self",
            "module.eks.data.aws_ami.eks_worker",
            "module.eks.data.aws_ami.eks_worker_windows",
            "module.eks.data.aws_iam_instance_profile.custom_worker_group_iam_instance_profile",
            "module.vpc.aws_subnet.private"
          ],
          "create_before_destroy": true
        }
      ]
    },
    {
      "module": "module.eks",
      "mode": "managed",
      "type": "aws_security_group",
      "name": "cluster",
      "provider": "provider[\"registry.terraform.io/hashicorp/aws\"]",
      "instances": [
        {
          "index_key": 0,
          "schema_version": 1,
          "attributes": {
            "arn": "arn:aws:ec2:eu-central-1:819902507912:security-group/sg-0a7ac13fff16b6351",
            "description": "EKS cluster security group.",
            "egress": [
              {
                "cidr_blocks": [
                  "0.0.0.0/0"
                ],
                "description": "Allow cluster egress access to the Internet.",
                "from_port": 0,
                "ipv6_cidr_blocks": [],
                "prefix_list_ids": [],
                "protocol": "-1",
                "security_groups": [],
                "self": false,
                "to_port": 0
              }
            ],
            "id": "sg-0a7ac13fff16b6351",
            "ingress": [
              {
                "cidr_blocks": [],
                "description": "Allow pods to communicate with the EKS cluster API.",
                "from_port": 443,
                "ipv6_cidr_blocks": [],
                "prefix_list_ids": [],
                "protocol": "tcp",
                "security_groups": [
                  "sg-058bcd9d7e5785546"
                ],
                "self": false,
                "to_port": 443
              }
            ],
            "name": "deploy-lamp2022021914552378800000000d",
            "name_prefix": "deploy-lamp",
            "owner_id": "819902507912",
            "revoke_rules_on_delete": false,
            "tags": {
              "Name": "deploy-lamp-eks_cluster_sg"
            },
            "tags_all": {
              "Name": "deploy-lamp-eks_cluster_sg"
            },
            "timeouts": null,
            "vpc_id": "vpc-0caf5c5dff24e0822"
          },
          "sensitive_attributes": [],
          "private": "eyJlMmJmYjczMC1lY2FhLTExZTYtOGY4OC0zNDM2M2JjN2M0YzAiOnsiY3JlYXRlIjo2MDAwMDAwMDAwMDAsImRlbGV0ZSI6OTAwMDAwMDAwMDAwfSwic2NoZW1hX3ZlcnNpb24iOiIxIn0=",
          "dependencies": [
            "module.vpc.aws_vpc.this"
          ],
          "create_before_destroy": true
        }
      ]
    },
    {
      "module": "module.eks",
      "mode": "managed",
      "type": "aws_security_group",
      "name": "workers",
      "provider": "provider[\"registry.terraform.io/hashicorp/aws\"]",
      "instances": [
        {
          "index_key": 0,
          "schema_version": 1,
          "attributes": {
            "arn": "arn:aws:ec2:eu-central-1:819902507912:security-group/sg-058bcd9d7e5785546",
            "description": "Security group for all nodes in the cluster.",
            "egress": [
              {
                "cidr_blocks": [
                  "0.0.0.0/0"
                ],
                "description": "Allow nodes all egress to the Internet.",
                "from_port": 0,
                "ipv6_cidr_blocks": [],
                "prefix_list_ids": [],
                "protocol": "-1",
                "security_groups": [],
                "self": false,
                "to_port": 0
              }
            ],
            "id": "sg-058bcd9d7e5785546",
            "ingress": [
              {
                "cidr_blocks": [],
                "description": "",
                "from_port": 0,
                "ipv6_cidr_blocks": [],
                "prefix_list_ids": [],
                "protocol": "-1",
                "security_groups": [
                  "sg-05386523e36e237f7",
                  "sg-0de4ff36a54abcf17"
                ],
                "self": false,
                "to_port": 0
              },
              {
                "cidr_blocks": [],
                "description": "Allow node to communicate with each other.",
                "from_port": 0,
                "ipv6_cidr_blocks": [],
                "prefix_list_ids": [],
                "protocol": "-1",
                "security_groups": [],
                "self": true,
                "to_port": 0
              },
              {
                "cidr_blocks": [],
                "description": "Allow pods running extension API servers on port 443 to receive communication from cluster control plane.",
                "from_port": 443,
                "ipv6_cidr_blocks": [],
                "prefix_list_ids": [],
                "protocol": "tcp",
                "security_groups": [
                  "sg-0a7ac13fff16b6351"
                ],
                "self": false,
                "to_port": 443
              },
              {
                "cidr_blocks": [],
                "description": "Allow workers pods to receive communication from the cluster control plane.",
                "from_port": 1025,
                "ipv6_cidr_blocks": [],
                "prefix_list_ids": [],
                "protocol": "tcp",
                "security_groups": [
                  "sg-0a7ac13fff16b6351"
                ],
                "self": false,
                "to_port": 65535
              }
            ],
            "name": "deploy-lamp2022021914552376510000000c",
            "name_prefix": "deploy-lamp",
            "owner_id": "819902507912",
            "revoke_rules_on_delete": false,
            "tags": {
              "Name": "deploy-lamp-eks_worker_sg",
              "kubernetes.io/cluster/deploy-lamp": "owned"
            },
            "tags_all": {
              "Name": "deploy-lamp-eks_worker_sg",
              "kubernetes.io/cluster/deploy-lamp": "owned"
            },
            "timeouts": null,
            "vpc_id": "vpc-0caf5c5dff24e0822"
          },
          "sensitive_attributes": [],
          "private": "eyJlMmJmYjczMC1lY2FhLTExZTYtOGY4OC0zNDM2M2JjN2M0YzAiOnsiY3JlYXRlIjo2MDAwMDAwMDAwMDAsImRlbGV0ZSI6OTAwMDAwMDAwMDAwfSwic2NoZW1hX3ZlcnNpb24iOiIxIn0=",
          "dependencies": [
            "module.vpc.aws_vpc.this"
          ],
          "create_before_destroy": true
        }
      ]
    },
    {
      "module": "module.eks",
      "mode": "managed",
      "type": "aws_security_group_rule",
      "name": "cluster_egress_internet",
      "provider": "provider[\"registry.terraform.io/hashicorp/aws\"]",
      "instances": [
        {
          "index_key": 0,
          "schema_version": 2,
          "attributes": {
            "cidr_blocks": [
              "0.0.0.0/0"
            ],
            "description": "Allow cluster egress access to the Internet.",
            "from_port": 0,
            "id": "sgrule-4196385100",
            "ipv6_cidr_blocks": [],
            "prefix_list_ids": [],
            "protocol": "-1",
            "security_group_id": "sg-0a7ac13fff16b6351",
            "self": false,
            "source_security_group_id": null,
            "to_port": 0,
            "type": "egress"
          },
          "sensitive_attributes": [],
          "private": "eyJzY2hlbWFfdmVyc2lvbiI6IjIifQ==",
          "dependencies": [
            "module.eks.aws_security_group.cluster",
            "module.vpc.aws_vpc.this"
          ],
          "create_before_destroy": true
        }
      ]
    },
    {
      "module": "module.eks",
      "mode": "managed",
      "type": "aws_security_group_rule",
      "name": "cluster_https_worker_ingress",
      "provider": "provider[\"registry.terraform.io/hashicorp/aws\"]",
      "instances": [
        {
          "index_key": 0,
          "schema_version": 2,
          "attributes": {
            "cidr_blocks": [],
            "description": "Allow pods to communicate with the EKS cluster API.",
            "from_port": 443,
            "id": "sgrule-1364810467",
            "ipv6_cidr_blocks": [],
            "prefix_list_ids": [],
            "protocol": "tcp",
            "security_group_id": "sg-0a7ac13fff16b6351",
            "self": false,
            "source_security_group_id": "sg-058bcd9d7e5785546",
            "to_port": 443,
            "type": "ingress"
          },
          "sensitive_attributes": [],
          "private": "eyJzY2hlbWFfdmVyc2lvbiI6IjIifQ==",
          "dependencies": [
            "module.eks.aws_security_group.cluster",
            "module.eks.aws_security_group.workers",
            "module.vpc.aws_vpc.this"
          ],
          "create_before_destroy": true
        }
      ]
    },
    {
      "module": "module.eks",
      "mode": "managed",
      "type": "aws_security_group_rule",
      "name": "workers_egress_internet",
      "provider": "provider[\"registry.terraform.io/hashicorp/aws\"]",
      "instances": [
        {
          "index_key": 0,
          "schema_version": 2,
          "attributes": {
            "cidr_blocks": [
              "0.0.0.0/0"
            ],
            "description": "Allow nodes all egress to the Internet.",
            "from_port": 0,
            "id": "sgrule-3986681476",
            "ipv6_cidr_blocks": [],
            "prefix_list_ids": [],
            "protocol": "-1",
            "security_group_id": "sg-058bcd9d7e5785546",
            "self": false,
            "source_security_group_id": null,
            "to_port": 0,
            "type": "egress"
          },
          "sensitive_attributes": [],
          "private": "eyJzY2hlbWFfdmVyc2lvbiI6IjIifQ==",
          "dependencies": [
            "module.eks.aws_security_group.workers",
            "module.vpc.aws_vpc.this"
          ],
          "create_before_destroy": true
        }
      ]
    },
    {
      "module": "module.eks",
      "mode": "managed",
      "type": "aws_security_group_rule",
      "name": "workers_ingress_cluster",
      "provider": "provider[\"registry.terraform.io/hashicorp/aws\"]",
      "instances": [
        {
          "index_key": 0,
          "schema_version": 2,
          "attributes": {
            "cidr_blocks": [],
            "description": "Allow workers pods to receive communication from the cluster control plane.",
            "from_port": 1025,
            "id": "sgrule-3448817853",
            "ipv6_cidr_blocks": [],
            "prefix_list_ids": [],
            "protocol": "tcp",
            "security_group_id": "sg-058bcd9d7e5785546",
            "self": false,
            "source_security_group_id": "sg-0a7ac13fff16b6351",
            "to_port": 65535,
            "type": "ingress"
          },
          "sensitive_attributes": [],
          "private": "eyJzY2hlbWFfdmVyc2lvbiI6IjIifQ==",
          "dependencies": [
            "module.eks.aws_security_group.cluster",
            "module.eks.aws_security_group.workers",
            "module.vpc.aws_vpc.this"
          ],
          "create_before_destroy": true
        }
      ]
    },
    {
      "module": "module.eks",
      "mode": "managed",
      "type": "aws_security_group_rule",
      "name": "workers_ingress_cluster_https",
      "provider": "provider[\"registry.terraform.io/hashicorp/aws\"]",
      "instances": [
        {
          "index_key": 0,
          "schema_version": 2,
          "attributes": {
            "cidr_blocks": [],
            "description": "Allow pods running extension API servers on port 443 to receive communication from cluster control plane.",
            "from_port": 443,
            "id": "sgrule-1898630402",
            "ipv6_cidr_blocks": [],
            "prefix_list_ids": [],
            "protocol": "tcp",
            "security_group_id": "sg-058bcd9d7e5785546",
            "self": false,
            "source_security_group_id": "sg-0a7ac13fff16b6351",
            "to_port": 443,
            "type": "ingress"
          },
          "sensitive_attributes": [],
          "private": "eyJzY2hlbWFfdmVyc2lvbiI6IjIifQ==",
          "dependencies": [
            "module.eks.aws_security_group.cluster",
            "module.eks.aws_security_group.workers",
            "module.vpc.aws_vpc.this"
          ],
          "create_before_destroy": true
        }
      ]
    },
    {
      "module": "module.eks",
      "mode": "managed",
      "type": "aws_security_group_rule",
      "name": "workers_ingress_self",
      "provider": "provider[\"registry.terraform.io/hashicorp/aws\"]",
      "instances": [
        {
          "index_key": 0,
          "schema_version": 2,
          "attributes": {
            "cidr_blocks": [],
            "description": "Allow node to communicate with each other.",
            "from_port": 0,
            "id": "sgrule-2263300320",
            "ipv6_cidr_blocks": [],
            "prefix_list_ids": [],
            "protocol": "-1",
            "security_group_id": "sg-058bcd9d7e5785546",
            "self": false,
            "source_security_group_id": "sg-058bcd9d7e5785546",
            "to_port": 0,
            "type": "ingress"
          },
          "sensitive_attributes": [],
          "private": "eyJzY2hlbWFfdmVyc2lvbiI6IjIifQ==",
          "dependencies": [
            "module.eks.aws_security_group.workers",
            "module.vpc.aws_vpc.this"
          ],
          "create_before_destroy": true
        }
      ]
    },
    {
      "module": "module.eks",
      "mode": "managed",
      "type": "kubernetes_config_map",
      "name": "aws_auth",
      "provider": "provider[\"registry.terraform.io/hashicorp/kubernetes\"]",
      "instances": [
        {
          "index_key": 0,
          "schema_version": 0,
          "attributes": {
            "binary_data": {},
            "data": {
              "mapAccounts": "[]\n",
              "mapRoles": "- \"groups\":\n  - \"system:bootstrappers\"\n  - \"system:nodes\"\n  \"rolearn\": \"arn:aws:iam::819902507912:role/deploy-lamp2022021915065507530000000e\"\n  \"username\": \"system:node:{{EC2PrivateDNSName}}\"\n",
              "mapUsers": "[]\n"
            },
            "id": "kube-system/aws-auth",
            "metadata": [
              {
                "annotations": {},
                "generate_name": "",
                "generation": 0,
                "labels": {
                  "app.kubernetes.io/managed-by": "Terraform",
                  "terraform.io/module": "terraform-aws-modules.eks.aws"
                },
                "name": "aws-auth",
                "namespace": "kube-system",
                "resource_version": "83903",
                "uid": "3944d2b5-5b4b-4fdb-b1a3-e109d36315fe"
              }
            ]
          },
          "sensitive_attributes": [],
          "private": "bnVsbA==",
          "dependencies": [
            "aws_security_group.worker_group_mgmt_one",
            "aws_security_group.worker_group_mgmt_two",
            "data.aws_availability_zones.available",
            "data.aws_eks_cluster.cluster",
            "data.aws_eks_cluster_auth.cluster",
            "module.eks.aws_cloudwatch_log_group.this",
            "module.eks.aws_eks_cluster.this",
            "module.eks.aws_iam_instance_profile.workers",
            "module.eks.aws_iam_instance_profile.workers_launch_template",
            "module.eks.aws_iam_role.cluster",
            "module.eks.aws_iam_role.workers",
            "module.eks.aws_iam_role_policy_attachment.cluster_AmazonEKSClusterPolicy",
            "module.eks.aws_iam_role_policy_attachment.cluster_AmazonEKSServicePolicy",
            "module.eks.aws_iam_role_policy_attachment.cluster_AmazonEKSVPCResourceControllerPolicy",
            "module.eks.aws_iam_role_policy_attachment.workers_AmazonEC2ContainerRegistryReadOnly",
            "module.eks.aws_iam_role_policy_attachment.workers_AmazonEKSWorkerNodePolicy",
            "module.eks.aws_iam_role_policy_attachment.workers_AmazonEKS_CNI_Policy",
            "module.eks.aws_security_group.cluster",
            "module.eks.aws_security_group.workers",
            "module.eks.aws_security_group_rule.cluster_egress_internet",
            "module.eks.aws_security_group_rule.cluster_https_worker_ingress",
            "module.eks.aws_security_group_rule.cluster_private_access_cidrs_source",
            "module.eks.aws_security_group_rule.cluster_private_access_sg_source",
            "module.eks.data.aws_ami.eks_worker",
            "module.eks.data.aws_ami.eks_worker_windows",
            "module.eks.data.aws_caller_identity.current",
            "module.eks.data.aws_iam_instance_profile.custom_worker_group_iam_instance_profile",
            "module.eks.data.aws_iam_instance_profile.custom_worker_group_launch_template_iam_instance_profile",
            "module.eks.data.aws_iam_policy_document.cluster_assume_role_policy",
            "module.eks.data.aws_iam_policy_document.workers_assume_role_policy",
            "module.eks.data.aws_iam_role.custom_cluster_iam_role",
            "module.eks.data.aws_partition.current",
            "module.eks.data.http.wait_for_cluster",
            "module.eks.module.fargate.aws_iam_role.eks_fargate_pod",
            "module.eks.module.fargate.data.aws_iam_policy_document.eks_fargate_pod_assume_role",
            "module.eks.module.fargate.data.aws_iam_role.custom_fargate_iam_role",
            "module.vpc.aws_subnet.private",
            "module.vpc.aws_vpc.this",
            "module.vpc.aws_vpc_ipv4_cidr_block_association.this"
          ]
        }
      ]
    },
    {
      "module": "module.eks",
      "mode": "managed",
      "type": "local_file",
      "name": "kubeconfig",
      "provider": "provider[\"registry.terraform.io/hashicorp/local\"]",
      "instances": [
        {
          "index_key": 0,
          "schema_version": 0,
          "attributes": {
            "content": "apiVersion: v1\npreferences: {}\nkind: Config\n\nclusters:\n- cluster:\n    server: https://7F70A5AEF4084B42E598550A2078977E.gr7.eu-central-1.eks.amazonaws.com\n    certificate-authority-data: LS0tLS1CRUdJTiBDRVJUSUZJQ0FURS0tLS0tCk1JSUM1ekNDQWMrZ0F3SUJBZ0lCQURBTkJna3Foa2lHOXcwQkFRc0ZBREFWTVJNd0VRWURWUVFERXdwcmRXSmwKY201bGRHVnpNQjRYRFRJeU1ESXhPVEUxTURJeE9Gb1hEVE15TURJeE56RTFNREl4T0Zvd0ZURVRNQkVHQTFVRQpBeE1LYTNWaVpYSnVaWFJsY3pDQ0FTSXdEUVlKS29aSWh2Y05BUUVCQlFBRGdnRVBBRENDQVFvQ2dnRUJBTTNkCkNHNUpOc3lqS0tGWm1abEpVNlo1a3E1cEtjQVY2WVNYSTdqOHhXNlJLYzUzUFVGSkJBdUUvRnVsalAzbUhkSXIKOS8vTWdIZUV0K0pIaHJKSE0vbGU1ZUZrZ3gwd0tCelJieklvbXMrQitHeTYvVVgveHN1a1krclB4RUhGSm44UQo1UGpIbkZtWTRsa28rdzBSSHdLQVFGa05TMjZpa0JwVDlyZ01CZzJ6K3VoQk9oSCtsbG9GUEtQWFhpL0pBNHpHCnE0TjVFZzkraVdraXNWZkxTNmpKMFlhbCtHZGtTNjNpK3RNazJtUVhuK2x1S0FyZmkwN0ZqMU5mVDQ3VHRsRGEKdXc4Q3FaTlhjUGVxZHd3Ky9hblZoS1RqR25SN0x0SEhIR2o2djZmS0hEWGx3Zko4MDRuQWhvcG5FcFRxQjN6SgpTZ1BRWTBUanl4b2VsMThpQyswQ0F3RUFBYU5DTUVBd0RnWURWUjBQQVFIL0JBUURBZ0trTUE4R0ExVWRFd0VCCi93UUZNQU1CQWY4d0hRWURWUjBPQkJZRUZNc1lNOFVHR0hwMlpscnFyckd5SWcvbjBPSkhNQTBHQ1NxR1NJYjMKRFFFQkN3VUFBNElCQVFEQkZKTjZCMmJVMkZqaTd3OFNzaFNQbGJ3ZnNQcVF1U3pIUURaM09FeHVyUVhqU3RMOQptTzk4RkhleVBQN1RQYUsvNTdHdVg2NHNlNFBNWGtPRndlbXc2RHdDalRVOU9xTEszZURoRHBtc0huOUpyUHhaCms3SWUxdjVDc0lWYTBJMmhZTjM0NDgvOWhQcFJuNERiU3c3NXh0TE1yUFlSOStYNGZGbklCSWZ3NnpmbmJGbUUKRkd4MFRIcVVkRk85VllpbzAxeStrR2tjT1lhbVo4QkVZSzQzN1FjeFNkTkZIVmFXcGo2Q1U0L1NvbWN0UXZTZgpENzB3RWF4ZWZvdElveXAvMkVYOXVPRThtc0JSa05UYWhOTHkyUHdTN0tXNnQ3OHVwMHdRbGR0ZnpmTG1zOWFOCjBtK1ozZXJoNDZCVWtYNUJNR0dDbW9MV2NTSEJpRzFsb3pycAotLS0tLUVORCBDRVJUSUZJQ0FURS0tLS0tCg==\n  name: eks_deploy-lamp\n\ncontexts:\n- context:\n    cluster: eks_deploy-lamp\n    user: eks_deploy-lamp\n  name: eks_deploy-lamp\n\ncurrent-context: eks_deploy-lamp\n\nusers:\n- name: eks_deploy-lamp\n  user:\n    exec:\n      apiVersion: client.authentication.k8s.io/v1alpha1\n      command: aws-iam-authenticator\n      args:\n        - \"token\"\n        - \"-i\"\n        - \"deploy-lamp\"\n",
            "content_base64": null,
            "directory_permission": "0755",
            "file_permission": "0600",
            "filename": "./kubeconfig_deploy-lamp",
            "id": "5d14f10fd3c823c4a910cc102c964d0f5df7779f",
            "sensitive_content": null,
            "source": null
          },
          "sensitive_attributes": [],
          "private": "bnVsbA==",
          "dependencies": [
            "data.aws_availability_zones.available",
            "module.eks.aws_cloudwatch_log_group.this",
            "module.eks.aws_eks_cluster.this",
            "module.eks.aws_iam_role.cluster",
            "module.eks.aws_iam_role_policy_attachment.cluster_AmazonEKSClusterPolicy",
            "module.eks.aws_iam_role_policy_attachment.cluster_AmazonEKSServicePolicy",
            "module.eks.aws_iam_role_policy_attachment.cluster_AmazonEKSVPCResourceControllerPolicy",
            "module.eks.aws_security_group.cluster",
            "module.eks.aws_security_group.workers",
            "module.eks.aws_security_group_rule.cluster_egress_internet",
            "module.eks.aws_security_group_rule.cluster_https_worker_ingress",
            "module.eks.data.aws_iam_policy_document.cluster_assume_role_policy",
            "module.eks.data.aws_iam_role.custom_cluster_iam_role",
            "module.eks.data.aws_partition.current",
            "module.vpc.aws_subnet.private",
            "module.vpc.aws_vpc.this",
            "module.vpc.aws_vpc_ipv4_cidr_block_association.this"
          ]
        }
      ]
    },
    {
      "module": "module.eks.module.fargate",
      "mode": "data",
      "type": "aws_partition",
      "name": "current",
      "provider": "provider[\"registry.terraform.io/hashicorp/aws\"]",
      "instances": [
        {
          "schema_version": 0,
          "attributes": {
            "dns_suffix": "amazonaws.com",
            "id": "aws",
            "partition": "aws",
            "reverse_dns_prefix": "com.amazonaws"
          },
          "sensitive_attributes": []
        }
      ]
    },
    {
      "module": "module.vpc",
      "mode": "managed",
      "type": "aws_eip",
      "name": "nat",
      "provider": "provider[\"registry.terraform.io/hashicorp/aws\"]",
      "instances": [
        {
          "index_key": 0,
          "schema_version": 0,
          "attributes": {
            "address": null,
            "allocation_id": "eipalloc-021b8451f37a0d9e1",
            "associate_with_private_ip": null,
            "association_id": "eipassoc-0105563f73f42edb9",
            "carrier_ip": "",
            "customer_owned_ip": "",
            "customer_owned_ipv4_pool": "",
            "domain": "vpc",
            "id": "eipalloc-021b8451f37a0d9e1",
            "instance": "",
            "network_border_group": "eu-central-1",
            "network_interface": "eni-0afe1838ed0487dad",
            "private_dns": "ip-10-0-4-36.eu-central-1.compute.internal",
            "private_ip": "10.0.4.36",
            "public_dns": "ec2-35-158-42-131.eu-central-1.compute.amazonaws.com",
            "public_ip": "35.158.42.131",
            "public_ipv4_pool": "amazon",
            "tags": {
              "Name": "education-vpc-eu-central-1a",
              "kubernetes.io/cluster/deploy-lamp": "shared"
            },
            "tags_all": {
              "Name": "education-vpc-eu-central-1a",
              "kubernetes.io/cluster/deploy-lamp": "shared"
            },
            "timeouts": null,
            "vpc": true
          },
          "sensitive_attributes": [],
          "private": "eyJlMmJmYjczMC1lY2FhLTExZTYtOGY4OC0zNDM2M2JjN2M0YzAiOnsiZGVsZXRlIjoxODAwMDAwMDAwMDAsInJlYWQiOjkwMDAwMDAwMDAwMCwidXBkYXRlIjozMDAwMDAwMDAwMDB9fQ==",
          "dependencies": [
            "data.aws_availability_zones.available"
          ]
        }
      ]
    },
    {
      "module": "module.vpc",
      "mode": "managed",
      "type": "aws_internet_gateway",
      "name": "this",
      "provider": "provider[\"registry.terraform.io/hashicorp/aws\"]",
      "instances": [
        {
          "index_key": 0,
          "schema_version": 0,
          "attributes": {
            "arn": "arn:aws:ec2:eu-central-1:819902507912:internet-gateway/igw-077506c190e2cc01f",
            "id": "igw-077506c190e2cc01f",
            "owner_id": "819902507912",
            "tags": {
              "Name": "education-vpc",
              "kubernetes.io/cluster/deploy-lamp": "shared"
            },
            "tags_all": {
              "Name": "education-vpc",
              "kubernetes.io/cluster/deploy-lamp": "shared"
            },
            "vpc_id": "vpc-0caf5c5dff24e0822"
          },
          "sensitive_attributes": [],
          "private": "bnVsbA==",
          "dependencies": [
            "module.vpc.aws_vpc.this",
            "module.vpc.aws_vpc_ipv4_cidr_block_association.this"
          ]
        }
      ]
    },
    {
      "module": "module.vpc",
      "mode": "managed",
      "type": "aws_nat_gateway",
      "name": "this",
      "provider": "provider[\"registry.terraform.io/hashicorp/aws\"]",
      "instances": [
        {
          "index_key": 0,
          "schema_version": 0,
          "attributes": {
            "allocation_id": "eipalloc-021b8451f37a0d9e1",
            "connectivity_type": "public",
            "id": "nat-058aae587a8f513db",
            "network_interface_id": "eni-0afe1838ed0487dad",
            "private_ip": "10.0.4.36",
            "public_ip": "35.158.42.131",
            "subnet_id": "subnet-010e55fcececff383",
            "tags": {
              "Name": "education-vpc-eu-central-1a",
              "kubernetes.io/cluster/deploy-lamp": "shared"
            },
            "tags_all": {
              "Name": "education-vpc-eu-central-1a",
              "kubernetes.io/cluster/deploy-lamp": "shared"
            }
          },
          "sensitive_attributes": [],
          "private": "bnVsbA==",
          "dependencies": [
            "data.aws_availability_zones.available",
            "module.vpc.aws_eip.nat",
            "module.vpc.aws_internet_gateway.this",
            "module.vpc.aws_subnet.public",
            "module.vpc.aws_vpc.this",
            "module.vpc.aws_vpc_ipv4_cidr_block_association.this"
          ]
        }
      ]
    },
    {
      "module": "module.vpc",
      "mode": "managed",
      "type": "aws_route",
      "name": "private_nat_gateway",
      "provider": "provider[\"registry.terraform.io/hashicorp/aws\"]",
      "instances": [
        {
          "index_key": 0,
          "schema_version": 0,
          "attributes": {
            "carrier_gateway_id": "",
            "destination_cidr_block": "0.0.0.0/0",
            "destination_ipv6_cidr_block": "",
            "destination_prefix_list_id": "",
            "egress_only_gateway_id": "",
            "gateway_id": "",
            "id": "r-rtb-0032061d96a55bc631080289494",
            "instance_id": "",
            "instance_owner_id": "",
            "local_gateway_id": "",
            "nat_gateway_id": "nat-058aae587a8f513db",
            "network_interface_id": "",
            "origin": "CreateRoute",
            "route_table_id": "rtb-0032061d96a55bc63",
            "state": "active",
            "timeouts": {
              "create": "5m",
              "delete": null,
              "update": null
            },
            "transit_gateway_id": "",
            "vpc_endpoint_id": "",
            "vpc_peering_connection_id": ""
          },
          "sensitive_attributes": [],
          "private": "eyJlMmJmYjczMC1lY2FhLTExZTYtOGY4OC0zNDM2M2JjN2M0YzAiOnsiY3JlYXRlIjozMDAwMDAwMDAwMDAsImRlbGV0ZSI6MzAwMDAwMDAwMDAwLCJ1cGRhdGUiOjEyMDAwMDAwMDAwMH19",
          "dependencies": [
            "data.aws_availability_zones.available",
            "module.vpc.aws_eip.nat",
            "module.vpc.aws_internet_gateway.this",
            "module.vpc.aws_nat_gateway.this",
            "module.vpc.aws_route_table.private",
            "module.vpc.aws_subnet.public",
            "module.vpc.aws_vpc.this",
            "module.vpc.aws_vpc_ipv4_cidr_block_association.this"
          ]
        }
      ]
    },
    {
      "module": "module.vpc",
      "mode": "managed",
      "type": "aws_route",
      "name": "public_internet_gateway",
      "provider": "provider[\"registry.terraform.io/hashicorp/aws\"]",
      "instances": [
        {
          "index_key": 0,
          "schema_version": 0,
          "attributes": {
            "carrier_gateway_id": "",
            "destination_cidr_block": "0.0.0.0/0",
            "destination_ipv6_cidr_block": "",
            "destination_prefix_list_id": "",
            "egress_only_gateway_id": "",
            "gateway_id": "igw-077506c190e2cc01f",
            "id": "r-rtb-0782732d2ead55d731080289494",
            "instance_id": "",
            "instance_owner_id": "",
            "local_gateway_id": "",
            "nat_gateway_id": "",
            "network_interface_id": "",
            "origin": "CreateRoute",
            "route_table_id": "rtb-0782732d2ead55d73",
            "state": "active",
            "timeouts": {
              "create": "5m",
              "delete": null,
              "update": null
            },
            "transit_gateway_id": "",
            "vpc_endpoint_id": "",
            "vpc_peering_connection_id": ""
          },
          "sensitive_attributes": [],
          "private": "eyJlMmJmYjczMC1lY2FhLTExZTYtOGY4OC0zNDM2M2JjN2M0YzAiOnsiY3JlYXRlIjozMDAwMDAwMDAwMDAsImRlbGV0ZSI6MzAwMDAwMDAwMDAwLCJ1cGRhdGUiOjEyMDAwMDAwMDAwMH19",
          "dependencies": [
            "module.vpc.aws_internet_gateway.this",
            "module.vpc.aws_route_table.public",
            "module.vpc.aws_vpc.this",
            "module.vpc.aws_vpc_ipv4_cidr_block_association.this"
          ]
        }
      ]
    },
    {
      "module": "module.vpc",
      "mode": "managed",
      "type": "aws_route_table",
      "name": "private",
      "provider": "provider[\"registry.terraform.io/hashicorp/aws\"]",
      "instances": [
        {
          "index_key": 0,
          "schema_version": 0,
          "attributes": {
            "arn": "arn:aws:ec2:eu-central-1:819902507912:route-table/rtb-0032061d96a55bc63",
            "id": "rtb-0032061d96a55bc63",
            "owner_id": "819902507912",
            "propagating_vgws": [],
            "route": [
              {
                "carrier_gateway_id": "",
                "cidr_block": "0.0.0.0/0",
                "destination_prefix_list_id": "",
                "egress_only_gateway_id": "",
                "gateway_id": "",
                "instance_id": "",
                "ipv6_cidr_block": "",
                "local_gateway_id": "",
                "nat_gateway_id": "nat-058aae587a8f513db",
                "network_interface_id": "",
                "transit_gateway_id": "",
                "vpc_endpoint_id": "",
                "vpc_peering_connection_id": ""
              }
            ],
            "tags": {
              "Name": "education-vpc-private",
              "kubernetes.io/cluster/deploy-lamp": "shared"
            },
            "tags_all": {
              "Name": "education-vpc-private",
              "kubernetes.io/cluster/deploy-lamp": "shared"
            },
            "timeouts": null,
            "vpc_id": "vpc-0caf5c5dff24e0822"
          },
          "sensitive_attributes": [],
          "private": "eyJlMmJmYjczMC1lY2FhLTExZTYtOGY4OC0zNDM2M2JjN2M0YzAiOnsiY3JlYXRlIjozMDAwMDAwMDAwMDAsImRlbGV0ZSI6MzAwMDAwMDAwMDAwLCJ1cGRhdGUiOjEyMDAwMDAwMDAwMH19",
          "dependencies": [
            "data.aws_availability_zones.available",
            "module.vpc.aws_vpc.this",
            "module.vpc.aws_vpc_ipv4_cidr_block_association.this"
          ]
        }
      ]
    },
    {
      "module": "module.vpc",
      "mode": "managed",
      "type": "aws_route_table",
      "name": "public",
      "provider": "provider[\"registry.terraform.io/hashicorp/aws\"]",
      "instances": [
        {
          "index_key": 0,
          "schema_version": 0,
          "attributes": {
            "arn": "arn:aws:ec2:eu-central-1:819902507912:route-table/rtb-0782732d2ead55d73",
            "id": "rtb-0782732d2ead55d73",
            "owner_id": "819902507912",
            "propagating_vgws": [],
            "route": [
              {
                "carrier_gateway_id": "",
                "cidr_block": "0.0.0.0/0",
                "destination_prefix_list_id": "",
                "egress_only_gateway_id": "",
                "gateway_id": "igw-077506c190e2cc01f",
                "instance_id": "",
                "ipv6_cidr_block": "",
                "local_gateway_id": "",
                "nat_gateway_id": "",
                "network_interface_id": "",
                "transit_gateway_id": "",
                "vpc_endpoint_id": "",
                "vpc_peering_connection_id": ""
              }
            ],
            "tags": {
              "Name": "education-vpc-public",
              "kubernetes.io/cluster/deploy-lamp": "shared"
            },
            "tags_all": {
              "Name": "education-vpc-public",
              "kubernetes.io/cluster/deploy-lamp": "shared"
            },
            "timeouts": null,
            "vpc_id": "vpc-0caf5c5dff24e0822"
          },
          "sensitive_attributes": [],
          "private": "eyJlMmJmYjczMC1lY2FhLTExZTYtOGY4OC0zNDM2M2JjN2M0YzAiOnsiY3JlYXRlIjozMDAwMDAwMDAwMDAsImRlbGV0ZSI6MzAwMDAwMDAwMDAwLCJ1cGRhdGUiOjEyMDAwMDAwMDAwMH19",
          "dependencies": [
            "module.vpc.aws_vpc.this",
            "module.vpc.aws_vpc_ipv4_cidr_block_association.this"
          ]
        }
      ]
    },
    {
      "module": "module.vpc",
      "mode": "managed",
      "type": "aws_route_table_association",
      "name": "private",
      "provider": "provider[\"registry.terraform.io/hashicorp/aws\"]",
      "instances": [
        {
          "index_key": 0,
          "schema_version": 0,
          "attributes": {
            "gateway_id": "",
            "id": "rtbassoc-01c42d6a0a623fb91",
            "route_table_id": "rtb-0032061d96a55bc63",
            "subnet_id": "subnet-0dbd772a806ecfca0"
          },
          "sensitive_attributes": [],
          "private": "bnVsbA==",
          "dependencies": [
            "data.aws_availability_zones.available",
            "module.vpc.aws_route_table.private",
            "module.vpc.aws_subnet.private",
            "module.vpc.aws_vpc.this",
            "module.vpc.aws_vpc_ipv4_cidr_block_association.this"
          ]
        },
        {
          "index_key": 1,
          "schema_version": 0,
          "attributes": {
            "gateway_id": "",
            "id": "rtbassoc-09df8a5e900a9b371",
            "route_table_id": "rtb-0032061d96a55bc63",
            "subnet_id": "subnet-0308ec7bc2622664a"
          },
          "sensitive_attributes": [],
          "private": "bnVsbA==",
          "dependencies": [
            "data.aws_availability_zones.available",
            "module.vpc.aws_route_table.private",
            "module.vpc.aws_subnet.private",
            "module.vpc.aws_vpc.this",
            "module.vpc.aws_vpc_ipv4_cidr_block_association.this"
          ]
        },
        {
          "index_key": 2,
          "schema_version": 0,
          "attributes": {
            "gateway_id": "",
            "id": "rtbassoc-0221917a7b53b4106",
            "route_table_id": "rtb-0032061d96a55bc63",
            "subnet_id": "subnet-08d8ebc7c923ecf7e"
          },
          "sensitive_attributes": [],
          "private": "bnVsbA==",
          "dependencies": [
            "data.aws_availability_zones.available",
            "module.vpc.aws_route_table.private",
            "module.vpc.aws_subnet.private",
            "module.vpc.aws_vpc.this",
            "module.vpc.aws_vpc_ipv4_cidr_block_association.this"
          ]
        }
      ]
    },
    {
      "module": "module.vpc",
      "mode": "managed",
      "type": "aws_route_table_association",
      "name": "public",
      "provider": "provider[\"registry.terraform.io/hashicorp/aws\"]",
      "instances": [
        {
          "index_key": 0,
          "schema_version": 0,
          "attributes": {
            "gateway_id": "",
            "id": "rtbassoc-076178b930f4688ac",
            "route_table_id": "rtb-0782732d2ead55d73",
            "subnet_id": "subnet-010e55fcececff383"
          },
          "sensitive_attributes": [],
          "private": "bnVsbA==",
          "dependencies": [
            "data.aws_availability_zones.available",
            "module.vpc.aws_route_table.public",
            "module.vpc.aws_subnet.public",
            "module.vpc.aws_vpc.this",
            "module.vpc.aws_vpc_ipv4_cidr_block_association.this"
          ]
        },
        {
          "index_key": 1,
          "schema_version": 0,
          "attributes": {
            "gateway_id": "",
            "id": "rtbassoc-09411e51662785050",
            "route_table_id": "rtb-0782732d2ead55d73",
            "subnet_id": "subnet-0cdef3be06af87279"
          },
          "sensitive_attributes": [],
          "private": "bnVsbA==",
          "dependencies": [
            "data.aws_availability_zones.available",
            "module.vpc.aws_route_table.public",
            "module.vpc.aws_subnet.public",
            "module.vpc.aws_vpc.this",
            "module.vpc.aws_vpc_ipv4_cidr_block_association.this"
          ]
        },
        {
          "index_key": 2,
          "schema_version": 0,
          "attributes": {
            "gateway_id": "",
            "id": "rtbassoc-0ad135928263dca71",
            "route_table_id": "rtb-0782732d2ead55d73",
            "subnet_id": "subnet-0752b39a10110f4e5"
          },
          "sensitive_attributes": [],
          "private": "bnVsbA==",
          "dependencies": [
            "data.aws_availability_zones.available",
            "module.vpc.aws_route_table.public",
            "module.vpc.aws_subnet.public",
            "module.vpc.aws_vpc.this",
            "module.vpc.aws_vpc_ipv4_cidr_block_association.this"
          ]
        }
      ]
    },
    {
      "module": "module.vpc",
      "mode": "managed",
      "type": "aws_subnet",
      "name": "private",
      "provider": "provider[\"registry.terraform.io/hashicorp/aws\"]",
      "instances": [
        {
          "index_key": 0,
          "schema_version": 1,
          "attributes": {
            "arn": "arn:aws:ec2:eu-central-1:819902507912:subnet/subnet-0dbd772a806ecfca0",
            "assign_ipv6_address_on_creation": false,
            "availability_zone": "eu-central-1a",
            "availability_zone_id": "euc1-az2",
            "cidr_block": "10.0.1.0/24",
            "customer_owned_ipv4_pool": "",
            "enable_dns64": false,
            "enable_resource_name_dns_a_record_on_launch": false,
            "enable_resource_name_dns_aaaa_record_on_launch": false,
            "id": "subnet-0dbd772a806ecfca0",
            "ipv6_cidr_block": "",
            "ipv6_cidr_block_association_id": "",
            "ipv6_native": false,
            "map_customer_owned_ip_on_launch": false,
            "map_public_ip_on_launch": false,
            "outpost_arn": "",
            "owner_id": "819902507912",
            "private_dns_hostname_type_on_launch": "ip-name",
            "tags": {
              "Name": "education-vpc-private-eu-central-1a",
              "kubernetes.io/cluster/deploy-lamp": "shared",
              "kubernetes.io/role/internal-elb": "1"
            },
            "tags_all": {
              "Name": "education-vpc-private-eu-central-1a",
              "kubernetes.io/cluster/deploy-lamp": "shared",
              "kubernetes.io/role/internal-elb": "1"
            },
            "timeouts": null,
            "vpc_id": "vpc-0caf5c5dff24e0822"
          },
          "sensitive_attributes": [],
          "private": "eyJlMmJmYjczMC1lY2FhLTExZTYtOGY4OC0zNDM2M2JjN2M0YzAiOnsiY3JlYXRlIjo2MDAwMDAwMDAwMDAsImRlbGV0ZSI6MTIwMDAwMDAwMDAwMH0sInNjaGVtYV92ZXJzaW9uIjoiMSJ9",
          "dependencies": [
            "data.aws_availability_zones.available",
            "module.vpc.aws_vpc.this",
            "module.vpc.aws_vpc_ipv4_cidr_block_association.this"
          ],
          "create_before_destroy": true
        },
        {
          "index_key": 1,
          "schema_version": 1,
          "attributes": {
            "arn": "arn:aws:ec2:eu-central-1:819902507912:subnet/subnet-0308ec7bc2622664a",
            "assign_ipv6_address_on_creation": false,
            "availability_zone": "eu-central-1b",
            "availability_zone_id": "euc1-az3",
            "cidr_block": "10.0.2.0/24",
            "customer_owned_ipv4_pool": "",
            "enable_dns64": false,
            "enable_resource_name_dns_a_record_on_launch": false,
            "enable_resource_name_dns_aaaa_record_on_launch": false,
            "id": "subnet-0308ec7bc2622664a",
            "ipv6_cidr_block": "",
            "ipv6_cidr_block_association_id": "",
            "ipv6_native": false,
            "map_customer_owned_ip_on_launch": false,
            "map_public_ip_on_launch": false,
            "outpost_arn": "",
            "owner_id": "819902507912",
            "private_dns_hostname_type_on_launch": "ip-name",
            "tags": {
              "Name": "education-vpc-private-eu-central-1b",
              "kubernetes.io/cluster/deploy-lamp": "shared",
              "kubernetes.io/role/internal-elb": "1"
            },
            "tags_all": {
              "Name": "education-vpc-private-eu-central-1b",
              "kubernetes.io/cluster/deploy-lamp": "shared",
              "kubernetes.io/role/internal-elb": "1"
            },
            "timeouts": null,
            "vpc_id": "vpc-0caf5c5dff24e0822"
          },
          "sensitive_attributes": [],
          "private": "eyJlMmJmYjczMC1lY2FhLTExZTYtOGY4OC0zNDM2M2JjN2M0YzAiOnsiY3JlYXRlIjo2MDAwMDAwMDAwMDAsImRlbGV0ZSI6MTIwMDAwMDAwMDAwMH0sInNjaGVtYV92ZXJzaW9uIjoiMSJ9",
          "dependencies": [
            "data.aws_availability_zones.available",
            "module.vpc.aws_vpc.this",
            "module.vpc.aws_vpc_ipv4_cidr_block_association.this"
          ],
          "create_before_destroy": true
        },
        {
          "index_key": 2,
          "schema_version": 1,
          "attributes": {
            "arn": "arn:aws:ec2:eu-central-1:819902507912:subnet/subnet-08d8ebc7c923ecf7e",
            "assign_ipv6_address_on_creation": false,
            "availability_zone": "eu-central-1c",
            "availability_zone_id": "euc1-az1",
            "cidr_block": "10.0.3.0/24",
            "customer_owned_ipv4_pool": "",
            "enable_dns64": false,
            "enable_resource_name_dns_a_record_on_launch": false,
            "enable_resource_name_dns_aaaa_record_on_launch": false,
            "id": "subnet-08d8ebc7c923ecf7e",
            "ipv6_cidr_block": "",
            "ipv6_cidr_block_association_id": "",
            "ipv6_native": false,
            "map_customer_owned_ip_on_launch": false,
            "map_public_ip_on_launch": false,
            "outpost_arn": "",
            "owner_id": "819902507912",
            "private_dns_hostname_type_on_launch": "ip-name",
            "tags": {
              "Name": "education-vpc-private-eu-central-1c",
              "kubernetes.io/cluster/deploy-lamp": "shared",
              "kubernetes.io/role/internal-elb": "1"
            },
            "tags_all": {
              "Name": "education-vpc-private-eu-central-1c",
              "kubernetes.io/cluster/deploy-lamp": "shared",
              "kubernetes.io/role/internal-elb": "1"
            },
            "timeouts": null,
            "vpc_id": "vpc-0caf5c5dff24e0822"
          },
          "sensitive_attributes": [],
          "private": "eyJlMmJmYjczMC1lY2FhLTExZTYtOGY4OC0zNDM2M2JjN2M0YzAiOnsiY3JlYXRlIjo2MDAwMDAwMDAwMDAsImRlbGV0ZSI6MTIwMDAwMDAwMDAwMH0sInNjaGVtYV92ZXJzaW9uIjoiMSJ9",
          "dependencies": [
            "data.aws_availability_zones.available",
            "module.vpc.aws_vpc.this",
            "module.vpc.aws_vpc_ipv4_cidr_block_association.this"
          ],
          "create_before_destroy": true
        }
      ]
    },
    {
      "module": "module.vpc",
      "mode": "managed",
      "type": "aws_subnet",
      "name": "public",
      "provider": "provider[\"registry.terraform.io/hashicorp/aws\"]",
      "instances": [
        {
          "index_key": 0,
          "schema_version": 1,
          "attributes": {
            "arn": "arn:aws:ec2:eu-central-1:819902507912:subnet/subnet-010e55fcececff383",
            "assign_ipv6_address_on_creation": false,
            "availability_zone": "eu-central-1a",
            "availability_zone_id": "euc1-az2",
            "cidr_block": "10.0.4.0/24",
            "customer_owned_ipv4_pool": "",
            "enable_dns64": false,
            "enable_resource_name_dns_a_record_on_launch": false,
            "enable_resource_name_dns_aaaa_record_on_launch": false,
            "id": "subnet-010e55fcececff383",
            "ipv6_cidr_block": "",
            "ipv6_cidr_block_association_id": "",
            "ipv6_native": false,
            "map_customer_owned_ip_on_launch": false,
            "map_public_ip_on_launch": true,
            "outpost_arn": "",
            "owner_id": "819902507912",
            "private_dns_hostname_type_on_launch": "ip-name",
            "tags": {
              "Name": "education-vpc-public-eu-central-1a",
              "kubernetes.io/cluster/deploy-lamp": "shared",
              "kubernetes.io/role/elb": "1"
            },
            "tags_all": {
              "Name": "education-vpc-public-eu-central-1a",
              "kubernetes.io/cluster/deploy-lamp": "shared",
              "kubernetes.io/role/elb": "1"
            },
            "timeouts": null,
            "vpc_id": "vpc-0caf5c5dff24e0822"
          },
          "sensitive_attributes": [],
          "private": "eyJlMmJmYjczMC1lY2FhLTExZTYtOGY4OC0zNDM2M2JjN2M0YzAiOnsiY3JlYXRlIjo2MDAwMDAwMDAwMDAsImRlbGV0ZSI6MTIwMDAwMDAwMDAwMH0sInNjaGVtYV92ZXJzaW9uIjoiMSJ9",
          "dependencies": [
            "data.aws_availability_zones.available",
            "module.vpc.aws_vpc.this",
            "module.vpc.aws_vpc_ipv4_cidr_block_association.this"
          ]
        },
        {
          "index_key": 1,
          "schema_version": 1,
          "attributes": {
            "arn": "arn:aws:ec2:eu-central-1:819902507912:subnet/subnet-0cdef3be06af87279",
            "assign_ipv6_address_on_creation": false,
            "availability_zone": "eu-central-1b",
            "availability_zone_id": "euc1-az3",
            "cidr_block": "10.0.5.0/24",
            "customer_owned_ipv4_pool": "",
            "enable_dns64": false,
            "enable_resource_name_dns_a_record_on_launch": false,
            "enable_resource_name_dns_aaaa_record_on_launch": false,
            "id": "subnet-0cdef3be06af87279",
            "ipv6_cidr_block": "",
            "ipv6_cidr_block_association_id": "",
            "ipv6_native": false,
            "map_customer_owned_ip_on_launch": false,
            "map_public_ip_on_launch": true,
            "outpost_arn": "",
            "owner_id": "819902507912",
            "private_dns_hostname_type_on_launch": "ip-name",
            "tags": {
              "Name": "education-vpc-public-eu-central-1b",
              "kubernetes.io/cluster/deploy-lamp": "shared",
              "kubernetes.io/role/elb": "1"
            },
            "tags_all": {
              "Name": "education-vpc-public-eu-central-1b",
              "kubernetes.io/cluster/deploy-lamp": "shared",
              "kubernetes.io/role/elb": "1"
            },
            "timeouts": null,
            "vpc_id": "vpc-0caf5c5dff24e0822"
          },
          "sensitive_attributes": [],
          "private": "eyJlMmJmYjczMC1lY2FhLTExZTYtOGY4OC0zNDM2M2JjN2M0YzAiOnsiY3JlYXRlIjo2MDAwMDAwMDAwMDAsImRlbGV0ZSI6MTIwMDAwMDAwMDAwMH0sInNjaGVtYV92ZXJzaW9uIjoiMSJ9",
          "dependencies": [
            "data.aws_availability_zones.available",
            "module.vpc.aws_vpc.this",
            "module.vpc.aws_vpc_ipv4_cidr_block_association.this"
          ]
        },
        {
          "index_key": 2,
          "schema_version": 1,
          "attributes": {
            "arn": "arn:aws:ec2:eu-central-1:819902507912:subnet/subnet-0752b39a10110f4e5",
            "assign_ipv6_address_on_creation": false,
            "availability_zone": "eu-central-1c",
            "availability_zone_id": "euc1-az1",
            "cidr_block": "10.0.6.0/24",
            "customer_owned_ipv4_pool": "",
            "enable_dns64": false,
            "enable_resource_name_dns_a_record_on_launch": false,
            "enable_resource_name_dns_aaaa_record_on_launch": false,
            "id": "subnet-0752b39a10110f4e5",
            "ipv6_cidr_block": "",
            "ipv6_cidr_block_association_id": "",
            "ipv6_native": false,
            "map_customer_owned_ip_on_launch": false,
            "map_public_ip_on_launch": true,
            "outpost_arn": "",
            "owner_id": "819902507912",
            "private_dns_hostname_type_on_launch": "ip-name",
            "tags": {
              "Name": "education-vpc-public-eu-central-1c",
              "kubernetes.io/cluster/deploy-lamp": "shared",
              "kubernetes.io/role/elb": "1"
            },
            "tags_all": {
              "Name": "education-vpc-public-eu-central-1c",
              "kubernetes.io/cluster/deploy-lamp": "shared",
              "kubernetes.io/role/elb": "1"
            },
            "timeouts": null,
            "vpc_id": "vpc-0caf5c5dff24e0822"
          },
          "sensitive_attributes": [],
          "private": "eyJlMmJmYjczMC1lY2FhLTExZTYtOGY4OC0zNDM2M2JjN2M0YzAiOnsiY3JlYXRlIjo2MDAwMDAwMDAwMDAsImRlbGV0ZSI6MTIwMDAwMDAwMDAwMH0sInNjaGVtYV92ZXJzaW9uIjoiMSJ9",
          "dependencies": [
            "data.aws_availability_zones.available",
            "module.vpc.aws_vpc.this",
            "module.vpc.aws_vpc_ipv4_cidr_block_association.this"
          ]
        }
      ]
    },
    {
      "module": "module.vpc",
      "mode": "managed",
      "type": "aws_vpc",
      "name": "this",
      "provider": "provider[\"registry.terraform.io/hashicorp/aws\"]",
      "instances": [
        {
          "index_key": 0,
          "schema_version": 1,
          "attributes": {
            "arn": "arn:aws:ec2:eu-central-1:819902507912:vpc/vpc-0caf5c5dff24e0822",
            "assign_generated_ipv6_cidr_block": false,
            "cidr_block": "10.0.0.0/16",
            "default_network_acl_id": "acl-090d0bb541124dc98",
            "default_route_table_id": "rtb-0b53794872e0e7c29",
            "default_security_group_id": "sg-07238600c34a25e26",
            "dhcp_options_id": "dopt-0f05a733a4836b0d5",
            "enable_classiclink": null,
            "enable_classiclink_dns_support": null,
            "enable_dns_hostnames": true,
            "enable_dns_support": true,
            "id": "vpc-0caf5c5dff24e0822",
            "instance_tenancy": "default",
            "ipv4_ipam_pool_id": null,
            "ipv4_netmask_length": null,
            "ipv6_association_id": "",
            "ipv6_cidr_block": "",
            "ipv6_ipam_pool_id": null,
            "ipv6_netmask_length": null,
            "main_route_table_id": "rtb-0b53794872e0e7c29",
            "owner_id": "819902507912",
            "tags": {
              "Name": "education-vpc",
              "kubernetes.io/cluster/deploy-lamp": "shared"
            },
            "tags_all": {
              "Name": "education-vpc",
              "kubernetes.io/cluster/deploy-lamp": "shared"
            }
          },
          "sensitive_attributes": [],
          "private": "eyJzY2hlbWFfdmVyc2lvbiI6IjEifQ==",
          "create_before_destroy": true
        }
      ]
    }
  ]
}
